
Microsoft Visual Studio Solution File, Format Version 12.00
# Visual Studio 15
VisualStudioVersion = 15.0.28307.852
MinimumVisualStudioVersion = 10.0.40219.1
Project("{8BC9CEB8-8B4A-11D0-8D11-00A0C91BC942}") = "mO3D", "mO3D\mO3D.vcxproj", "{FFE7D21D-0C82-4178-AC3D-13A9D3C947B2}"
EndProject
Global
	GlobalSection(SolutionConfigurationPlatforms) = preSolution
		Debug|x64 = Debug|x64
		Debug|x86 = Debug|x86
		Release|x64 = Release|x64
		Release|x86 = Release|x86
	EndGlobalSection
	GlobalSection(ProjectConfigurationPlatforms) = postSolution
		{FFE7D21D-0C82-4178-AC3D-13A9D3C947B2}.Debug|x64.ActiveCfg = Debug|x64
		{FFE7D21D-0C82-4178-AC3D-13A9D3C947B2}.Debug|x64.Build.0 = Debug|x64
		{FFE7D21D-0C82-4178-AC3D-13A9D3C947B2}.Debug|x86.ActiveCfg = Debug|Win32
		{FFE7D21D-0C82-4178-AC3D-13A9D3C947B2}.Debug|x86.Build.0 = Debug|Win32
		{FFE7D21D-0C82-4178-AC3D-13A9D3C947B2}.Release|x64.ActiveCfg = Release|x64
		{FFE7D21D-0C82-4178-AC3D-13A9D3C947B2}.Release|x64.Build.0 = Release|x64
		{FFE7D21D-0C82-4178-AC3D-13A9D3C947B2}.Release|x86.ActiveCfg = Release|Win32
		{FFE7D21D-0C82-4178-AC3D-13A9D3C947B2}.Release|x86.Build.0 = Release|Win32
	EndGlobalSection
	GlobalSection(SolutionProperties) = preSolution
		HideSolutionNode = FALSE
	EndGlobalSection
	GlobalSection(ExtensibilityGlobals) = postSolution
		SolutionGuid = {5B702522-5946-4FD7-BEDB-6EF71A87D13B}
	EndGlobalSection
EndGlobal
