<?xml version="1.0" encoding="utf-8"?>
<Project ToolsVersion="15.0" xmlns="http://schemas.microsoft.com/developer/msbuild/2003">
  <ItemGroup>
    <ClCompile Include="D:\ArgentieriOlivier\PullGithub\CPP_Fred\OpenGl_Sample\main\main.cpp">
      <Filter>Source Files</Filter>
    </ClCompile>
    <ClCompile Include="D:\ArgentieriOlivier\PullGithub\CPP_Fred\OpenGl_Sample\common\shader.cpp">
      <Filter>common</Filter>
    </ClCompile>
    <ClCompile Include="D:\ArgentieriOlivier\PullGithub\CPP_Fred\OpenGl_Sample\common\controls.cpp">
      <Filter>common</Filter>
    </ClCompile>
    <ClCompile Include="D:\ArgentieriOlivier\PullGithub\CPP_Fred\OpenGl_Sample\common\texture.cpp">
      <Filter>common</Filter>
    </ClCompile>
    <ClCompile Include="D:\ArgentieriOlivier\PullGithub\CPP_Fred\OpenGl_Sample\common\objloader.cpp">
      <Filter>common</Filter>
    </ClCompile>
    <ClCompile Include="plane.cpp">
      <Filter>edit\plane</Filter>
    </ClCompile>
  </ItemGroup>
  <ItemGroup>
    <ClInclude Include="D:\ArgentieriOlivier\PullGithub\CPP_Fred\OpenGl_Sample\common\shader.hpp">
      <Filter>common</Filter>
    </ClInclude>
    <ClInclude Include="D:\ArgentieriOlivier\PullGithub\CPP_Fred\OpenGl_Sample\common\controls.hpp">
      <Filter>common</Filter>
    </ClInclude>
    <ClInclude Include="D:\ArgentieriOlivier\PullGithub\CPP_Fred\OpenGl_Sample\common\texture.hpp">
      <Filter>common</Filter>
    </ClInclude>
    <ClInclude Include="D:\ArgentieriOlivier\PullGithub\CPP_Fred\OpenGl_Sample\common\objloader.hpp">
      <Filter>common</Filter>
    </ClInclude>
    <ClInclude Include="plane.h">
      <Filter>edit\plane</Filter>
    </ClInclude>
  </ItemGroup>
  <ItemGroup>
    <CustomBuild Include="D:\ArgentieriOlivier\PullGithub\CPP_Fred\OpenGl_Sample\CMakeLists.txt" />
  </ItemGroup>
  <ItemGroup>
    <None Include="D:\ArgentieriOlivier\PullGithub\CPP_Fred\OpenGl_Sample\main\TransformVertexShader.vertexshader">
      <Filter>shaders</Filter>
    </None>
    <None Include="D:\ArgentieriOlivier\PullGithub\CPP_Fred\OpenGl_Sample\main\TextureFragmentShader.fragmentshader">
      <Filter>shaders</Filter>
    </None>
  </ItemGroup>
  <ItemGroup>
    <Filter Include="Source Files">
      <UniqueIdentifier>{0984FA32-4CD4-3262-8F0A-29123186FB3E}</UniqueIdentifier>
    </Filter>
    <Filter Include="common">
      <UniqueIdentifier>{F61340D8-70DC-3ED2-8C94-1AFE25D9592A}</UniqueIdentifier>
    </Filter>
    <Filter Include="shaders">
      <UniqueIdentifier>{E924B61F-FFF4-38B4-9F66-E92F2F9A19CF}</UniqueIdentifier>
    </Filter>
    <Filter Include="edit">
      <UniqueIdentifier>{31bbe277-cd9b-46d9-8289-cb211f56672d}</UniqueIdentifier>
    </Filter>
    <Filter Include="edit\plane">
      <UniqueIdentifier>{e9874758-b5c1-4bc4-8635-e094686fd566}</UniqueIdentifier>
    </Filter>
  </ItemGroup>
</Project>