Microsoft Visual Studio Solution File, Format Version 12.00
# Visual Studio 15
Project("{2150E333-8FDC-42A3-9474-1A3956D46DE8}") = "CMakePredefinedTargets", "CMakePredefinedTargets", "{4248959A-1CC3-3CEB-AE8C-C29FF6DE642D}"
EndProject
Project("{2150E333-8FDC-42A3-9474-1A3956D46DE8}") = "GLFW3", "GLFW3", "{DA659B0A-F7AE-347E-B48C-DEC09691DE1E}"
EndProject
Project("{2150E333-8FDC-42A3-9474-1A3956D46DE8}") = "Examples", "GLFW3\Examples", "{070583E5-3B99-3219-95F5-D4E75B832910}"
EndProject
Project("{2150E333-8FDC-42A3-9474-1A3956D46DE8}") = "Tests", "GLFW3\Tests", "{150F317B-EFBD-3C87-AC82-2174366842E6}"
EndProject
Project("{8BC9CEB8-8B4A-11D0-8D11-00A0C91BC942}") = "ALL_BUILD", "ALL_BUILD.vcxproj", "{575D8683-934E-383F-BDDB-29784A3DEF4E}"
	ProjectSection(ProjectDependencies) = postProject
		{326BD1EA-4D9D-39B8-975E-B0F377E5A3C5} = {326BD1EA-4D9D-39B8-975E-B0F377E5A3C5}
		{32818CDF-E2D7-37FC-9255-0C7B050714D4} = {32818CDF-E2D7-37FC-9255-0C7B050714D4}
		{7768AA89-91BB-38A3-B5DD-DDF178AC71E4} = {7768AA89-91BB-38A3-B5DD-DDF178AC71E4}
		{8B8847B9-D2E0-35A2-9CF4-BCD18CE1B386} = {8B8847B9-D2E0-35A2-9CF4-BCD18CE1B386}
		{396D8A01-2448-3D8D-91E8-560D38195F7A} = {396D8A01-2448-3D8D-91E8-560D38195F7A}
		{9DE8897B-93F3-373C-B489-6D6809572EE4} = {9DE8897B-93F3-373C-B489-6D6809572EE4}
		{093DA0B2-6B2A-3BAD-ACF8-9DC5F5510CFC} = {093DA0B2-6B2A-3BAD-ACF8-9DC5F5510CFC}
		{7F1099F6-BCDF-39B7-8A6B-A3B0D718A7A2} = {7F1099F6-BCDF-39B7-8A6B-A3B0D718A7A2}
		{145EB86E-111C-3888-B6A6-8EBB6D087D0B} = {145EB86E-111C-3888-B6A6-8EBB6D087D0B}
		{A1D35985-B698-323D-820F-8A7AE9E97842} = {A1D35985-B698-323D-820F-8A7AE9E97842}
		{9E6AE210-C4FF-378C-86C1-5DF3BC0186A9} = {9E6AE210-C4FF-378C-86C1-5DF3BC0186A9}
		{397FC3BF-FF80-3646-8B1F-5B47F68A60C8} = {397FC3BF-FF80-3646-8B1F-5B47F68A60C8}
		{D28A890C-5C6C-3B13-AED3-116EB9CBE3E8} = {D28A890C-5C6C-3B13-AED3-116EB9CBE3E8}
		{3F643F13-0C1A-3DFD-80C2-EC98A36C605E} = {3F643F13-0C1A-3DFD-80C2-EC98A36C605E}
		{A5613BC8-8430-367F-998D-EBC498728356} = {A5613BC8-8430-367F-998D-EBC498728356}
		{E01AD297-6265-3390-A7A2-20A2E26253E8} = {E01AD297-6265-3390-A7A2-20A2E26253E8}
		{09C60392-8C90-365A-A4C3-8041E8BDBA50} = {09C60392-8C90-365A-A4C3-8041E8BDBA50}
		{D9E31352-D071-367A-8751-DF38DBBE4872} = {D9E31352-D071-367A-8751-DF38DBBE4872}
		{75C6A06C-C4BE-336E-BEDA-A2123E05F6AD} = {75C6A06C-C4BE-336E-BEDA-A2123E05F6AD}
		{FCFAAD09-B9F8-3930-A441-1D68744E60EE} = {FCFAAD09-B9F8-3930-A441-1D68744E60EE}
		{32B829A6-2060-31DD-8093-7A87C8AA4DB8} = {32B829A6-2060-31DD-8093-7A87C8AA4DB8}
		{C0B9C0BA-C2A7-314E-8735-95CDD9708157} = {C0B9C0BA-C2A7-314E-8735-95CDD9708157}
		{96CC6AEE-6CE4-35C1-8F75-393C42447C39} = {96CC6AEE-6CE4-35C1-8F75-393C42447C39}
		{44BD7F5B-17B2-388C-B343-8E02407BB72E} = {44BD7F5B-17B2-388C-B343-8E02407BB72E}
		{E172496F-1C81-3576-8706-9BED1D7E81AF} = {E172496F-1C81-3576-8706-9BED1D7E81AF}
		{8B38590E-A6AC-3AC9-A96B-B618FE0A535B} = {8B38590E-A6AC-3AC9-A96B-B618FE0A535B}
		{64D67122-9CF0-36CB-AE2E-8A0EF1F30AD8} = {64D67122-9CF0-36CB-AE2E-8A0EF1F30AD8}
		{A64CA990-B99B-39C5-9EC7-CCBB6D97E70E} = {A64CA990-B99B-39C5-9EC7-CCBB6D97E70E}
		{43EDA6B8-C0FE-343A-99E6-5EF1E9923859} = {43EDA6B8-C0FE-343A-99E6-5EF1E9923859}
		{5869DDAD-DF8E-3969-942E-CE2CAE60C892} = {5869DDAD-DF8E-3969-942E-CE2CAE60C892}
		{17845226-1E90-343E-B1D4-933E5C3FA0BD} = {17845226-1E90-343E-B1D4-933E5C3FA0BD}
		{C6DB3317-8354-3626-9691-CAAF5E64B755} = {C6DB3317-8354-3626-9691-CAAF5E64B755}
		{55926602-7171-34DF-9771-344AD30B6832} = {55926602-7171-34DF-9771-344AD30B6832}
		{84144E17-2CCD-3AA7-8DDF-179E20C0810C} = {84144E17-2CCD-3AA7-8DDF-179E20C0810C}
	EndProjectSection
EndProject
Project("{8BC9CEB8-8B4A-11D0-8D11-00A0C91BC942}") = "ANTTWEAKBAR_116_OGLCORE_GLFW", "external\ANTTWEAKBAR_116_OGLCORE_GLFW.vcxproj", "{326BD1EA-4D9D-39B8-975E-B0F377E5A3C5}"
	ProjectSection(ProjectDependencies) = postProject
		{093DA0B2-6B2A-3BAD-ACF8-9DC5F5510CFC} = {093DA0B2-6B2A-3BAD-ACF8-9DC5F5510CFC}
	EndProjectSection
EndProject
Project("{8BC9CEB8-8B4A-11D0-8D11-00A0C91BC942}") = "BulletCollision", "external\bullet-2.81-rev2613\src\BulletCollision\BulletCollision.vcxproj", "{32818CDF-E2D7-37FC-9255-0C7B050714D4}"
	ProjectSection(ProjectDependencies) = postProject
		{093DA0B2-6B2A-3BAD-ACF8-9DC5F5510CFC} = {093DA0B2-6B2A-3BAD-ACF8-9DC5F5510CFC}
	EndProjectSection
EndProject
Project("{8BC9CEB8-8B4A-11D0-8D11-00A0C91BC942}") = "BulletDynamics", "external\bullet-2.81-rev2613\src\BulletDynamics\BulletDynamics.vcxproj", "{7768AA89-91BB-38A3-B5DD-DDF178AC71E4}"
	ProjectSection(ProjectDependencies) = postProject
		{093DA0B2-6B2A-3BAD-ACF8-9DC5F5510CFC} = {093DA0B2-6B2A-3BAD-ACF8-9DC5F5510CFC}
	EndProjectSection
EndProject
Project("{8BC9CEB8-8B4A-11D0-8D11-00A0C91BC942}") = "BulletSoftBody", "external\bullet-2.81-rev2613\src\BulletSoftBody\BulletSoftBody.vcxproj", "{8B8847B9-D2E0-35A2-9CF4-BCD18CE1B386}"
	ProjectSection(ProjectDependencies) = postProject
		{093DA0B2-6B2A-3BAD-ACF8-9DC5F5510CFC} = {093DA0B2-6B2A-3BAD-ACF8-9DC5F5510CFC}
	EndProjectSection
EndProject
Project("{8BC9CEB8-8B4A-11D0-8D11-00A0C91BC942}") = "GLEW_1130", "external\GLEW_1130.vcxproj", "{396D8A01-2448-3D8D-91E8-560D38195F7A}"
	ProjectSection(ProjectDependencies) = postProject
		{093DA0B2-6B2A-3BAD-ACF8-9DC5F5510CFC} = {093DA0B2-6B2A-3BAD-ACF8-9DC5F5510CFC}
	EndProjectSection
EndProject
Project("{8BC9CEB8-8B4A-11D0-8D11-00A0C91BC942}") = "INSTALL", "INSTALL.vcxproj", "{9D6FE978-CFDD-3F61-B5C6-0FD07195EF68}"
	ProjectSection(ProjectDependencies) = postProject
		{575D8683-934E-383F-BDDB-29784A3DEF4E} = {575D8683-934E-383F-BDDB-29784A3DEF4E}
		{093DA0B2-6B2A-3BAD-ACF8-9DC5F5510CFC} = {093DA0B2-6B2A-3BAD-ACF8-9DC5F5510CFC}
	EndProjectSection
EndProject
Project("{8BC9CEB8-8B4A-11D0-8D11-00A0C91BC942}") = "LinearMath", "external\bullet-2.81-rev2613\src\LinearMath\LinearMath.vcxproj", "{9DE8897B-93F3-373C-B489-6D6809572EE4}"
	ProjectSection(ProjectDependencies) = postProject
		{093DA0B2-6B2A-3BAD-ACF8-9DC5F5510CFC} = {093DA0B2-6B2A-3BAD-ACF8-9DC5F5510CFC}
	EndProjectSection
EndProject
Project("{8BC9CEB8-8B4A-11D0-8D11-00A0C91BC942}") = "ZERO_CHECK", "ZERO_CHECK.vcxproj", "{093DA0B2-6B2A-3BAD-ACF8-9DC5F5510CFC}"
	ProjectSection(ProjectDependencies) = postProject
	EndProjectSection
EndProject
Project("{8BC9CEB8-8B4A-11D0-8D11-00A0C91BC942}") = "assimp", "external\assimp-3.0.1270\code\assimp.vcxproj", "{7F1099F6-BCDF-39B7-8A6B-A3B0D718A7A2}"
	ProjectSection(ProjectDependencies) = postProject
		{093DA0B2-6B2A-3BAD-ACF8-9DC5F5510CFC} = {093DA0B2-6B2A-3BAD-ACF8-9DC5F5510CFC}
		{84144E17-2CCD-3AA7-8DDF-179E20C0810C} = {84144E17-2CCD-3AA7-8DDF-179E20C0810C}
	EndProjectSection
EndProject
Project("{8BC9CEB8-8B4A-11D0-8D11-00A0C91BC942}") = "boing", "external\glfw-3.1.2\examples\boing.vcxproj", "{145EB86E-111C-3888-B6A6-8EBB6D087D0B}"
	ProjectSection(ProjectDependencies) = postProject
		{093DA0B2-6B2A-3BAD-ACF8-9DC5F5510CFC} = {093DA0B2-6B2A-3BAD-ACF8-9DC5F5510CFC}
		{E01AD297-6265-3390-A7A2-20A2E26253E8} = {E01AD297-6265-3390-A7A2-20A2E26253E8}
	EndProjectSection
EndProject
Project("{8BC9CEB8-8B4A-11D0-8D11-00A0C91BC942}") = "clipboard", "external\glfw-3.1.2\tests\clipboard.vcxproj", "{A1D35985-B698-323D-820F-8A7AE9E97842}"
	ProjectSection(ProjectDependencies) = postProject
		{093DA0B2-6B2A-3BAD-ACF8-9DC5F5510CFC} = {093DA0B2-6B2A-3BAD-ACF8-9DC5F5510CFC}
		{E01AD297-6265-3390-A7A2-20A2E26253E8} = {E01AD297-6265-3390-A7A2-20A2E26253E8}
	EndProjectSection
EndProject
Project("{8BC9CEB8-8B4A-11D0-8D11-00A0C91BC942}") = "cursor", "external\glfw-3.1.2\tests\cursor.vcxproj", "{9E6AE210-C4FF-378C-86C1-5DF3BC0186A9}"
	ProjectSection(ProjectDependencies) = postProject
		{093DA0B2-6B2A-3BAD-ACF8-9DC5F5510CFC} = {093DA0B2-6B2A-3BAD-ACF8-9DC5F5510CFC}
		{E01AD297-6265-3390-A7A2-20A2E26253E8} = {E01AD297-6265-3390-A7A2-20A2E26253E8}
	EndProjectSection
EndProject
Project("{8BC9CEB8-8B4A-11D0-8D11-00A0C91BC942}") = "empty", "external\glfw-3.1.2\tests\empty.vcxproj", "{397FC3BF-FF80-3646-8B1F-5B47F68A60C8}"
	ProjectSection(ProjectDependencies) = postProject
		{093DA0B2-6B2A-3BAD-ACF8-9DC5F5510CFC} = {093DA0B2-6B2A-3BAD-ACF8-9DC5F5510CFC}
		{E01AD297-6265-3390-A7A2-20A2E26253E8} = {E01AD297-6265-3390-A7A2-20A2E26253E8}
	EndProjectSection
EndProject
Project("{8BC9CEB8-8B4A-11D0-8D11-00A0C91BC942}") = "events", "external\glfw-3.1.2\tests\events.vcxproj", "{D28A890C-5C6C-3B13-AED3-116EB9CBE3E8}"
	ProjectSection(ProjectDependencies) = postProject
		{093DA0B2-6B2A-3BAD-ACF8-9DC5F5510CFC} = {093DA0B2-6B2A-3BAD-ACF8-9DC5F5510CFC}
		{E01AD297-6265-3390-A7A2-20A2E26253E8} = {E01AD297-6265-3390-A7A2-20A2E26253E8}
	EndProjectSection
EndProject
Project("{8BC9CEB8-8B4A-11D0-8D11-00A0C91BC942}") = "gamma", "external\glfw-3.1.2\tests\gamma.vcxproj", "{3F643F13-0C1A-3DFD-80C2-EC98A36C605E}"
	ProjectSection(ProjectDependencies) = postProject
		{093DA0B2-6B2A-3BAD-ACF8-9DC5F5510CFC} = {093DA0B2-6B2A-3BAD-ACF8-9DC5F5510CFC}
		{E01AD297-6265-3390-A7A2-20A2E26253E8} = {E01AD297-6265-3390-A7A2-20A2E26253E8}
	EndProjectSection
EndProject
Project("{8BC9CEB8-8B4A-11D0-8D11-00A0C91BC942}") = "gears", "external\glfw-3.1.2\examples\gears.vcxproj", "{A5613BC8-8430-367F-998D-EBC498728356}"
	ProjectSection(ProjectDependencies) = postProject
		{093DA0B2-6B2A-3BAD-ACF8-9DC5F5510CFC} = {093DA0B2-6B2A-3BAD-ACF8-9DC5F5510CFC}
		{E01AD297-6265-3390-A7A2-20A2E26253E8} = {E01AD297-6265-3390-A7A2-20A2E26253E8}
	EndProjectSection
EndProject
Project("{8BC9CEB8-8B4A-11D0-8D11-00A0C91BC942}") = "glfw", "external\glfw-3.1.2\src\glfw.vcxproj", "{E01AD297-6265-3390-A7A2-20A2E26253E8}"
	ProjectSection(ProjectDependencies) = postProject
		{093DA0B2-6B2A-3BAD-ACF8-9DC5F5510CFC} = {093DA0B2-6B2A-3BAD-ACF8-9DC5F5510CFC}
	EndProjectSection
EndProject
Project("{8BC9CEB8-8B4A-11D0-8D11-00A0C91BC942}") = "glfwinfo", "external\glfw-3.1.2\tests\glfwinfo.vcxproj", "{09C60392-8C90-365A-A4C3-8041E8BDBA50}"
	ProjectSection(ProjectDependencies) = postProject
		{093DA0B2-6B2A-3BAD-ACF8-9DC5F5510CFC} = {093DA0B2-6B2A-3BAD-ACF8-9DC5F5510CFC}
		{E01AD297-6265-3390-A7A2-20A2E26253E8} = {E01AD297-6265-3390-A7A2-20A2E26253E8}
	EndProjectSection
EndProject
Project("{8BC9CEB8-8B4A-11D0-8D11-00A0C91BC942}") = "heightmap", "external\glfw-3.1.2\examples\heightmap.vcxproj", "{D9E31352-D071-367A-8751-DF38DBBE4872}"
	ProjectSection(ProjectDependencies) = postProject
		{093DA0B2-6B2A-3BAD-ACF8-9DC5F5510CFC} = {093DA0B2-6B2A-3BAD-ACF8-9DC5F5510CFC}
		{E01AD297-6265-3390-A7A2-20A2E26253E8} = {E01AD297-6265-3390-A7A2-20A2E26253E8}
	EndProjectSection
EndProject
Project("{8BC9CEB8-8B4A-11D0-8D11-00A0C91BC942}") = "iconify", "external\glfw-3.1.2\tests\iconify.vcxproj", "{75C6A06C-C4BE-336E-BEDA-A2123E05F6AD}"
	ProjectSection(ProjectDependencies) = postProject
		{093DA0B2-6B2A-3BAD-ACF8-9DC5F5510CFC} = {093DA0B2-6B2A-3BAD-ACF8-9DC5F5510CFC}
		{E01AD297-6265-3390-A7A2-20A2E26253E8} = {E01AD297-6265-3390-A7A2-20A2E26253E8}
	EndProjectSection
EndProject
Project("{8BC9CEB8-8B4A-11D0-8D11-00A0C91BC942}") = "joysticks", "external\glfw-3.1.2\tests\joysticks.vcxproj", "{FCFAAD09-B9F8-3930-A441-1D68744E60EE}"
	ProjectSection(ProjectDependencies) = postProject
		{093DA0B2-6B2A-3BAD-ACF8-9DC5F5510CFC} = {093DA0B2-6B2A-3BAD-ACF8-9DC5F5510CFC}
		{E01AD297-6265-3390-A7A2-20A2E26253E8} = {E01AD297-6265-3390-A7A2-20A2E26253E8}
	EndProjectSection
EndProject
Project("{8BC9CEB8-8B4A-11D0-8D11-00A0C91BC942}") = "main", "main.vcxproj", "{32B829A6-2060-31DD-8093-7A87C8AA4DB8}"
	ProjectSection(ProjectDependencies) = postProject
		{396D8A01-2448-3D8D-91E8-560D38195F7A} = {396D8A01-2448-3D8D-91E8-560D38195F7A}
		{093DA0B2-6B2A-3BAD-ACF8-9DC5F5510CFC} = {093DA0B2-6B2A-3BAD-ACF8-9DC5F5510CFC}
		{E01AD297-6265-3390-A7A2-20A2E26253E8} = {E01AD297-6265-3390-A7A2-20A2E26253E8}
	EndProjectSection
EndProject
Project("{8BC9CEB8-8B4A-11D0-8D11-00A0C91BC942}") = "monitors", "external\glfw-3.1.2\tests\monitors.vcxproj", "{C0B9C0BA-C2A7-314E-8735-95CDD9708157}"
	ProjectSection(ProjectDependencies) = postProject
		{093DA0B2-6B2A-3BAD-ACF8-9DC5F5510CFC} = {093DA0B2-6B2A-3BAD-ACF8-9DC5F5510CFC}
		{E01AD297-6265-3390-A7A2-20A2E26253E8} = {E01AD297-6265-3390-A7A2-20A2E26253E8}
	EndProjectSection
EndProject
Project("{8BC9CEB8-8B4A-11D0-8D11-00A0C91BC942}") = "msaa", "external\glfw-3.1.2\tests\msaa.vcxproj", "{96CC6AEE-6CE4-35C1-8F75-393C42447C39}"
	ProjectSection(ProjectDependencies) = postProject
		{093DA0B2-6B2A-3BAD-ACF8-9DC5F5510CFC} = {093DA0B2-6B2A-3BAD-ACF8-9DC5F5510CFC}
		{E01AD297-6265-3390-A7A2-20A2E26253E8} = {E01AD297-6265-3390-A7A2-20A2E26253E8}
	EndProjectSection
EndProject
Project("{8BC9CEB8-8B4A-11D0-8D11-00A0C91BC942}") = "particles", "external\glfw-3.1.2\examples\particles.vcxproj", "{44BD7F5B-17B2-388C-B343-8E02407BB72E}"
	ProjectSection(ProjectDependencies) = postProject
		{093DA0B2-6B2A-3BAD-ACF8-9DC5F5510CFC} = {093DA0B2-6B2A-3BAD-ACF8-9DC5F5510CFC}
		{E01AD297-6265-3390-A7A2-20A2E26253E8} = {E01AD297-6265-3390-A7A2-20A2E26253E8}
	EndProjectSection
EndProject
Project("{8BC9CEB8-8B4A-11D0-8D11-00A0C91BC942}") = "reopen", "external\glfw-3.1.2\tests\reopen.vcxproj", "{E172496F-1C81-3576-8706-9BED1D7E81AF}"
	ProjectSection(ProjectDependencies) = postProject
		{093DA0B2-6B2A-3BAD-ACF8-9DC5F5510CFC} = {093DA0B2-6B2A-3BAD-ACF8-9DC5F5510CFC}
		{E01AD297-6265-3390-A7A2-20A2E26253E8} = {E01AD297-6265-3390-A7A2-20A2E26253E8}
	EndProjectSection
EndProject
Project("{8BC9CEB8-8B4A-11D0-8D11-00A0C91BC942}") = "sharing", "external\glfw-3.1.2\tests\sharing.vcxproj", "{8B38590E-A6AC-3AC9-A96B-B618FE0A535B}"
	ProjectSection(ProjectDependencies) = postProject
		{093DA0B2-6B2A-3BAD-ACF8-9DC5F5510CFC} = {093DA0B2-6B2A-3BAD-ACF8-9DC5F5510CFC}
		{E01AD297-6265-3390-A7A2-20A2E26253E8} = {E01AD297-6265-3390-A7A2-20A2E26253E8}
	EndProjectSection
EndProject
Project("{8BC9CEB8-8B4A-11D0-8D11-00A0C91BC942}") = "simple", "external\glfw-3.1.2\examples\simple.vcxproj", "{64D67122-9CF0-36CB-AE2E-8A0EF1F30AD8}"
	ProjectSection(ProjectDependencies) = postProject
		{093DA0B2-6B2A-3BAD-ACF8-9DC5F5510CFC} = {093DA0B2-6B2A-3BAD-ACF8-9DC5F5510CFC}
		{E01AD297-6265-3390-A7A2-20A2E26253E8} = {E01AD297-6265-3390-A7A2-20A2E26253E8}
	EndProjectSection
EndProject
Project("{8BC9CEB8-8B4A-11D0-8D11-00A0C91BC942}") = "splitview", "external\glfw-3.1.2\examples\splitview.vcxproj", "{A64CA990-B99B-39C5-9EC7-CCBB6D97E70E}"
	ProjectSection(ProjectDependencies) = postProject
		{093DA0B2-6B2A-3BAD-ACF8-9DC5F5510CFC} = {093DA0B2-6B2A-3BAD-ACF8-9DC5F5510CFC}
		{E01AD297-6265-3390-A7A2-20A2E26253E8} = {E01AD297-6265-3390-A7A2-20A2E26253E8}
	EndProjectSection
EndProject
Project("{8BC9CEB8-8B4A-11D0-8D11-00A0C91BC942}") = "tearing", "external\glfw-3.1.2\tests\tearing.vcxproj", "{43EDA6B8-C0FE-343A-99E6-5EF1E9923859}"
	ProjectSection(ProjectDependencies) = postProject
		{093DA0B2-6B2A-3BAD-ACF8-9DC5F5510CFC} = {093DA0B2-6B2A-3BAD-ACF8-9DC5F5510CFC}
		{E01AD297-6265-3390-A7A2-20A2E26253E8} = {E01AD297-6265-3390-A7A2-20A2E26253E8}
	EndProjectSection
EndProject
Project("{8BC9CEB8-8B4A-11D0-8D11-00A0C91BC942}") = "threads", "external\glfw-3.1.2\tests\threads.vcxproj", "{5869DDAD-DF8E-3969-942E-CE2CAE60C892}"
	ProjectSection(ProjectDependencies) = postProject
		{093DA0B2-6B2A-3BAD-ACF8-9DC5F5510CFC} = {093DA0B2-6B2A-3BAD-ACF8-9DC5F5510CFC}
		{E01AD297-6265-3390-A7A2-20A2E26253E8} = {E01AD297-6265-3390-A7A2-20A2E26253E8}
	EndProjectSection
EndProject
Project("{8BC9CEB8-8B4A-11D0-8D11-00A0C91BC942}") = "title", "external\glfw-3.1.2\tests\title.vcxproj", "{17845226-1E90-343E-B1D4-933E5C3FA0BD}"
	ProjectSection(ProjectDependencies) = postProject
		{093DA0B2-6B2A-3BAD-ACF8-9DC5F5510CFC} = {093DA0B2-6B2A-3BAD-ACF8-9DC5F5510CFC}
		{E01AD297-6265-3390-A7A2-20A2E26253E8} = {E01AD297-6265-3390-A7A2-20A2E26253E8}
	EndProjectSection
EndProject
Project("{8BC9CEB8-8B4A-11D0-8D11-00A0C91BC942}") = "uninstall", "external\glfw-3.1.2\uninstall.vcxproj", "{ED94ED1F-A45B-349B-B431-671B39F83A2D}"
	ProjectSection(ProjectDependencies) = postProject
		{093DA0B2-6B2A-3BAD-ACF8-9DC5F5510CFC} = {093DA0B2-6B2A-3BAD-ACF8-9DC5F5510CFC}
	EndProjectSection
EndProject
Project("{8BC9CEB8-8B4A-11D0-8D11-00A0C91BC942}") = "wave", "external\glfw-3.1.2\examples\wave.vcxproj", "{C6DB3317-8354-3626-9691-CAAF5E64B755}"
	ProjectSection(ProjectDependencies) = postProject
		{093DA0B2-6B2A-3BAD-ACF8-9DC5F5510CFC} = {093DA0B2-6B2A-3BAD-ACF8-9DC5F5510CFC}
		{E01AD297-6265-3390-A7A2-20A2E26253E8} = {E01AD297-6265-3390-A7A2-20A2E26253E8}
	EndProjectSection
EndProject
Project("{8BC9CEB8-8B4A-11D0-8D11-00A0C91BC942}") = "windows", "external\glfw-3.1.2\tests\windows.vcxproj", "{55926602-7171-34DF-9771-344AD30B6832}"
	ProjectSection(ProjectDependencies) = postProject
		{093DA0B2-6B2A-3BAD-ACF8-9DC5F5510CFC} = {093DA0B2-6B2A-3BAD-ACF8-9DC5F5510CFC}
		{E01AD297-6265-3390-A7A2-20A2E26253E8} = {E01AD297-6265-3390-A7A2-20A2E26253E8}
	EndProjectSection
EndProject
Project("{8BC9CEB8-8B4A-11D0-8D11-00A0C91BC942}") = "zlib", "external\assimp-3.0.1270\contrib\zlib\zlib.vcxproj", "{84144E17-2CCD-3AA7-8DDF-179E20C0810C}"
	ProjectSection(ProjectDependencies) = postProject
		{093DA0B2-6B2A-3BAD-ACF8-9DC5F5510CFC} = {093DA0B2-6B2A-3BAD-ACF8-9DC5F5510CFC}
	EndProjectSection
EndProject
Global
	GlobalSection(SolutionConfigurationPlatforms) = preSolution
		Debug|Win32 = Debug|Win32
		Release|Win32 = Release|Win32
		MinSizeRel|Win32 = MinSizeRel|Win32
		RelWithDebInfo|Win32 = RelWithDebInfo|Win32
	EndGlobalSection
	GlobalSection(ProjectConfigurationPlatforms) = postSolution
		{575D8683-934E-383F-BDDB-29784A3DEF4E}.Debug|Win32.ActiveCfg = Debug|Win32
		{575D8683-934E-383F-BDDB-29784A3DEF4E}.Debug|Win32.Build.0 = Debug|Win32
		{575D8683-934E-383F-BDDB-29784A3DEF4E}.Release|Win32.ActiveCfg = Release|Win32
		{575D8683-934E-383F-BDDB-29784A3DEF4E}.Release|Win32.Build.0 = Release|Win32
		{575D8683-934E-383F-BDDB-29784A3DEF4E}.MinSizeRel|Win32.ActiveCfg = MinSizeRel|Win32
		{575D8683-934E-383F-BDDB-29784A3DEF4E}.MinSizeRel|Win32.Build.0 = MinSizeRel|Win32
		{575D8683-934E-383F-BDDB-29784A3DEF4E}.RelWithDebInfo|Win32.ActiveCfg = RelWithDebInfo|Win32
		{575D8683-934E-383F-BDDB-29784A3DEF4E}.RelWithDebInfo|Win32.Build.0 = RelWithDebInfo|Win32
		{326BD1EA-4D9D-39B8-975E-B0F377E5A3C5}.Debug|Win32.ActiveCfg = Debug|Win32
		{326BD1EA-4D9D-39B8-975E-B0F377E5A3C5}.Debug|Win32.Build.0 = Debug|Win32
		{326BD1EA-4D9D-39B8-975E-B0F377E5A3C5}.Release|Win32.ActiveCfg = Release|Win32
		{326BD1EA-4D9D-39B8-975E-B0F377E5A3C5}.Release|Win32.Build.0 = Release|Win32
		{326BD1EA-4D9D-39B8-975E-B0F377E5A3C5}.MinSizeRel|Win32.ActiveCfg = MinSizeRel|Win32
		{326BD1EA-4D9D-39B8-975E-B0F377E5A3C5}.MinSizeRel|Win32.Build.0 = MinSizeRel|Win32
		{326BD1EA-4D9D-39B8-975E-B0F377E5A3C5}.RelWithDebInfo|Win32.ActiveCfg = RelWithDebInfo|Win32
		{326BD1EA-4D9D-39B8-975E-B0F377E5A3C5}.RelWithDebInfo|Win32.Build.0 = RelWithDebInfo|Win32
		{32818CDF-E2D7-37FC-9255-0C7B050714D4}.Debug|Win32.ActiveCfg = Debug|Win32
		{32818CDF-E2D7-37FC-9255-0C7B050714D4}.Debug|Win32.Build.0 = Debug|Win32
		{32818CDF-E2D7-37FC-9255-0C7B050714D4}.Release|Win32.ActiveCfg = Release|Win32
		{32818CDF-E2D7-37FC-9255-0C7B050714D4}.Release|Win32.Build.0 = Release|Win32
		{32818CDF-E2D7-37FC-9255-0C7B050714D4}.MinSizeRel|Win32.ActiveCfg = MinSizeRel|Win32
		{32818CDF-E2D7-37FC-9255-0C7B050714D4}.MinSizeRel|Win32.Build.0 = MinSizeRel|Win32
		{32818CDF-E2D7-37FC-9255-0C7B050714D4}.RelWithDebInfo|Win32.ActiveCfg = RelWithDebInfo|Win32
		{32818CDF-E2D7-37FC-9255-0C7B050714D4}.RelWithDebInfo|Win32.Build.0 = RelWithDebInfo|Win32
		{7768AA89-91BB-38A3-B5DD-DDF178AC71E4}.Debug|Win32.ActiveCfg = Debug|Win32
		{7768AA89-91BB-38A3-B5DD-DDF178AC71E4}.Debug|Win32.Build.0 = Debug|Win32
		{7768AA89-91BB-38A3-B5DD-DDF178AC71E4}.Release|Win32.ActiveCfg = Release|Win32
		{7768AA89-91BB-38A3-B5DD-DDF178AC71E4}.Release|Win32.Build.0 = Release|Win32
		{7768AA89-91BB-38A3-B5DD-DDF178AC71E4}.MinSizeRel|Win32.ActiveCfg = MinSizeRel|Win32
		{7768AA89-91BB-38A3-B5DD-DDF178AC71E4}.MinSizeRel|Win32.Build.0 = MinSizeRel|Win32
		{7768AA89-91BB-38A3-B5DD-DDF178AC71E4}.RelWithDebInfo|Win32.ActiveCfg = RelWithDebInfo|Win32
		{7768AA89-91BB-38A3-B5DD-DDF178AC71E4}.RelWithDebInfo|Win32.Build.0 = RelWithDebInfo|Win32
		{8B8847B9-D2E0-35A2-9CF4-BCD18CE1B386}.Debug|Win32.ActiveCfg = Debug|Win32
		{8B8847B9-D2E0-35A2-9CF4-BCD18CE1B386}.Debug|Win32.Build.0 = Debug|Win32
		{8B8847B9-D2E0-35A2-9CF4-BCD18CE1B386}.Release|Win32.ActiveCfg = Release|Win32
		{8B8847B9-D2E0-35A2-9CF4-BCD18CE1B386}.Release|Win32.Build.0 = Release|Win32
		{8B8847B9-D2E0-35A2-9CF4-BCD18CE1B386}.MinSizeRel|Win32.ActiveCfg = MinSizeRel|Win32
		{8B8847B9-D2E0-35A2-9CF4-BCD18CE1B386}.MinSizeRel|Win32.Build.0 = MinSizeRel|Win32
		{8B8847B9-D2E0-35A2-9CF4-BCD18CE1B386}.RelWithDebInfo|Win32.ActiveCfg = RelWithDebInfo|Win32
		{8B8847B9-D2E0-35A2-9CF4-BCD18CE1B386}.RelWithDebInfo|Win32.Build.0 = RelWithDebInfo|Win32
		{396D8A01-2448-3D8D-91E8-560D38195F7A}.Debug|Win32.ActiveCfg = Debug|Win32
		{396D8A01-2448-3D8D-91E8-560D38195F7A}.Debug|Win32.Build.0 = Debug|Win32
		{396D8A01-2448-3D8D-91E8-560D38195F7A}.Release|Win32.ActiveCfg = Release|Win32
		{396D8A01-2448-3D8D-91E8-560D38195F7A}.Release|Win32.Build.0 = Release|Win32
		{396D8A01-2448-3D8D-91E8-560D38195F7A}.MinSizeRel|Win32.ActiveCfg = MinSizeRel|Win32
		{396D8A01-2448-3D8D-91E8-560D38195F7A}.MinSizeRel|Win32.Build.0 = MinSizeRel|Win32
		{396D8A01-2448-3D8D-91E8-560D38195F7A}.RelWithDebInfo|Win32.ActiveCfg = RelWithDebInfo|Win32
		{396D8A01-2448-3D8D-91E8-560D38195F7A}.RelWithDebInfo|Win32.Build.0 = RelWithDebInfo|Win32
		{9D6FE978-CFDD-3F61-B5C6-0FD07195EF68}.Debug|Win32.ActiveCfg = Debug|Win32
		{9D6FE978-CFDD-3F61-B5C6-0FD07195EF68}.Release|Win32.ActiveCfg = Release|Win32
		{9D6FE978-CFDD-3F61-B5C6-0FD07195EF68}.MinSizeRel|Win32.ActiveCfg = MinSizeRel|Win32
		{9D6FE978-CFDD-3F61-B5C6-0FD07195EF68}.RelWithDebInfo|Win32.ActiveCfg = RelWithDebInfo|Win32
		{9DE8897B-93F3-373C-B489-6D6809572EE4}.Debug|Win32.ActiveCfg = Debug|Win32
		{9DE8897B-93F3-373C-B489-6D6809572EE4}.Debug|Win32.Build.0 = Debug|Win32
		{9DE8897B-93F3-373C-B489-6D6809572EE4}.Release|Win32.ActiveCfg = Release|Win32
		{9DE8897B-93F3-373C-B489-6D6809572EE4}.Release|Win32.Build.0 = Release|Win32
		{9DE8897B-93F3-373C-B489-6D6809572EE4}.MinSizeRel|Win32.ActiveCfg = MinSizeRel|Win32
		{9DE8897B-93F3-373C-B489-6D6809572EE4}.MinSizeRel|Win32.Build.0 = MinSizeRel|Win32
		{9DE8897B-93F3-373C-B489-6D6809572EE4}.RelWithDebInfo|Win32.ActiveCfg = RelWithDebInfo|Win32
		{9DE8897B-93F3-373C-B489-6D6809572EE4}.RelWithDebInfo|Win32.Build.0 = RelWithDebInfo|Win32
		{093DA0B2-6B2A-3BAD-ACF8-9DC5F5510CFC}.Debug|Win32.ActiveCfg = Debug|Win32
		{093DA0B2-6B2A-3BAD-ACF8-9DC5F5510CFC}.Debug|Win32.Build.0 = Debug|Win32
		{093DA0B2-6B2A-3BAD-ACF8-9DC5F5510CFC}.Release|Win32.ActiveCfg = Release|Win32
		{093DA0B2-6B2A-3BAD-ACF8-9DC5F5510CFC}.Release|Win32.Build.0 = Release|Win32
		{093DA0B2-6B2A-3BAD-ACF8-9DC5F5510CFC}.MinSizeRel|Win32.ActiveCfg = MinSizeRel|Win32
		{093DA0B2-6B2A-3BAD-ACF8-9DC5F5510CFC}.MinSizeRel|Win32.Build.0 = MinSizeRel|Win32
		{093DA0B2-6B2A-3BAD-ACF8-9DC5F5510CFC}.RelWithDebInfo|Win32.ActiveCfg = RelWithDebInfo|Win32
		{093DA0B2-6B2A-3BAD-ACF8-9DC5F5510CFC}.RelWithDebInfo|Win32.Build.0 = RelWithDebInfo|Win32
		{7F1099F6-BCDF-39B7-8A6B-A3B0D718A7A2}.Debug|Win32.ActiveCfg = Debug|Win32
		{7F1099F6-BCDF-39B7-8A6B-A3B0D718A7A2}.Debug|Win32.Build.0 = Debug|Win32
		{7F1099F6-BCDF-39B7-8A6B-A3B0D718A7A2}.Release|Win32.ActiveCfg = Release|Win32
		{7F1099F6-BCDF-39B7-8A6B-A3B0D718A7A2}.Release|Win32.Build.0 = Release|Win32
		{7F1099F6-BCDF-39B7-8A6B-A3B0D718A7A2}.MinSizeRel|Win32.ActiveCfg = MinSizeRel|Win32
		{7F1099F6-BCDF-39B7-8A6B-A3B0D718A7A2}.MinSizeRel|Win32.Build.0 = MinSizeRel|Win32
		{7F1099F6-BCDF-39B7-8A6B-A3B0D718A7A2}.RelWithDebInfo|Win32.ActiveCfg = RelWithDebInfo|Win32
		{7F1099F6-BCDF-39B7-8A6B-A3B0D718A7A2}.RelWithDebInfo|Win32.Build.0 = RelWithDebInfo|Win32
		{145EB86E-111C-3888-B6A6-8EBB6D087D0B}.Debug|Win32.ActiveCfg = Debug|Win32
		{145EB86E-111C-3888-B6A6-8EBB6D087D0B}.Debug|Win32.Build.0 = Debug|Win32
		{145EB86E-111C-3888-B6A6-8EBB6D087D0B}.Release|Win32.ActiveCfg = Release|Win32
		{145EB86E-111C-3888-B6A6-8EBB6D087D0B}.Release|Win32.Build.0 = Release|Win32
		{145EB86E-111C-3888-B6A6-8EBB6D087D0B}.MinSizeRel|Win32.ActiveCfg = MinSizeRel|Win32
		{145EB86E-111C-3888-B6A6-8EBB6D087D0B}.MinSizeRel|Win32.Build.0 = MinSizeRel|Win32
		{145EB86E-111C-3888-B6A6-8EBB6D087D0B}.RelWithDebInfo|Win32.ActiveCfg = RelWithDebInfo|Win32
		{145EB86E-111C-3888-B6A6-8EBB6D087D0B}.RelWithDebInfo|Win32.Build.0 = RelWithDebInfo|Win32
		{A1D35985-B698-323D-820F-8A7AE9E97842}.Debug|Win32.ActiveCfg = Debug|Win32
		{A1D35985-B698-323D-820F-8A7AE9E97842}.Debug|Win32.Build.0 = Debug|Win32
		{A1D35985-B698-323D-820F-8A7AE9E97842}.Release|Win32.ActiveCfg = Release|Win32
		{A1D35985-B698-323D-820F-8A7AE9E97842}.Release|Win32.Build.0 = Release|Win32
		{A1D35985-B698-323D-820F-8A7AE9E97842}.MinSizeRel|Win32.ActiveCfg = MinSizeRel|Win32
		{A1D35985-B698-323D-820F-8A7AE9E97842}.MinSizeRel|Win32.Build.0 = MinSizeRel|Win32
		{A1D35985-B698-323D-820F-8A7AE9E97842}.RelWithDebInfo|Win32.ActiveCfg = RelWithDebInfo|Win32
		{A1D35985-B698-323D-820F-8A7AE9E97842}.RelWithDebInfo|Win32.Build.0 = RelWithDebInfo|Win32
		{9E6AE210-C4FF-378C-86C1-5DF3BC0186A9}.Debug|Win32.ActiveCfg = Debug|Win32
		{9E6AE210-C4FF-378C-86C1-5DF3BC0186A9}.Debug|Win32.Build.0 = Debug|Win32
		{9E6AE210-C4FF-378C-86C1-5DF3BC0186A9}.Release|Win32.ActiveCfg = Release|Win32
		{9E6AE210-C4FF-378C-86C1-5DF3BC0186A9}.Release|Win32.Build.0 = Release|Win32
		{9E6AE210-C4FF-378C-86C1-5DF3BC0186A9}.MinSizeRel|Win32.ActiveCfg = MinSizeRel|Win32
		{9E6AE210-C4FF-378C-86C1-5DF3BC0186A9}.MinSizeRel|Win32.Build.0 = MinSizeRel|Win32
		{9E6AE210-C4FF-378C-86C1-5DF3BC0186A9}.RelWithDebInfo|Win32.ActiveCfg = RelWithDebInfo|Win32
		{9E6AE210-C4FF-378C-86C1-5DF3BC0186A9}.RelWithDebInfo|Win32.Build.0 = RelWithDebInfo|Win32
		{397FC3BF-FF80-3646-8B1F-5B47F68A60C8}.Debug|Win32.ActiveCfg = Debug|Win32
		{397FC3BF-FF80-3646-8B1F-5B47F68A60C8}.Debug|Win32.Build.0 = Debug|Win32
		{397FC3BF-FF80-3646-8B1F-5B47F68A60C8}.Release|Win32.ActiveCfg = Release|Win32
		{397FC3BF-FF80-3646-8B1F-5B47F68A60C8}.Release|Win32.Build.0 = Release|Win32
		{397FC3BF-FF80-3646-8B1F-5B47F68A60C8}.MinSizeRel|Win32.ActiveCfg = MinSizeRel|Win32
		{397FC3BF-FF80-3646-8B1F-5B47F68A60C8}.MinSizeRel|Win32.Build.0 = MinSizeRel|Win32
		{397FC3BF-FF80-3646-8B1F-5B47F68A60C8}.RelWithDebInfo|Win32.ActiveCfg = RelWithDebInfo|Win32
		{397FC3BF-FF80-3646-8B1F-5B47F68A60C8}.RelWithDebInfo|Win32.Build.0 = RelWithDebInfo|Win32
		{D28A890C-5C6C-3B13-AED3-116EB9CBE3E8}.Debug|Win32.ActiveCfg = Debug|Win32
		{D28A890C-5C6C-3B13-AED3-116EB9CBE3E8}.Debug|Win32.Build.0 = Debug|Win32
		{D28A890C-5C6C-3B13-AED3-116EB9CBE3E8}.Release|Win32.ActiveCfg = Release|Win32
		{D28A890C-5C6C-3B13-AED3-116EB9CBE3E8}.Release|Win32.Build.0 = Release|Win32
		{D28A890C-5C6C-3B13-AED3-116EB9CBE3E8}.MinSizeRel|Win32.ActiveCfg = MinSizeRel|Win32
		{D28A890C-5C6C-3B13-AED3-116EB9CBE3E8}.MinSizeRel|Win32.Build.0 = MinSizeRel|Win32
		{D28A890C-5C6C-3B13-AED3-116EB9CBE3E8}.RelWithDebInfo|Win32.ActiveCfg = RelWithDebInfo|Win32
		{D28A890C-5C6C-3B13-AED3-116EB9CBE3E8}.RelWithDebInfo|Win32.Build.0 = RelWithDebInfo|Win32
		{3F643F13-0C1A-3DFD-80C2-EC98A36C605E}.Debug|Win32.ActiveCfg = Debug|Win32
		{3F643F13-0C1A-3DFD-80C2-EC98A36C605E}.Debug|Win32.Build.0 = Debug|Win32
		{3F643F13-0C1A-3DFD-80C2-EC98A36C605E}.Release|Win32.ActiveCfg = Release|Win32
		{3F643F13-0C1A-3DFD-80C2-EC98A36C605E}.Release|Win32.Build.0 = Release|Win32
		{3F643F13-0C1A-3DFD-80C2-EC98A36C605E}.MinSizeRel|Win32.ActiveCfg = MinSizeRel|Win32
		{3F643F13-0C1A-3DFD-80C2-EC98A36C605E}.MinSizeRel|Win32.Build.0 = MinSizeRel|Win32
		{3F643F13-0C1A-3DFD-80C2-EC98A36C605E}.RelWithDebInfo|Win32.ActiveCfg = RelWithDebInfo|Win32
		{3F643F13-0C1A-3DFD-80C2-EC98A36C605E}.RelWithDebInfo|Win32.Build.0 = RelWithDebInfo|Win32
		{A5613BC8-8430-367F-998D-EBC498728356}.Debug|Win32.ActiveCfg = Debug|Win32
		{A5613BC8-8430-367F-998D-EBC498728356}.Debug|Win32.Build.0 = Debug|Win32
		{A5613BC8-8430-367F-998D-EBC498728356}.Release|Win32.ActiveCfg = Release|Win32
		{A5613BC8-8430-367F-998D-EBC498728356}.Release|Win32.Build.0 = Release|Win32
		{A5613BC8-8430-367F-998D-EBC498728356}.MinSizeRel|Win32.ActiveCfg = MinSizeRel|Win32
		{A5613BC8-8430-367F-998D-EBC498728356}.MinSizeRel|Win32.Build.0 = MinSizeRel|Win32
		{A5613BC8-8430-367F-998D-EBC498728356}.RelWithDebInfo|Win32.ActiveCfg = RelWithDebInfo|Win32
		{A5613BC8-8430-367F-998D-EBC498728356}.RelWithDebInfo|Win32.Build.0 = RelWithDebInfo|Win32
		{E01AD297-6265-3390-A7A2-20A2E26253E8}.Debug|Win32.ActiveCfg = Debug|Win32
		{E01AD297-6265-3390-A7A2-20A2E26253E8}.Debug|Win32.Build.0 = Debug|Win32
		{E01AD297-6265-3390-A7A2-20A2E26253E8}.Release|Win32.ActiveCfg = Release|Win32
		{E01AD297-6265-3390-A7A2-20A2E26253E8}.Release|Win32.Build.0 = Release|Win32
		{E01AD297-6265-3390-A7A2-20A2E26253E8}.MinSizeRel|Win32.ActiveCfg = MinSizeRel|Win32
		{E01AD297-6265-3390-A7A2-20A2E26253E8}.MinSizeRel|Win32.Build.0 = MinSizeRel|Win32
		{E01AD297-6265-3390-A7A2-20A2E26253E8}.RelWithDebInfo|Win32.ActiveCfg = RelWithDebInfo|Win32
		{E01AD297-6265-3390-A7A2-20A2E26253E8}.RelWithDebInfo|Win32.Build.0 = RelWithDebInfo|Win32
		{09C60392-8C90-365A-A4C3-8041E8BDBA50}.Debug|Win32.ActiveCfg = Debug|Win32
		{09C60392-8C90-365A-A4C3-8041E8BDBA50}.Debug|Win32.Build.0 = Debug|Win32
		{09C60392-8C90-365A-A4C3-8041E8BDBA50}.Release|Win32.ActiveCfg = Release|Win32
		{09C60392-8C90-365A-A4C3-8041E8BDBA50}.Release|Win32.Build.0 = Release|Win32
		{09C60392-8C90-365A-A4C3-8041E8BDBA50}.MinSizeRel|Win32.ActiveCfg = MinSizeRel|Win32
		{09C60392-8C90-365A-A4C3-8041E8BDBA50}.MinSizeRel|Win32.Build.0 = MinSizeRel|Win32
		{09C60392-8C90-365A-A4C3-8041E8BDBA50}.RelWithDebInfo|Win32.ActiveCfg = RelWithDebInfo|Win32
		{09C60392-8C90-365A-A4C3-8041E8BDBA50}.RelWithDebInfo|Win32.Build.0 = RelWithDebInfo|Win32
		{D9E31352-D071-367A-8751-DF38DBBE4872}.Debug|Win32.ActiveCfg = Debug|Win32
		{D9E31352-D071-367A-8751-DF38DBBE4872}.Debug|Win32.Build.0 = Debug|Win32
		{D9E31352-D071-367A-8751-DF38DBBE4872}.Release|Win32.ActiveCfg = Release|Win32
		{D9E31352-D071-367A-8751-DF38DBBE4872}.Release|Win32.Build.0 = Release|Win32
		{D9E31352-D071-367A-8751-DF38DBBE4872}.MinSizeRel|Win32.ActiveCfg = MinSizeRel|Win32
		{D9E31352-D071-367A-8751-DF38DBBE4872}.MinSizeRel|Win32.Build.0 = MinSizeRel|Win32
		{D9E31352-D071-367A-8751-DF38DBBE4872}.RelWithDebInfo|Win32.ActiveCfg = RelWithDebInfo|Win32
		{D9E31352-D071-367A-8751-DF38DBBE4872}.RelWithDebInfo|Win32.Build.0 = RelWithDebInfo|Win32
		{75C6A06C-C4BE-336E-BEDA-A2123E05F6AD}.Debug|Win32.ActiveCfg = Debug|Win32
		{75C6A06C-C4BE-336E-BEDA-A2123E05F6AD}.Debug|Win32.Build.0 = Debug|Win32
		{75C6A06C-C4BE-336E-BEDA-A2123E05F6AD}.Release|Win32.ActiveCfg = Release|Win32
		{75C6A06C-C4BE-336E-BEDA-A2123E05F6AD}.Release|Win32.Build.0 = Release|Win32
		{75C6A06C-C4BE-336E-BEDA-A2123E05F6AD}.MinSizeRel|Win32.ActiveCfg = MinSizeRel|Win32
		{75C6A06C-C4BE-336E-BEDA-A2123E05F6AD}.MinSizeRel|Win32.Build.0 = MinSizeRel|Win32
		{75C6A06C-C4BE-336E-BEDA-A2123E05F6AD}.RelWithDebInfo|Win32.ActiveCfg = RelWithDebInfo|Win32
		{75C6A06C-C4BE-336E-BEDA-A2123E05F6AD}.RelWithDebInfo|Win32.Build.0 = RelWithDebInfo|Win32
		{FCFAAD09-B9F8-3930-A441-1D68744E60EE}.Debug|Win32.ActiveCfg = Debug|Win32
		{FCFAAD09-B9F8-3930-A441-1D68744E60EE}.Debug|Win32.Build.0 = Debug|Win32
		{FCFAAD09-B9F8-3930-A441-1D68744E60EE}.Release|Win32.ActiveCfg = Release|Win32
		{FCFAAD09-B9F8-3930-A441-1D68744E60EE}.Release|Win32.Build.0 = Release|Win32
		{FCFAAD09-B9F8-3930-A441-1D68744E60EE}.MinSizeRel|Win32.ActiveCfg = MinSizeRel|Win32
		{FCFAAD09-B9F8-3930-A441-1D68744E60EE}.MinSizeRel|Win32.Build.0 = MinSizeRel|Win32
		{FCFAAD09-B9F8-3930-A441-1D68744E60EE}.RelWithDebInfo|Win32.ActiveCfg = RelWithDebInfo|Win32
		{FCFAAD09-B9F8-3930-A441-1D68744E60EE}.RelWithDebInfo|Win32.Build.0 = RelWithDebInfo|Win32
		{32B829A6-2060-31DD-8093-7A87C8AA4DB8}.Debug|Win32.ActiveCfg = Debug|Win32
		{32B829A6-2060-31DD-8093-7A87C8AA4DB8}.Debug|Win32.Build.0 = Debug|Win32
		{32B829A6-2060-31DD-8093-7A87C8AA4DB8}.Release|Win32.ActiveCfg = Release|Win32
		{32B829A6-2060-31DD-8093-7A87C8AA4DB8}.Release|Win32.Build.0 = Release|Win32
		{32B829A6-2060-31DD-8093-7A87C8AA4DB8}.MinSizeRel|Win32.ActiveCfg = MinSizeRel|Win32
		{32B829A6-2060-31DD-8093-7A87C8AA4DB8}.MinSizeRel|Win32.Build.0 = MinSizeRel|Win32
		{32B829A6-2060-31DD-8093-7A87C8AA4DB8}.RelWithDebInfo|Win32.ActiveCfg = RelWithDebInfo|Win32
		{32B829A6-2060-31DD-8093-7A87C8AA4DB8}.RelWithDebInfo|Win32.Build.0 = RelWithDebInfo|Win32
		{C0B9C0BA-C2A7-314E-8735-95CDD9708157}.Debug|Win32.ActiveCfg = Debug|Win32
		{C0B9C0BA-C2A7-314E-8735-95CDD9708157}.Debug|Win32.Build.0 = Debug|Win32
		{C0B9C0BA-C2A7-314E-8735-95CDD9708157}.Release|Win32.ActiveCfg = Release|Win32
		{C0B9C0BA-C2A7-314E-8735-95CDD9708157}.Release|Win32.Build.0 = Release|Win32
		{C0B9C0BA-C2A7-314E-8735-95CDD9708157}.MinSizeRel|Win32.ActiveCfg = MinSizeRel|Win32
		{C0B9C0BA-C2A7-314E-8735-95CDD9708157}.MinSizeRel|Win32.Build.0 = MinSizeRel|Win32
		{C0B9C0BA-C2A7-314E-8735-95CDD9708157}.RelWithDebInfo|Win32.ActiveCfg = RelWithDebInfo|Win32
		{C0B9C0BA-C2A7-314E-8735-95CDD9708157}.RelWithDebInfo|Win32.Build.0 = RelWithDebInfo|Win32
		{96CC6AEE-6CE4-35C1-8F75-393C42447C39}.Debug|Win32.ActiveCfg = Debug|Win32
		{96CC6AEE-6CE4-35C1-8F75-393C42447C39}.Debug|Win32.Build.0 = Debug|Win32
		{96CC6AEE-6CE4-35C1-8F75-393C42447C39}.Release|Win32.ActiveCfg = Release|Win32
		{96CC6AEE-6CE4-35C1-8F75-393C42447C39}.Release|Win32.Build.0 = Release|Win32
		{96CC6AEE-6CE4-35C1-8F75-393C42447C39}.MinSizeRel|Win32.ActiveCfg = MinSizeRel|Win32
		{96CC6AEE-6CE4-35C1-8F75-393C42447C39}.MinSizeRel|Win32.Build.0 = MinSizeRel|Win32
		{96CC6AEE-6CE4-35C1-8F75-393C42447C39}.RelWithDebInfo|Win32.ActiveCfg = RelWithDebInfo|Win32
		{96CC6AEE-6CE4-35C1-8F75-393C42447C39}.RelWithDebInfo|Win32.Build.0 = RelWithDebInfo|Win32
		{44BD7F5B-17B2-388C-B343-8E02407BB72E}.Debug|Win32.ActiveCfg = Debug|Win32
		{44BD7F5B-17B2-388C-B343-8E02407BB72E}.Debug|Win32.Build.0 = Debug|Win32
		{44BD7F5B-17B2-388C-B343-8E02407BB72E}.Release|Win32.ActiveCfg = Release|Win32
		{44BD7F5B-17B2-388C-B343-8E02407BB72E}.Release|Win32.Build.0 = Release|Win32
		{44BD7F5B-17B2-388C-B343-8E02407BB72E}.MinSizeRel|Win32.ActiveCfg = MinSizeRel|Win32
		{44BD7F5B-17B2-388C-B343-8E02407BB72E}.MinSizeRel|Win32.Build.0 = MinSizeRel|Win32
		{44BD7F5B-17B2-388C-B343-8E02407BB72E}.RelWithDebInfo|Win32.ActiveCfg = RelWithDebInfo|Win32
		{44BD7F5B-17B2-388C-B343-8E02407BB72E}.RelWithDebInfo|Win32.Build.0 = RelWithDebInfo|Win32
		{E172496F-1C81-3576-8706-9BED1D7E81AF}.Debug|Win32.ActiveCfg = Debug|Win32
		{E172496F-1C81-3576-8706-9BED1D7E81AF}.Debug|Win32.Build.0 = Debug|Win32
		{E172496F-1C81-3576-8706-9BED1D7E81AF}.Release|Win32.ActiveCfg = Release|Win32
		{E172496F-1C81-3576-8706-9BED1D7E81AF}.Release|Win32.Build.0 = Release|Win32
		{E172496F-1C81-3576-8706-9BED1D7E81AF}.MinSizeRel|Win32.ActiveCfg = MinSizeRel|Win32
		{E172496F-1C81-3576-8706-9BED1D7E81AF}.MinSizeRel|Win32.Build.0 = MinSizeRel|Win32
		{E172496F-1C81-3576-8706-9BED1D7E81AF}.RelWithDebInfo|Win32.ActiveCfg = RelWithDebInfo|Win32
		{E172496F-1C81-3576-8706-9BED1D7E81AF}.RelWithDebInfo|Win32.Build.0 = RelWithDebInfo|Win32
		{8B38590E-A6AC-3AC9-A96B-B618FE0A535B}.Debug|Win32.ActiveCfg = Debug|Win32
		{8B38590E-A6AC-3AC9-A96B-B618FE0A535B}.Debug|Win32.Build.0 = Debug|Win32
		{8B38590E-A6AC-3AC9-A96B-B618FE0A535B}.Release|Win32.ActiveCfg = Release|Win32
		{8B38590E-A6AC-3AC9-A96B-B618FE0A535B}.Release|Win32.Build.0 = Release|Win32
		{8B38590E-A6AC-3AC9-A96B-B618FE0A535B}.MinSizeRel|Win32.ActiveCfg = MinSizeRel|Win32
		{8B38590E-A6AC-3AC9-A96B-B618FE0A535B}.MinSizeRel|Win32.Build.0 = MinSizeRel|Win32
		{8B38590E-A6AC-3AC9-A96B-B618FE0A535B}.RelWithDebInfo|Win32.ActiveCfg = RelWithDebInfo|Win32
		{8B38590E-A6AC-3AC9-A96B-B618FE0A535B}.RelWithDebInfo|Win32.Build.0 = RelWithDebInfo|Win32
		{64D67122-9CF0-36CB-AE2E-8A0EF1F30AD8}.Debug|Win32.ActiveCfg = Debug|Win32
		{64D67122-9CF0-36CB-AE2E-8A0EF1F30AD8}.Debug|Win32.Build.0 = Debug|Win32
		{64D67122-9CF0-36CB-AE2E-8A0EF1F30AD8}.Release|Win32.ActiveCfg = Release|Win32
		{64D67122-9CF0-36CB-AE2E-8A0EF1F30AD8}.Release|Win32.Build.0 = Release|Win32
		{64D67122-9CF0-36CB-AE2E-8A0EF1F30AD8}.MinSizeRel|Win32.ActiveCfg = MinSizeRel|Win32
		{64D67122-9CF0-36CB-AE2E-8A0EF1F30AD8}.MinSizeRel|Win32.Build.0 = MinSizeRel|Win32
		{64D67122-9CF0-36CB-AE2E-8A0EF1F30AD8}.RelWithDebInfo|Win32.ActiveCfg = RelWithDebInfo|Win32
		{64D67122-9CF0-36CB-AE2E-8A0EF1F30AD8}.RelWithDebInfo|Win32.Build.0 = RelWithDebInfo|Win32
		{A64CA990-B99B-39C5-9EC7-CCBB6D97E70E}.Debug|Win32.ActiveCfg = Debug|Win32
		{A64CA990-B99B-39C5-9EC7-CCBB6D97E70E}.Debug|Win32.Build.0 = Debug|Win32
		{A64CA990-B99B-39C5-9EC7-CCBB6D97E70E}.Release|Win32.ActiveCfg = Release|Win32
		{A64CA990-B99B-39C5-9EC7-CCBB6D97E70E}.Release|Win32.Build.0 = Release|Win32
		{A64CA990-B99B-39C5-9EC7-CCBB6D97E70E}.MinSizeRel|Win32.ActiveCfg = MinSizeRel|Win32
		{A64CA990-B99B-39C5-9EC7-CCBB6D97E70E}.MinSizeRel|Win32.Build.0 = MinSizeRel|Win32
		{A64CA990-B99B-39C5-9EC7-CCBB6D97E70E}.RelWithDebInfo|Win32.ActiveCfg = RelWithDebInfo|Win32
		{A64CA990-B99B-39C5-9EC7-CCBB6D97E70E}.RelWithDebInfo|Win32.Build.0 = RelWithDebInfo|Win32
		{43EDA6B8-C0FE-343A-99E6-5EF1E9923859}.Debug|Win32.ActiveCfg = Debug|Win32
		{43EDA6B8-C0FE-343A-99E6-5EF1E9923859}.Debug|Win32.Build.0 = Debug|Win32
		{43EDA6B8-C0FE-343A-99E6-5EF1E9923859}.Release|Win32.ActiveCfg = Release|Win32
		{43EDA6B8-C0FE-343A-99E6-5EF1E9923859}.Release|Win32.Build.0 = Release|Win32
		{43EDA6B8-C0FE-343A-99E6-5EF1E9923859}.MinSizeRel|Win32.ActiveCfg = MinSizeRel|Win32
		{43EDA6B8-C0FE-343A-99E6-5EF1E9923859}.MinSizeRel|Win32.Build.0 = MinSizeRel|Win32
		{43EDA6B8-C0FE-343A-99E6-5EF1E9923859}.RelWithDebInfo|Win32.ActiveCfg = RelWithDebInfo|Win32
		{43EDA6B8-C0FE-343A-99E6-5EF1E9923859}.RelWithDebInfo|Win32.Build.0 = RelWithDebInfo|Win32
		{5869DDAD-DF8E-3969-942E-CE2CAE60C892}.Debug|Win32.ActiveCfg = Debug|Win32
		{5869DDAD-DF8E-3969-942E-CE2CAE60C892}.Debug|Win32.Build.0 = Debug|Win32
		{5869DDAD-DF8E-3969-942E-CE2CAE60C892}.Release|Win32.ActiveCfg = Release|Win32
		{5869DDAD-DF8E-3969-942E-CE2CAE60C892}.Release|Win32.Build.0 = Release|Win32
		{5869DDAD-DF8E-3969-942E-CE2CAE60C892}.MinSizeRel|Win32.ActiveCfg = MinSizeRel|Win32
		{5869DDAD-DF8E-3969-942E-CE2CAE60C892}.MinSizeRel|Win32.Build.0 = MinSizeRel|Win32
		{5869DDAD-DF8E-3969-942E-CE2CAE60C892}.RelWithDebInfo|Win32.ActiveCfg = RelWithDebInfo|Win32
		{5869DDAD-DF8E-3969-942E-CE2CAE60C892}.RelWithDebInfo|Win32.Build.0 = RelWithDebInfo|Win32
		{17845226-1E90-343E-B1D4-933E5C3FA0BD}.Debug|Win32.ActiveCfg = Debug|Win32
		{17845226-1E90-343E-B1D4-933E5C3FA0BD}.Debug|Win32.Build.0 = Debug|Win32
		{17845226-1E90-343E-B1D4-933E5C3FA0BD}.Release|Win32.ActiveCfg = Release|Win32
		{17845226-1E90-343E-B1D4-933E5C3FA0BD}.Release|Win32.Build.0 = Release|Win32
		{17845226-1E90-343E-B1D4-933E5C3FA0BD}.MinSizeRel|Win32.ActiveCfg = MinSizeRel|Win32
		{17845226-1E90-343E-B1D4-933E5C3FA0BD}.MinSizeRel|Win32.Build.0 = MinSizeRel|Win32
		{17845226-1E90-343E-B1D4-933E5C3FA0BD}.RelWithDebInfo|Win32.ActiveCfg = RelWithDebInfo|Win32
		{17845226-1E90-343E-B1D4-933E5C3FA0BD}.RelWithDebInfo|Win32.Build.0 = RelWithDebInfo|Win32
		{ED94ED1F-A45B-349B-B431-671B39F83A2D}.Debug|Win32.ActiveCfg = Debug|Win32
		{ED94ED1F-A45B-349B-B431-671B39F83A2D}.Release|Win32.ActiveCfg = Release|Win32
		{ED94ED1F-A45B-349B-B431-671B39F83A2D}.MinSizeRel|Win32.ActiveCfg = MinSizeRel|Win32
		{ED94ED1F-A45B-349B-B431-671B39F83A2D}.RelWithDebInfo|Win32.ActiveCfg = RelWithDebInfo|Win32
		{C6DB3317-8354-3626-9691-CAAF5E64B755}.Debug|Win32.ActiveCfg = Debug|Win32
		{C6DB3317-8354-3626-9691-CAAF5E64B755}.Debug|Win32.Build.0 = Debug|Win32
		{C6DB3317-8354-3626-9691-CAAF5E64B755}.Release|Win32.ActiveCfg = Release|Win32
		{C6DB3317-8354-3626-9691-CAAF5E64B755}.Release|Win32.Build.0 = Release|Win32
		{C6DB3317-8354-3626-9691-CAAF5E64B755}.MinSizeRel|Win32.ActiveCfg = MinSizeRel|Win32
		{C6DB3317-8354-3626-9691-CAAF5E64B755}.MinSizeRel|Win32.Build.0 = MinSizeRel|Win32
		{C6DB3317-8354-3626-9691-CAAF5E64B755}.RelWithDebInfo|Win32.ActiveCfg = RelWithDebInfo|Win32
		{C6DB3317-8354-3626-9691-CAAF5E64B755}.RelWithDebInfo|Win32.Build.0 = RelWithDebInfo|Win32
		{55926602-7171-34DF-9771-344AD30B6832}.Debug|Win32.ActiveCfg = Debug|Win32
		{55926602-7171-34DF-9771-344AD30B6832}.Debug|Win32.Build.0 = Debug|Win32
		{55926602-7171-34DF-9771-344AD30B6832}.Release|Win32.ActiveCfg = Release|Win32
		{55926602-7171-34DF-9771-344AD30B6832}.Release|Win32.Build.0 = Release|Win32
		{55926602-7171-34DF-9771-344AD30B6832}.MinSizeRel|Win32.ActiveCfg = MinSizeRel|Win32
		{55926602-7171-34DF-9771-344AD30B6832}.MinSizeRel|Win32.Build.0 = MinSizeRel|Win32
		{55926602-7171-34DF-9771-344AD30B6832}.RelWithDebInfo|Win32.ActiveCfg = RelWithDebInfo|Win32
		{55926602-7171-34DF-9771-344AD30B6832}.RelWithDebInfo|Win32.Build.0 = RelWithDebInfo|Win32
		{84144E17-2CCD-3AA7-8DDF-179E20C0810C}.Debug|Win32.ActiveCfg = Debug|Win32
		{84144E17-2CCD-3AA7-8DDF-179E20C0810C}.Debug|Win32.Build.0 = Debug|Win32
		{84144E17-2CCD-3AA7-8DDF-179E20C0810C}.Release|Win32.ActiveCfg = Release|Win32
		{84144E17-2CCD-3AA7-8DDF-179E20C0810C}.Release|Win32.Build.0 = Release|Win32
		{84144E17-2CCD-3AA7-8DDF-179E20C0810C}.MinSizeRel|Win32.ActiveCfg = MinSizeRel|Win32
		{84144E17-2CCD-3AA7-8DDF-179E20C0810C}.MinSizeRel|Win32.Build.0 = MinSizeRel|Win32
		{84144E17-2CCD-3AA7-8DDF-179E20C0810C}.RelWithDebInfo|Win32.ActiveCfg = RelWithDebInfo|Win32
		{84144E17-2CCD-3AA7-8DDF-179E20C0810C}.RelWithDebInfo|Win32.Build.0 = RelWithDebInfo|Win32
	EndGlobalSection
	GlobalSection(NestedProjects) = preSolution
		{575D8683-934E-383F-BDDB-29784A3DEF4E} = {4248959A-1CC3-3CEB-AE8C-C29FF6DE642D}
		{9D6FE978-CFDD-3F61-B5C6-0FD07195EF68} = {4248959A-1CC3-3CEB-AE8C-C29FF6DE642D}
		{093DA0B2-6B2A-3BAD-ACF8-9DC5F5510CFC} = {4248959A-1CC3-3CEB-AE8C-C29FF6DE642D}
		{070583E5-3B99-3219-95F5-D4E75B832910} = {DA659B0A-F7AE-347E-B48C-DEC09691DE1E}
		{150F317B-EFBD-3C87-AC82-2174366842E6} = {DA659B0A-F7AE-347E-B48C-DEC09691DE1E}
		{E01AD297-6265-3390-A7A2-20A2E26253E8} = {DA659B0A-F7AE-347E-B48C-DEC09691DE1E}
		{145EB86E-111C-3888-B6A6-8EBB6D087D0B} = {070583E5-3B99-3219-95F5-D4E75B832910}
		{A5613BC8-8430-367F-998D-EBC498728356} = {070583E5-3B99-3219-95F5-D4E75B832910}
		{D9E31352-D071-367A-8751-DF38DBBE4872} = {070583E5-3B99-3219-95F5-D4E75B832910}
		{44BD7F5B-17B2-388C-B343-8E02407BB72E} = {070583E5-3B99-3219-95F5-D4E75B832910}
		{64D67122-9CF0-36CB-AE2E-8A0EF1F30AD8} = {070583E5-3B99-3219-95F5-D4E75B832910}
		{A64CA990-B99B-39C5-9EC7-CCBB6D97E70E} = {070583E5-3B99-3219-95F5-D4E75B832910}
		{C6DB3317-8354-3626-9691-CAAF5E64B755} = {070583E5-3B99-3219-95F5-D4E75B832910}
		{A1D35985-B698-323D-820F-8A7AE9E97842} = {150F317B-EFBD-3C87-AC82-2174366842E6}
		{9E6AE210-C4FF-378C-86C1-5DF3BC0186A9} = {150F317B-EFBD-3C87-AC82-2174366842E6}
		{397FC3BF-FF80-3646-8B1F-5B47F68A60C8} = {150F317B-EFBD-3C87-AC82-2174366842E6}
		{D28A890C-5C6C-3B13-AED3-116EB9CBE3E8} = {150F317B-EFBD-3C87-AC82-2174366842E6}
		{3F643F13-0C1A-3DFD-80C2-EC98A36C605E} = {150F317B-EFBD-3C87-AC82-2174366842E6}
		{09C60392-8C90-365A-A4C3-8041E8BDBA50} = {150F317B-EFBD-3C87-AC82-2174366842E6}
		{75C6A06C-C4BE-336E-BEDA-A2123E05F6AD} = {150F317B-EFBD-3C87-AC82-2174366842E6}
		{FCFAAD09-B9F8-3930-A441-1D68744E60EE} = {150F317B-EFBD-3C87-AC82-2174366842E6}
		{C0B9C0BA-C2A7-314E-8735-95CDD9708157} = {150F317B-EFBD-3C87-AC82-2174366842E6}
		{96CC6AEE-6CE4-35C1-8F75-393C42447C39} = {150F317B-EFBD-3C87-AC82-2174366842E6}
		{E172496F-1C81-3576-8706-9BED1D7E81AF} = {150F317B-EFBD-3C87-AC82-2174366842E6}
		{8B38590E-A6AC-3AC9-A96B-B618FE0A535B} = {150F317B-EFBD-3C87-AC82-2174366842E6}
		{43EDA6B8-C0FE-343A-99E6-5EF1E9923859} = {150F317B-EFBD-3C87-AC82-2174366842E6}
		{5869DDAD-DF8E-3969-942E-CE2CAE60C892} = {150F317B-EFBD-3C87-AC82-2174366842E6}
		{17845226-1E90-343E-B1D4-933E5C3FA0BD} = {150F317B-EFBD-3C87-AC82-2174366842E6}
		{55926602-7171-34DF-9771-344AD30B6832} = {150F317B-EFBD-3C87-AC82-2174366842E6}
	EndGlobalSection
	GlobalSection(ExtensibilityGlobals) = postSolution
		SolutionGuid = {8B9B7265-A3D6-347A-8BE4-E709837AA09D}
	EndGlobalSection
	GlobalSection(ExtensibilityAddIns) = postSolution
	EndGlobalSection
EndGlobal
