Microsoft Visual Studio Solution File, Format Version 12.00
# Visual Studio 15
Project("{2150E333-8FDC-42A3-9474-1A3956D46DE8}") = "CMakePredefinedTargets", "CMakePredefinedTargets", "{B31666DE-1526-3D58-B0D5-4EF913EFA855}"
EndProject
Project("{2150E333-8FDC-42A3-9474-1A3956D46DE8}") = "GLFW3", "GLFW3", "{D48CF98C-F9B2-3DC6-B789-8F3336710471}"
EndProject
Project("{2150E333-8FDC-42A3-9474-1A3956D46DE8}") = "Examples", "GLFW3\Examples", "{B49028E0-AB60-3D13-8BAE-D9F29F0CA3B6}"
EndProject
Project("{2150E333-8FDC-42A3-9474-1A3956D46DE8}") = "Tests", "GLFW3\Tests", "{F0BE6A51-F400-375E-A56A-836F8E24DDFB}"
EndProject
Project("{8BC9CEB8-8B4A-11D0-8D11-00A0C91BC942}") = "ALL_BUILD", "ALL_BUILD.vcxproj", "{6D2D3E86-4B3D-304C-A67C-F04126426FAC}"
	ProjectSection(ProjectDependencies) = postProject
		{3725D709-7FE4-3D27-B42E-792B7831F29C} = {3725D709-7FE4-3D27-B42E-792B7831F29C}
		{9C32B222-E539-3D60-96F1-C6C7AFE03C99} = {9C32B222-E539-3D60-96F1-C6C7AFE03C99}
		{2BB04A41-3F6D-39A9-BB2E-1223208F0FCA} = {2BB04A41-3F6D-39A9-BB2E-1223208F0FCA}
		{142AA8A7-0C4A-3360-8BF1-BE875AC41864} = {142AA8A7-0C4A-3360-8BF1-BE875AC41864}
		{F572C3AB-14C1-3239-A655-DB68F411D0EA} = {F572C3AB-14C1-3239-A655-DB68F411D0EA}
		{1A784FDD-B126-3505-9DBA-1C8720A0A54F} = {1A784FDD-B126-3505-9DBA-1C8720A0A54F}
		{BF47A069-65F5-3FBD-80DC-D0153F1B2F04} = {BF47A069-65F5-3FBD-80DC-D0153F1B2F04}
		{6F89D7CB-BFD6-34F6-8F68-A4077A379E7F} = {6F89D7CB-BFD6-34F6-8F68-A4077A379E7F}
		{012840BD-F0D0-38B5-8438-9F16AB743262} = {012840BD-F0D0-38B5-8438-9F16AB743262}
		{014928E9-AEAC-3E78-8268-E4FF3F23F27A} = {014928E9-AEAC-3E78-8268-E4FF3F23F27A}
		{D1E285DD-FCAE-3885-A8D0-ACB224188F2F} = {D1E285DD-FCAE-3885-A8D0-ACB224188F2F}
		{528E1EF1-7A84-325C-B7B9-875940AC7BA5} = {528E1EF1-7A84-325C-B7B9-875940AC7BA5}
		{90D47BE7-BFE4-33EF-8B5C-F678BD0C0971} = {90D47BE7-BFE4-33EF-8B5C-F678BD0C0971}
		{77F6BDA8-5A94-3FAC-AB75-F17997A0CB30} = {77F6BDA8-5A94-3FAC-AB75-F17997A0CB30}
		{CCFE6231-6FA0-3F93-B697-409252E3CA6B} = {CCFE6231-6FA0-3F93-B697-409252E3CA6B}
		{62F8F5CF-A5D9-3C19-8FB4-6528D810CB92} = {62F8F5CF-A5D9-3C19-8FB4-6528D810CB92}
		{C31F0DC9-A3BF-33FA-8F67-5887415F93CC} = {C31F0DC9-A3BF-33FA-8F67-5887415F93CC}
		{D715C16A-08C7-3019-A77B-6A492D12DF79} = {D715C16A-08C7-3019-A77B-6A492D12DF79}
		{2F9B4277-BE1A-3E73-9460-45C74985631F} = {2F9B4277-BE1A-3E73-9460-45C74985631F}
		{099A9BEF-C72E-3047-B72E-B82237D0DFCE} = {099A9BEF-C72E-3047-B72E-B82237D0DFCE}
		{D2C8AC2C-CCB1-3395-AD6A-E833B7BD029F} = {D2C8AC2C-CCB1-3395-AD6A-E833B7BD029F}
		{AFA77932-774B-3415-B7D2-6B19EC3458C7} = {AFA77932-774B-3415-B7D2-6B19EC3458C7}
		{2DEBE3BD-66B3-3995-93A4-E5E696385994} = {2DEBE3BD-66B3-3995-93A4-E5E696385994}
		{04051016-4009-3B85-8F74-C24EE659BB77} = {04051016-4009-3B85-8F74-C24EE659BB77}
		{8104D76B-E93C-3C39-8E98-B404FDA5441A} = {8104D76B-E93C-3C39-8E98-B404FDA5441A}
		{96E4B04F-6FA4-3E9E-81D6-6939D040ED9F} = {96E4B04F-6FA4-3E9E-81D6-6939D040ED9F}
		{63DEEE84-B898-3676-B2E5-78F5AE66387C} = {63DEEE84-B898-3676-B2E5-78F5AE66387C}
		{954D6C08-7ABD-3EF5-A3E2-DDEBB5A6E6D4} = {954D6C08-7ABD-3EF5-A3E2-DDEBB5A6E6D4}
		{4CCDD218-8B33-3EBB-971B-FED6AC3A856F} = {4CCDD218-8B33-3EBB-971B-FED6AC3A856F}
		{146D8358-A71A-3BA4-BDA5-3E972E0780C9} = {146D8358-A71A-3BA4-BDA5-3E972E0780C9}
		{47A07CBE-580D-345F-ADB3-B15E5F0AC505} = {47A07CBE-580D-345F-ADB3-B15E5F0AC505}
		{F452A200-A3DB-3161-93E2-944C3A8E6AD5} = {F452A200-A3DB-3161-93E2-944C3A8E6AD5}
		{6F7C44B7-0E85-3A1C-99F6-F0D65B23DBF1} = {6F7C44B7-0E85-3A1C-99F6-F0D65B23DBF1}
		{CB495E07-CD5A-3FBA-A262-CF3A98E4157E} = {CB495E07-CD5A-3FBA-A262-CF3A98E4157E}
	EndProjectSection
EndProject
Project("{8BC9CEB8-8B4A-11D0-8D11-00A0C91BC942}") = "ANTTWEAKBAR_116_OGLCORE_GLFW", "external\ANTTWEAKBAR_116_OGLCORE_GLFW.vcxproj", "{3725D709-7FE4-3D27-B42E-792B7831F29C}"
	ProjectSection(ProjectDependencies) = postProject
		{BF47A069-65F5-3FBD-80DC-D0153F1B2F04} = {BF47A069-65F5-3FBD-80DC-D0153F1B2F04}
	EndProjectSection
EndProject
Project("{8BC9CEB8-8B4A-11D0-8D11-00A0C91BC942}") = "BulletCollision", "external\bullet-2.81-rev2613\src\BulletCollision\BulletCollision.vcxproj", "{9C32B222-E539-3D60-96F1-C6C7AFE03C99}"
	ProjectSection(ProjectDependencies) = postProject
		{BF47A069-65F5-3FBD-80DC-D0153F1B2F04} = {BF47A069-65F5-3FBD-80DC-D0153F1B2F04}
	EndProjectSection
EndProject
Project("{8BC9CEB8-8B4A-11D0-8D11-00A0C91BC942}") = "BulletDynamics", "external\bullet-2.81-rev2613\src\BulletDynamics\BulletDynamics.vcxproj", "{2BB04A41-3F6D-39A9-BB2E-1223208F0FCA}"
	ProjectSection(ProjectDependencies) = postProject
		{BF47A069-65F5-3FBD-80DC-D0153F1B2F04} = {BF47A069-65F5-3FBD-80DC-D0153F1B2F04}
	EndProjectSection
EndProject
Project("{8BC9CEB8-8B4A-11D0-8D11-00A0C91BC942}") = "BulletSoftBody", "external\bullet-2.81-rev2613\src\BulletSoftBody\BulletSoftBody.vcxproj", "{142AA8A7-0C4A-3360-8BF1-BE875AC41864}"
	ProjectSection(ProjectDependencies) = postProject
		{BF47A069-65F5-3FBD-80DC-D0153F1B2F04} = {BF47A069-65F5-3FBD-80DC-D0153F1B2F04}
	EndProjectSection
EndProject
Project("{8BC9CEB8-8B4A-11D0-8D11-00A0C91BC942}") = "GLEW_1130", "external\GLEW_1130.vcxproj", "{F572C3AB-14C1-3239-A655-DB68F411D0EA}"
	ProjectSection(ProjectDependencies) = postProject
		{BF47A069-65F5-3FBD-80DC-D0153F1B2F04} = {BF47A069-65F5-3FBD-80DC-D0153F1B2F04}
	EndProjectSection
EndProject
Project("{8BC9CEB8-8B4A-11D0-8D11-00A0C91BC942}") = "INSTALL", "INSTALL.vcxproj", "{BE3ED7BD-78F1-3666-ACF4-E51F1AA61B37}"
	ProjectSection(ProjectDependencies) = postProject
		{6D2D3E86-4B3D-304C-A67C-F04126426FAC} = {6D2D3E86-4B3D-304C-A67C-F04126426FAC}
		{BF47A069-65F5-3FBD-80DC-D0153F1B2F04} = {BF47A069-65F5-3FBD-80DC-D0153F1B2F04}
	EndProjectSection
EndProject
Project("{8BC9CEB8-8B4A-11D0-8D11-00A0C91BC942}") = "LinearMath", "external\bullet-2.81-rev2613\src\LinearMath\LinearMath.vcxproj", "{1A784FDD-B126-3505-9DBA-1C8720A0A54F}"
	ProjectSection(ProjectDependencies) = postProject
		{BF47A069-65F5-3FBD-80DC-D0153F1B2F04} = {BF47A069-65F5-3FBD-80DC-D0153F1B2F04}
	EndProjectSection
EndProject
Project("{8BC9CEB8-8B4A-11D0-8D11-00A0C91BC942}") = "ZERO_CHECK", "ZERO_CHECK.vcxproj", "{BF47A069-65F5-3FBD-80DC-D0153F1B2F04}"
	ProjectSection(ProjectDependencies) = postProject
	EndProjectSection
EndProject
Project("{8BC9CEB8-8B4A-11D0-8D11-00A0C91BC942}") = "assimp", "external\assimp-3.0.1270\code\assimp.vcxproj", "{6F89D7CB-BFD6-34F6-8F68-A4077A379E7F}"
	ProjectSection(ProjectDependencies) = postProject
		{BF47A069-65F5-3FBD-80DC-D0153F1B2F04} = {BF47A069-65F5-3FBD-80DC-D0153F1B2F04}
		{CB495E07-CD5A-3FBA-A262-CF3A98E4157E} = {CB495E07-CD5A-3FBA-A262-CF3A98E4157E}
	EndProjectSection
EndProject
Project("{8BC9CEB8-8B4A-11D0-8D11-00A0C91BC942}") = "boing", "external\glfw-3.1.2\examples\boing.vcxproj", "{012840BD-F0D0-38B5-8438-9F16AB743262}"
	ProjectSection(ProjectDependencies) = postProject
		{BF47A069-65F5-3FBD-80DC-D0153F1B2F04} = {BF47A069-65F5-3FBD-80DC-D0153F1B2F04}
		{62F8F5CF-A5D9-3C19-8FB4-6528D810CB92} = {62F8F5CF-A5D9-3C19-8FB4-6528D810CB92}
	EndProjectSection
EndProject
Project("{8BC9CEB8-8B4A-11D0-8D11-00A0C91BC942}") = "clipboard", "external\glfw-3.1.2\tests\clipboard.vcxproj", "{014928E9-AEAC-3E78-8268-E4FF3F23F27A}"
	ProjectSection(ProjectDependencies) = postProject
		{BF47A069-65F5-3FBD-80DC-D0153F1B2F04} = {BF47A069-65F5-3FBD-80DC-D0153F1B2F04}
		{62F8F5CF-A5D9-3C19-8FB4-6528D810CB92} = {62F8F5CF-A5D9-3C19-8FB4-6528D810CB92}
	EndProjectSection
EndProject
Project("{8BC9CEB8-8B4A-11D0-8D11-00A0C91BC942}") = "cursor", "external\glfw-3.1.2\tests\cursor.vcxproj", "{D1E285DD-FCAE-3885-A8D0-ACB224188F2F}"
	ProjectSection(ProjectDependencies) = postProject
		{BF47A069-65F5-3FBD-80DC-D0153F1B2F04} = {BF47A069-65F5-3FBD-80DC-D0153F1B2F04}
		{62F8F5CF-A5D9-3C19-8FB4-6528D810CB92} = {62F8F5CF-A5D9-3C19-8FB4-6528D810CB92}
	EndProjectSection
EndProject
Project("{8BC9CEB8-8B4A-11D0-8D11-00A0C91BC942}") = "empty", "external\glfw-3.1.2\tests\empty.vcxproj", "{528E1EF1-7A84-325C-B7B9-875940AC7BA5}"
	ProjectSection(ProjectDependencies) = postProject
		{BF47A069-65F5-3FBD-80DC-D0153F1B2F04} = {BF47A069-65F5-3FBD-80DC-D0153F1B2F04}
		{62F8F5CF-A5D9-3C19-8FB4-6528D810CB92} = {62F8F5CF-A5D9-3C19-8FB4-6528D810CB92}
	EndProjectSection
EndProject
Project("{8BC9CEB8-8B4A-11D0-8D11-00A0C91BC942}") = "events", "external\glfw-3.1.2\tests\events.vcxproj", "{90D47BE7-BFE4-33EF-8B5C-F678BD0C0971}"
	ProjectSection(ProjectDependencies) = postProject
		{BF47A069-65F5-3FBD-80DC-D0153F1B2F04} = {BF47A069-65F5-3FBD-80DC-D0153F1B2F04}
		{62F8F5CF-A5D9-3C19-8FB4-6528D810CB92} = {62F8F5CF-A5D9-3C19-8FB4-6528D810CB92}
	EndProjectSection
EndProject
Project("{8BC9CEB8-8B4A-11D0-8D11-00A0C91BC942}") = "gamma", "external\glfw-3.1.2\tests\gamma.vcxproj", "{77F6BDA8-5A94-3FAC-AB75-F17997A0CB30}"
	ProjectSection(ProjectDependencies) = postProject
		{BF47A069-65F5-3FBD-80DC-D0153F1B2F04} = {BF47A069-65F5-3FBD-80DC-D0153F1B2F04}
		{62F8F5CF-A5D9-3C19-8FB4-6528D810CB92} = {62F8F5CF-A5D9-3C19-8FB4-6528D810CB92}
	EndProjectSection
EndProject
Project("{8BC9CEB8-8B4A-11D0-8D11-00A0C91BC942}") = "gears", "external\glfw-3.1.2\examples\gears.vcxproj", "{CCFE6231-6FA0-3F93-B697-409252E3CA6B}"
	ProjectSection(ProjectDependencies) = postProject
		{BF47A069-65F5-3FBD-80DC-D0153F1B2F04} = {BF47A069-65F5-3FBD-80DC-D0153F1B2F04}
		{62F8F5CF-A5D9-3C19-8FB4-6528D810CB92} = {62F8F5CF-A5D9-3C19-8FB4-6528D810CB92}
	EndProjectSection
EndProject
Project("{8BC9CEB8-8B4A-11D0-8D11-00A0C91BC942}") = "glfw", "external\glfw-3.1.2\src\glfw.vcxproj", "{62F8F5CF-A5D9-3C19-8FB4-6528D810CB92}"
	ProjectSection(ProjectDependencies) = postProject
		{BF47A069-65F5-3FBD-80DC-D0153F1B2F04} = {BF47A069-65F5-3FBD-80DC-D0153F1B2F04}
	EndProjectSection
EndProject
Project("{8BC9CEB8-8B4A-11D0-8D11-00A0C91BC942}") = "glfwinfo", "external\glfw-3.1.2\tests\glfwinfo.vcxproj", "{C31F0DC9-A3BF-33FA-8F67-5887415F93CC}"
	ProjectSection(ProjectDependencies) = postProject
		{BF47A069-65F5-3FBD-80DC-D0153F1B2F04} = {BF47A069-65F5-3FBD-80DC-D0153F1B2F04}
		{62F8F5CF-A5D9-3C19-8FB4-6528D810CB92} = {62F8F5CF-A5D9-3C19-8FB4-6528D810CB92}
	EndProjectSection
EndProject
Project("{8BC9CEB8-8B4A-11D0-8D11-00A0C91BC942}") = "heightmap", "external\glfw-3.1.2\examples\heightmap.vcxproj", "{D715C16A-08C7-3019-A77B-6A492D12DF79}"
	ProjectSection(ProjectDependencies) = postProject
		{BF47A069-65F5-3FBD-80DC-D0153F1B2F04} = {BF47A069-65F5-3FBD-80DC-D0153F1B2F04}
		{62F8F5CF-A5D9-3C19-8FB4-6528D810CB92} = {62F8F5CF-A5D9-3C19-8FB4-6528D810CB92}
	EndProjectSection
EndProject
Project("{8BC9CEB8-8B4A-11D0-8D11-00A0C91BC942}") = "iconify", "external\glfw-3.1.2\tests\iconify.vcxproj", "{2F9B4277-BE1A-3E73-9460-45C74985631F}"
	ProjectSection(ProjectDependencies) = postProject
		{BF47A069-65F5-3FBD-80DC-D0153F1B2F04} = {BF47A069-65F5-3FBD-80DC-D0153F1B2F04}
		{62F8F5CF-A5D9-3C19-8FB4-6528D810CB92} = {62F8F5CF-A5D9-3C19-8FB4-6528D810CB92}
	EndProjectSection
EndProject
Project("{8BC9CEB8-8B4A-11D0-8D11-00A0C91BC942}") = "joysticks", "external\glfw-3.1.2\tests\joysticks.vcxproj", "{099A9BEF-C72E-3047-B72E-B82237D0DFCE}"
	ProjectSection(ProjectDependencies) = postProject
		{BF47A069-65F5-3FBD-80DC-D0153F1B2F04} = {BF47A069-65F5-3FBD-80DC-D0153F1B2F04}
		{62F8F5CF-A5D9-3C19-8FB4-6528D810CB92} = {62F8F5CF-A5D9-3C19-8FB4-6528D810CB92}
	EndProjectSection
EndProject
Project("{8BC9CEB8-8B4A-11D0-8D11-00A0C91BC942}") = "main", "main.vcxproj", "{D2C8AC2C-CCB1-3395-AD6A-E833B7BD029F}"
	ProjectSection(ProjectDependencies) = postProject
		{F572C3AB-14C1-3239-A655-DB68F411D0EA} = {F572C3AB-14C1-3239-A655-DB68F411D0EA}
		{BF47A069-65F5-3FBD-80DC-D0153F1B2F04} = {BF47A069-65F5-3FBD-80DC-D0153F1B2F04}
		{62F8F5CF-A5D9-3C19-8FB4-6528D810CB92} = {62F8F5CF-A5D9-3C19-8FB4-6528D810CB92}
	EndProjectSection
EndProject
Project("{8BC9CEB8-8B4A-11D0-8D11-00A0C91BC942}") = "monitors", "external\glfw-3.1.2\tests\monitors.vcxproj", "{AFA77932-774B-3415-B7D2-6B19EC3458C7}"
	ProjectSection(ProjectDependencies) = postProject
		{BF47A069-65F5-3FBD-80DC-D0153F1B2F04} = {BF47A069-65F5-3FBD-80DC-D0153F1B2F04}
		{62F8F5CF-A5D9-3C19-8FB4-6528D810CB92} = {62F8F5CF-A5D9-3C19-8FB4-6528D810CB92}
	EndProjectSection
EndProject
Project("{8BC9CEB8-8B4A-11D0-8D11-00A0C91BC942}") = "msaa", "external\glfw-3.1.2\tests\msaa.vcxproj", "{2DEBE3BD-66B3-3995-93A4-E5E696385994}"
	ProjectSection(ProjectDependencies) = postProject
		{BF47A069-65F5-3FBD-80DC-D0153F1B2F04} = {BF47A069-65F5-3FBD-80DC-D0153F1B2F04}
		{62F8F5CF-A5D9-3C19-8FB4-6528D810CB92} = {62F8F5CF-A5D9-3C19-8FB4-6528D810CB92}
	EndProjectSection
EndProject
Project("{8BC9CEB8-8B4A-11D0-8D11-00A0C91BC942}") = "particles", "external\glfw-3.1.2\examples\particles.vcxproj", "{04051016-4009-3B85-8F74-C24EE659BB77}"
	ProjectSection(ProjectDependencies) = postProject
		{BF47A069-65F5-3FBD-80DC-D0153F1B2F04} = {BF47A069-65F5-3FBD-80DC-D0153F1B2F04}
		{62F8F5CF-A5D9-3C19-8FB4-6528D810CB92} = {62F8F5CF-A5D9-3C19-8FB4-6528D810CB92}
	EndProjectSection
EndProject
Project("{8BC9CEB8-8B4A-11D0-8D11-00A0C91BC942}") = "reopen", "external\glfw-3.1.2\tests\reopen.vcxproj", "{8104D76B-E93C-3C39-8E98-B404FDA5441A}"
	ProjectSection(ProjectDependencies) = postProject
		{BF47A069-65F5-3FBD-80DC-D0153F1B2F04} = {BF47A069-65F5-3FBD-80DC-D0153F1B2F04}
		{62F8F5CF-A5D9-3C19-8FB4-6528D810CB92} = {62F8F5CF-A5D9-3C19-8FB4-6528D810CB92}
	EndProjectSection
EndProject
Project("{8BC9CEB8-8B4A-11D0-8D11-00A0C91BC942}") = "sharing", "external\glfw-3.1.2\tests\sharing.vcxproj", "{96E4B04F-6FA4-3E9E-81D6-6939D040ED9F}"
	ProjectSection(ProjectDependencies) = postProject
		{BF47A069-65F5-3FBD-80DC-D0153F1B2F04} = {BF47A069-65F5-3FBD-80DC-D0153F1B2F04}
		{62F8F5CF-A5D9-3C19-8FB4-6528D810CB92} = {62F8F5CF-A5D9-3C19-8FB4-6528D810CB92}
	EndProjectSection
EndProject
Project("{8BC9CEB8-8B4A-11D0-8D11-00A0C91BC942}") = "simple", "external\glfw-3.1.2\examples\simple.vcxproj", "{63DEEE84-B898-3676-B2E5-78F5AE66387C}"
	ProjectSection(ProjectDependencies) = postProject
		{BF47A069-65F5-3FBD-80DC-D0153F1B2F04} = {BF47A069-65F5-3FBD-80DC-D0153F1B2F04}
		{62F8F5CF-A5D9-3C19-8FB4-6528D810CB92} = {62F8F5CF-A5D9-3C19-8FB4-6528D810CB92}
	EndProjectSection
EndProject
Project("{8BC9CEB8-8B4A-11D0-8D11-00A0C91BC942}") = "splitview", "external\glfw-3.1.2\examples\splitview.vcxproj", "{954D6C08-7ABD-3EF5-A3E2-DDEBB5A6E6D4}"
	ProjectSection(ProjectDependencies) = postProject
		{BF47A069-65F5-3FBD-80DC-D0153F1B2F04} = {BF47A069-65F5-3FBD-80DC-D0153F1B2F04}
		{62F8F5CF-A5D9-3C19-8FB4-6528D810CB92} = {62F8F5CF-A5D9-3C19-8FB4-6528D810CB92}
	EndProjectSection
EndProject
Project("{8BC9CEB8-8B4A-11D0-8D11-00A0C91BC942}") = "tearing", "external\glfw-3.1.2\tests\tearing.vcxproj", "{4CCDD218-8B33-3EBB-971B-FED6AC3A856F}"
	ProjectSection(ProjectDependencies) = postProject
		{BF47A069-65F5-3FBD-80DC-D0153F1B2F04} = {BF47A069-65F5-3FBD-80DC-D0153F1B2F04}
		{62F8F5CF-A5D9-3C19-8FB4-6528D810CB92} = {62F8F5CF-A5D9-3C19-8FB4-6528D810CB92}
	EndProjectSection
EndProject
Project("{8BC9CEB8-8B4A-11D0-8D11-00A0C91BC942}") = "threads", "external\glfw-3.1.2\tests\threads.vcxproj", "{146D8358-A71A-3BA4-BDA5-3E972E0780C9}"
	ProjectSection(ProjectDependencies) = postProject
		{BF47A069-65F5-3FBD-80DC-D0153F1B2F04} = {BF47A069-65F5-3FBD-80DC-D0153F1B2F04}
		{62F8F5CF-A5D9-3C19-8FB4-6528D810CB92} = {62F8F5CF-A5D9-3C19-8FB4-6528D810CB92}
	EndProjectSection
EndProject
Project("{8BC9CEB8-8B4A-11D0-8D11-00A0C91BC942}") = "title", "external\glfw-3.1.2\tests\title.vcxproj", "{47A07CBE-580D-345F-ADB3-B15E5F0AC505}"
	ProjectSection(ProjectDependencies) = postProject
		{BF47A069-65F5-3FBD-80DC-D0153F1B2F04} = {BF47A069-65F5-3FBD-80DC-D0153F1B2F04}
		{62F8F5CF-A5D9-3C19-8FB4-6528D810CB92} = {62F8F5CF-A5D9-3C19-8FB4-6528D810CB92}
	EndProjectSection
EndProject
Project("{8BC9CEB8-8B4A-11D0-8D11-00A0C91BC942}") = "uninstall", "external\glfw-3.1.2\uninstall.vcxproj", "{87315B88-629E-30A9-9C48-42C6F04A7D75}"
	ProjectSection(ProjectDependencies) = postProject
		{BF47A069-65F5-3FBD-80DC-D0153F1B2F04} = {BF47A069-65F5-3FBD-80DC-D0153F1B2F04}
	EndProjectSection
EndProject
Project("{8BC9CEB8-8B4A-11D0-8D11-00A0C91BC942}") = "wave", "external\glfw-3.1.2\examples\wave.vcxproj", "{F452A200-A3DB-3161-93E2-944C3A8E6AD5}"
	ProjectSection(ProjectDependencies) = postProject
		{BF47A069-65F5-3FBD-80DC-D0153F1B2F04} = {BF47A069-65F5-3FBD-80DC-D0153F1B2F04}
		{62F8F5CF-A5D9-3C19-8FB4-6528D810CB92} = {62F8F5CF-A5D9-3C19-8FB4-6528D810CB92}
	EndProjectSection
EndProject
Project("{8BC9CEB8-8B4A-11D0-8D11-00A0C91BC942}") = "windows", "external\glfw-3.1.2\tests\windows.vcxproj", "{6F7C44B7-0E85-3A1C-99F6-F0D65B23DBF1}"
	ProjectSection(ProjectDependencies) = postProject
		{BF47A069-65F5-3FBD-80DC-D0153F1B2F04} = {BF47A069-65F5-3FBD-80DC-D0153F1B2F04}
		{62F8F5CF-A5D9-3C19-8FB4-6528D810CB92} = {62F8F5CF-A5D9-3C19-8FB4-6528D810CB92}
	EndProjectSection
EndProject
Project("{8BC9CEB8-8B4A-11D0-8D11-00A0C91BC942}") = "zlib", "external\assimp-3.0.1270\contrib\zlib\zlib.vcxproj", "{CB495E07-CD5A-3FBA-A262-CF3A98E4157E}"
	ProjectSection(ProjectDependencies) = postProject
		{BF47A069-65F5-3FBD-80DC-D0153F1B2F04} = {BF47A069-65F5-3FBD-80DC-D0153F1B2F04}
	EndProjectSection
EndProject
Global
	GlobalSection(SolutionConfigurationPlatforms) = preSolution
		Debug|Win32 = Debug|Win32
		Release|Win32 = Release|Win32
		MinSizeRel|Win32 = MinSizeRel|Win32
		RelWithDebInfo|Win32 = RelWithDebInfo|Win32
	EndGlobalSection
	GlobalSection(ProjectConfigurationPlatforms) = postSolution
		{6D2D3E86-4B3D-304C-A67C-F04126426FAC}.Debug|Win32.ActiveCfg = Debug|Win32
		{6D2D3E86-4B3D-304C-A67C-F04126426FAC}.Debug|Win32.Build.0 = Debug|Win32
		{6D2D3E86-4B3D-304C-A67C-F04126426FAC}.Release|Win32.ActiveCfg = Release|Win32
		{6D2D3E86-4B3D-304C-A67C-F04126426FAC}.Release|Win32.Build.0 = Release|Win32
		{6D2D3E86-4B3D-304C-A67C-F04126426FAC}.MinSizeRel|Win32.ActiveCfg = MinSizeRel|Win32
		{6D2D3E86-4B3D-304C-A67C-F04126426FAC}.MinSizeRel|Win32.Build.0 = MinSizeRel|Win32
		{6D2D3E86-4B3D-304C-A67C-F04126426FAC}.RelWithDebInfo|Win32.ActiveCfg = RelWithDebInfo|Win32
		{6D2D3E86-4B3D-304C-A67C-F04126426FAC}.RelWithDebInfo|Win32.Build.0 = RelWithDebInfo|Win32
		{3725D709-7FE4-3D27-B42E-792B7831F29C}.Debug|Win32.ActiveCfg = Debug|Win32
		{3725D709-7FE4-3D27-B42E-792B7831F29C}.Debug|Win32.Build.0 = Debug|Win32
		{3725D709-7FE4-3D27-B42E-792B7831F29C}.Release|Win32.ActiveCfg = Release|Win32
		{3725D709-7FE4-3D27-B42E-792B7831F29C}.Release|Win32.Build.0 = Release|Win32
		{3725D709-7FE4-3D27-B42E-792B7831F29C}.MinSizeRel|Win32.ActiveCfg = MinSizeRel|Win32
		{3725D709-7FE4-3D27-B42E-792B7831F29C}.MinSizeRel|Win32.Build.0 = MinSizeRel|Win32
		{3725D709-7FE4-3D27-B42E-792B7831F29C}.RelWithDebInfo|Win32.ActiveCfg = RelWithDebInfo|Win32
		{3725D709-7FE4-3D27-B42E-792B7831F29C}.RelWithDebInfo|Win32.Build.0 = RelWithDebInfo|Win32
		{9C32B222-E539-3D60-96F1-C6C7AFE03C99}.Debug|Win32.ActiveCfg = Debug|Win32
		{9C32B222-E539-3D60-96F1-C6C7AFE03C99}.Debug|Win32.Build.0 = Debug|Win32
		{9C32B222-E539-3D60-96F1-C6C7AFE03C99}.Release|Win32.ActiveCfg = Release|Win32
		{9C32B222-E539-3D60-96F1-C6C7AFE03C99}.Release|Win32.Build.0 = Release|Win32
		{9C32B222-E539-3D60-96F1-C6C7AFE03C99}.MinSizeRel|Win32.ActiveCfg = MinSizeRel|Win32
		{9C32B222-E539-3D60-96F1-C6C7AFE03C99}.MinSizeRel|Win32.Build.0 = MinSizeRel|Win32
		{9C32B222-E539-3D60-96F1-C6C7AFE03C99}.RelWithDebInfo|Win32.ActiveCfg = RelWithDebInfo|Win32
		{9C32B222-E539-3D60-96F1-C6C7AFE03C99}.RelWithDebInfo|Win32.Build.0 = RelWithDebInfo|Win32
		{2BB04A41-3F6D-39A9-BB2E-1223208F0FCA}.Debug|Win32.ActiveCfg = Debug|Win32
		{2BB04A41-3F6D-39A9-BB2E-1223208F0FCA}.Debug|Win32.Build.0 = Debug|Win32
		{2BB04A41-3F6D-39A9-BB2E-1223208F0FCA}.Release|Win32.ActiveCfg = Release|Win32
		{2BB04A41-3F6D-39A9-BB2E-1223208F0FCA}.Release|Win32.Build.0 = Release|Win32
		{2BB04A41-3F6D-39A9-BB2E-1223208F0FCA}.MinSizeRel|Win32.ActiveCfg = MinSizeRel|Win32
		{2BB04A41-3F6D-39A9-BB2E-1223208F0FCA}.MinSizeRel|Win32.Build.0 = MinSizeRel|Win32
		{2BB04A41-3F6D-39A9-BB2E-1223208F0FCA}.RelWithDebInfo|Win32.ActiveCfg = RelWithDebInfo|Win32
		{2BB04A41-3F6D-39A9-BB2E-1223208F0FCA}.RelWithDebInfo|Win32.Build.0 = RelWithDebInfo|Win32
		{142AA8A7-0C4A-3360-8BF1-BE875AC41864}.Debug|Win32.ActiveCfg = Debug|Win32
		{142AA8A7-0C4A-3360-8BF1-BE875AC41864}.Debug|Win32.Build.0 = Debug|Win32
		{142AA8A7-0C4A-3360-8BF1-BE875AC41864}.Release|Win32.ActiveCfg = Release|Win32
		{142AA8A7-0C4A-3360-8BF1-BE875AC41864}.Release|Win32.Build.0 = Release|Win32
		{142AA8A7-0C4A-3360-8BF1-BE875AC41864}.MinSizeRel|Win32.ActiveCfg = MinSizeRel|Win32
		{142AA8A7-0C4A-3360-8BF1-BE875AC41864}.MinSizeRel|Win32.Build.0 = MinSizeRel|Win32
		{142AA8A7-0C4A-3360-8BF1-BE875AC41864}.RelWithDebInfo|Win32.ActiveCfg = RelWithDebInfo|Win32
		{142AA8A7-0C4A-3360-8BF1-BE875AC41864}.RelWithDebInfo|Win32.Build.0 = RelWithDebInfo|Win32
		{F572C3AB-14C1-3239-A655-DB68F411D0EA}.Debug|Win32.ActiveCfg = Debug|Win32
		{F572C3AB-14C1-3239-A655-DB68F411D0EA}.Debug|Win32.Build.0 = Debug|Win32
		{F572C3AB-14C1-3239-A655-DB68F411D0EA}.Release|Win32.ActiveCfg = Release|Win32
		{F572C3AB-14C1-3239-A655-DB68F411D0EA}.Release|Win32.Build.0 = Release|Win32
		{F572C3AB-14C1-3239-A655-DB68F411D0EA}.MinSizeRel|Win32.ActiveCfg = MinSizeRel|Win32
		{F572C3AB-14C1-3239-A655-DB68F411D0EA}.MinSizeRel|Win32.Build.0 = MinSizeRel|Win32
		{F572C3AB-14C1-3239-A655-DB68F411D0EA}.RelWithDebInfo|Win32.ActiveCfg = RelWithDebInfo|Win32
		{F572C3AB-14C1-3239-A655-DB68F411D0EA}.RelWithDebInfo|Win32.Build.0 = RelWithDebInfo|Win32
		{BE3ED7BD-78F1-3666-ACF4-E51F1AA61B37}.Debug|Win32.ActiveCfg = Debug|Win32
		{BE3ED7BD-78F1-3666-ACF4-E51F1AA61B37}.Release|Win32.ActiveCfg = Release|Win32
		{BE3ED7BD-78F1-3666-ACF4-E51F1AA61B37}.MinSizeRel|Win32.ActiveCfg = MinSizeRel|Win32
		{BE3ED7BD-78F1-3666-ACF4-E51F1AA61B37}.RelWithDebInfo|Win32.ActiveCfg = RelWithDebInfo|Win32
		{1A784FDD-B126-3505-9DBA-1C8720A0A54F}.Debug|Win32.ActiveCfg = Debug|Win32
		{1A784FDD-B126-3505-9DBA-1C8720A0A54F}.Debug|Win32.Build.0 = Debug|Win32
		{1A784FDD-B126-3505-9DBA-1C8720A0A54F}.Release|Win32.ActiveCfg = Release|Win32
		{1A784FDD-B126-3505-9DBA-1C8720A0A54F}.Release|Win32.Build.0 = Release|Win32
		{1A784FDD-B126-3505-9DBA-1C8720A0A54F}.MinSizeRel|Win32.ActiveCfg = MinSizeRel|Win32
		{1A784FDD-B126-3505-9DBA-1C8720A0A54F}.MinSizeRel|Win32.Build.0 = MinSizeRel|Win32
		{1A784FDD-B126-3505-9DBA-1C8720A0A54F}.RelWithDebInfo|Win32.ActiveCfg = RelWithDebInfo|Win32
		{1A784FDD-B126-3505-9DBA-1C8720A0A54F}.RelWithDebInfo|Win32.Build.0 = RelWithDebInfo|Win32
		{BF47A069-65F5-3FBD-80DC-D0153F1B2F04}.Debug|Win32.ActiveCfg = Debug|Win32
		{BF47A069-65F5-3FBD-80DC-D0153F1B2F04}.Debug|Win32.Build.0 = Debug|Win32
		{BF47A069-65F5-3FBD-80DC-D0153F1B2F04}.Release|Win32.ActiveCfg = Release|Win32
		{BF47A069-65F5-3FBD-80DC-D0153F1B2F04}.Release|Win32.Build.0 = Release|Win32
		{BF47A069-65F5-3FBD-80DC-D0153F1B2F04}.MinSizeRel|Win32.ActiveCfg = MinSizeRel|Win32
		{BF47A069-65F5-3FBD-80DC-D0153F1B2F04}.MinSizeRel|Win32.Build.0 = MinSizeRel|Win32
		{BF47A069-65F5-3FBD-80DC-D0153F1B2F04}.RelWithDebInfo|Win32.ActiveCfg = RelWithDebInfo|Win32
		{BF47A069-65F5-3FBD-80DC-D0153F1B2F04}.RelWithDebInfo|Win32.Build.0 = RelWithDebInfo|Win32
		{6F89D7CB-BFD6-34F6-8F68-A4077A379E7F}.Debug|Win32.ActiveCfg = Debug|Win32
		{6F89D7CB-BFD6-34F6-8F68-A4077A379E7F}.Debug|Win32.Build.0 = Debug|Win32
		{6F89D7CB-BFD6-34F6-8F68-A4077A379E7F}.Release|Win32.ActiveCfg = Release|Win32
		{6F89D7CB-BFD6-34F6-8F68-A4077A379E7F}.Release|Win32.Build.0 = Release|Win32
		{6F89D7CB-BFD6-34F6-8F68-A4077A379E7F}.MinSizeRel|Win32.ActiveCfg = MinSizeRel|Win32
		{6F89D7CB-BFD6-34F6-8F68-A4077A379E7F}.MinSizeRel|Win32.Build.0 = MinSizeRel|Win32
		{6F89D7CB-BFD6-34F6-8F68-A4077A379E7F}.RelWithDebInfo|Win32.ActiveCfg = RelWithDebInfo|Win32
		{6F89D7CB-BFD6-34F6-8F68-A4077A379E7F}.RelWithDebInfo|Win32.Build.0 = RelWithDebInfo|Win32
		{012840BD-F0D0-38B5-8438-9F16AB743262}.Debug|Win32.ActiveCfg = Debug|Win32
		{012840BD-F0D0-38B5-8438-9F16AB743262}.Debug|Win32.Build.0 = Debug|Win32
		{012840BD-F0D0-38B5-8438-9F16AB743262}.Release|Win32.ActiveCfg = Release|Win32
		{012840BD-F0D0-38B5-8438-9F16AB743262}.Release|Win32.Build.0 = Release|Win32
		{012840BD-F0D0-38B5-8438-9F16AB743262}.MinSizeRel|Win32.ActiveCfg = MinSizeRel|Win32
		{012840BD-F0D0-38B5-8438-9F16AB743262}.MinSizeRel|Win32.Build.0 = MinSizeRel|Win32
		{012840BD-F0D0-38B5-8438-9F16AB743262}.RelWithDebInfo|Win32.ActiveCfg = RelWithDebInfo|Win32
		{012840BD-F0D0-38B5-8438-9F16AB743262}.RelWithDebInfo|Win32.Build.0 = RelWithDebInfo|Win32
		{014928E9-AEAC-3E78-8268-E4FF3F23F27A}.Debug|Win32.ActiveCfg = Debug|Win32
		{014928E9-AEAC-3E78-8268-E4FF3F23F27A}.Debug|Win32.Build.0 = Debug|Win32
		{014928E9-AEAC-3E78-8268-E4FF3F23F27A}.Release|Win32.ActiveCfg = Release|Win32
		{014928E9-AEAC-3E78-8268-E4FF3F23F27A}.Release|Win32.Build.0 = Release|Win32
		{014928E9-AEAC-3E78-8268-E4FF3F23F27A}.MinSizeRel|Win32.ActiveCfg = MinSizeRel|Win32
		{014928E9-AEAC-3E78-8268-E4FF3F23F27A}.MinSizeRel|Win32.Build.0 = MinSizeRel|Win32
		{014928E9-AEAC-3E78-8268-E4FF3F23F27A}.RelWithDebInfo|Win32.ActiveCfg = RelWithDebInfo|Win32
		{014928E9-AEAC-3E78-8268-E4FF3F23F27A}.RelWithDebInfo|Win32.Build.0 = RelWithDebInfo|Win32
		{D1E285DD-FCAE-3885-A8D0-ACB224188F2F}.Debug|Win32.ActiveCfg = Debug|Win32
		{D1E285DD-FCAE-3885-A8D0-ACB224188F2F}.Debug|Win32.Build.0 = Debug|Win32
		{D1E285DD-FCAE-3885-A8D0-ACB224188F2F}.Release|Win32.ActiveCfg = Release|Win32
		{D1E285DD-FCAE-3885-A8D0-ACB224188F2F}.Release|Win32.Build.0 = Release|Win32
		{D1E285DD-FCAE-3885-A8D0-ACB224188F2F}.MinSizeRel|Win32.ActiveCfg = MinSizeRel|Win32
		{D1E285DD-FCAE-3885-A8D0-ACB224188F2F}.MinSizeRel|Win32.Build.0 = MinSizeRel|Win32
		{D1E285DD-FCAE-3885-A8D0-ACB224188F2F}.RelWithDebInfo|Win32.ActiveCfg = RelWithDebInfo|Win32
		{D1E285DD-FCAE-3885-A8D0-ACB224188F2F}.RelWithDebInfo|Win32.Build.0 = RelWithDebInfo|Win32
		{528E1EF1-7A84-325C-B7B9-875940AC7BA5}.Debug|Win32.ActiveCfg = Debug|Win32
		{528E1EF1-7A84-325C-B7B9-875940AC7BA5}.Debug|Win32.Build.0 = Debug|Win32
		{528E1EF1-7A84-325C-B7B9-875940AC7BA5}.Release|Win32.ActiveCfg = Release|Win32
		{528E1EF1-7A84-325C-B7B9-875940AC7BA5}.Release|Win32.Build.0 = Release|Win32
		{528E1EF1-7A84-325C-B7B9-875940AC7BA5}.MinSizeRel|Win32.ActiveCfg = MinSizeRel|Win32
		{528E1EF1-7A84-325C-B7B9-875940AC7BA5}.MinSizeRel|Win32.Build.0 = MinSizeRel|Win32
		{528E1EF1-7A84-325C-B7B9-875940AC7BA5}.RelWithDebInfo|Win32.ActiveCfg = RelWithDebInfo|Win32
		{528E1EF1-7A84-325C-B7B9-875940AC7BA5}.RelWithDebInfo|Win32.Build.0 = RelWithDebInfo|Win32
		{90D47BE7-BFE4-33EF-8B5C-F678BD0C0971}.Debug|Win32.ActiveCfg = Debug|Win32
		{90D47BE7-BFE4-33EF-8B5C-F678BD0C0971}.Debug|Win32.Build.0 = Debug|Win32
		{90D47BE7-BFE4-33EF-8B5C-F678BD0C0971}.Release|Win32.ActiveCfg = Release|Win32
		{90D47BE7-BFE4-33EF-8B5C-F678BD0C0971}.Release|Win32.Build.0 = Release|Win32
		{90D47BE7-BFE4-33EF-8B5C-F678BD0C0971}.MinSizeRel|Win32.ActiveCfg = MinSizeRel|Win32
		{90D47BE7-BFE4-33EF-8B5C-F678BD0C0971}.MinSizeRel|Win32.Build.0 = MinSizeRel|Win32
		{90D47BE7-BFE4-33EF-8B5C-F678BD0C0971}.RelWithDebInfo|Win32.ActiveCfg = RelWithDebInfo|Win32
		{90D47BE7-BFE4-33EF-8B5C-F678BD0C0971}.RelWithDebInfo|Win32.Build.0 = RelWithDebInfo|Win32
		{77F6BDA8-5A94-3FAC-AB75-F17997A0CB30}.Debug|Win32.ActiveCfg = Debug|Win32
		{77F6BDA8-5A94-3FAC-AB75-F17997A0CB30}.Debug|Win32.Build.0 = Debug|Win32
		{77F6BDA8-5A94-3FAC-AB75-F17997A0CB30}.Release|Win32.ActiveCfg = Release|Win32
		{77F6BDA8-5A94-3FAC-AB75-F17997A0CB30}.Release|Win32.Build.0 = Release|Win32
		{77F6BDA8-5A94-3FAC-AB75-F17997A0CB30}.MinSizeRel|Win32.ActiveCfg = MinSizeRel|Win32
		{77F6BDA8-5A94-3FAC-AB75-F17997A0CB30}.MinSizeRel|Win32.Build.0 = MinSizeRel|Win32
		{77F6BDA8-5A94-3FAC-AB75-F17997A0CB30}.RelWithDebInfo|Win32.ActiveCfg = RelWithDebInfo|Win32
		{77F6BDA8-5A94-3FAC-AB75-F17997A0CB30}.RelWithDebInfo|Win32.Build.0 = RelWithDebInfo|Win32
		{CCFE6231-6FA0-3F93-B697-409252E3CA6B}.Debug|Win32.ActiveCfg = Debug|Win32
		{CCFE6231-6FA0-3F93-B697-409252E3CA6B}.Debug|Win32.Build.0 = Debug|Win32
		{CCFE6231-6FA0-3F93-B697-409252E3CA6B}.Release|Win32.ActiveCfg = Release|Win32
		{CCFE6231-6FA0-3F93-B697-409252E3CA6B}.Release|Win32.Build.0 = Release|Win32
		{CCFE6231-6FA0-3F93-B697-409252E3CA6B}.MinSizeRel|Win32.ActiveCfg = MinSizeRel|Win32
		{CCFE6231-6FA0-3F93-B697-409252E3CA6B}.MinSizeRel|Win32.Build.0 = MinSizeRel|Win32
		{CCFE6231-6FA0-3F93-B697-409252E3CA6B}.RelWithDebInfo|Win32.ActiveCfg = RelWithDebInfo|Win32
		{CCFE6231-6FA0-3F93-B697-409252E3CA6B}.RelWithDebInfo|Win32.Build.0 = RelWithDebInfo|Win32
		{62F8F5CF-A5D9-3C19-8FB4-6528D810CB92}.Debug|Win32.ActiveCfg = Debug|Win32
		{62F8F5CF-A5D9-3C19-8FB4-6528D810CB92}.Debug|Win32.Build.0 = Debug|Win32
		{62F8F5CF-A5D9-3C19-8FB4-6528D810CB92}.Release|Win32.ActiveCfg = Release|Win32
		{62F8F5CF-A5D9-3C19-8FB4-6528D810CB92}.Release|Win32.Build.0 = Release|Win32
		{62F8F5CF-A5D9-3C19-8FB4-6528D810CB92}.MinSizeRel|Win32.ActiveCfg = MinSizeRel|Win32
		{62F8F5CF-A5D9-3C19-8FB4-6528D810CB92}.MinSizeRel|Win32.Build.0 = MinSizeRel|Win32
		{62F8F5CF-A5D9-3C19-8FB4-6528D810CB92}.RelWithDebInfo|Win32.ActiveCfg = RelWithDebInfo|Win32
		{62F8F5CF-A5D9-3C19-8FB4-6528D810CB92}.RelWithDebInfo|Win32.Build.0 = RelWithDebInfo|Win32
		{C31F0DC9-A3BF-33FA-8F67-5887415F93CC}.Debug|Win32.ActiveCfg = Debug|Win32
		{C31F0DC9-A3BF-33FA-8F67-5887415F93CC}.Debug|Win32.Build.0 = Debug|Win32
		{C31F0DC9-A3BF-33FA-8F67-5887415F93CC}.Release|Win32.ActiveCfg = Release|Win32
		{C31F0DC9-A3BF-33FA-8F67-5887415F93CC}.Release|Win32.Build.0 = Release|Win32
		{C31F0DC9-A3BF-33FA-8F67-5887415F93CC}.MinSizeRel|Win32.ActiveCfg = MinSizeRel|Win32
		{C31F0DC9-A3BF-33FA-8F67-5887415F93CC}.MinSizeRel|Win32.Build.0 = MinSizeRel|Win32
		{C31F0DC9-A3BF-33FA-8F67-5887415F93CC}.RelWithDebInfo|Win32.ActiveCfg = RelWithDebInfo|Win32
		{C31F0DC9-A3BF-33FA-8F67-5887415F93CC}.RelWithDebInfo|Win32.Build.0 = RelWithDebInfo|Win32
		{D715C16A-08C7-3019-A77B-6A492D12DF79}.Debug|Win32.ActiveCfg = Debug|Win32
		{D715C16A-08C7-3019-A77B-6A492D12DF79}.Debug|Win32.Build.0 = Debug|Win32
		{D715C16A-08C7-3019-A77B-6A492D12DF79}.Release|Win32.ActiveCfg = Release|Win32
		{D715C16A-08C7-3019-A77B-6A492D12DF79}.Release|Win32.Build.0 = Release|Win32
		{D715C16A-08C7-3019-A77B-6A492D12DF79}.MinSizeRel|Win32.ActiveCfg = MinSizeRel|Win32
		{D715C16A-08C7-3019-A77B-6A492D12DF79}.MinSizeRel|Win32.Build.0 = MinSizeRel|Win32
		{D715C16A-08C7-3019-A77B-6A492D12DF79}.RelWithDebInfo|Win32.ActiveCfg = RelWithDebInfo|Win32
		{D715C16A-08C7-3019-A77B-6A492D12DF79}.RelWithDebInfo|Win32.Build.0 = RelWithDebInfo|Win32
		{2F9B4277-BE1A-3E73-9460-45C74985631F}.Debug|Win32.ActiveCfg = Debug|Win32
		{2F9B4277-BE1A-3E73-9460-45C74985631F}.Debug|Win32.Build.0 = Debug|Win32
		{2F9B4277-BE1A-3E73-9460-45C74985631F}.Release|Win32.ActiveCfg = Release|Win32
		{2F9B4277-BE1A-3E73-9460-45C74985631F}.Release|Win32.Build.0 = Release|Win32
		{2F9B4277-BE1A-3E73-9460-45C74985631F}.MinSizeRel|Win32.ActiveCfg = MinSizeRel|Win32
		{2F9B4277-BE1A-3E73-9460-45C74985631F}.MinSizeRel|Win32.Build.0 = MinSizeRel|Win32
		{2F9B4277-BE1A-3E73-9460-45C74985631F}.RelWithDebInfo|Win32.ActiveCfg = RelWithDebInfo|Win32
		{2F9B4277-BE1A-3E73-9460-45C74985631F}.RelWithDebInfo|Win32.Build.0 = RelWithDebInfo|Win32
		{099A9BEF-C72E-3047-B72E-B82237D0DFCE}.Debug|Win32.ActiveCfg = Debug|Win32
		{099A9BEF-C72E-3047-B72E-B82237D0DFCE}.Debug|Win32.Build.0 = Debug|Win32
		{099A9BEF-C72E-3047-B72E-B82237D0DFCE}.Release|Win32.ActiveCfg = Release|Win32
		{099A9BEF-C72E-3047-B72E-B82237D0DFCE}.Release|Win32.Build.0 = Release|Win32
		{099A9BEF-C72E-3047-B72E-B82237D0DFCE}.MinSizeRel|Win32.ActiveCfg = MinSizeRel|Win32
		{099A9BEF-C72E-3047-B72E-B82237D0DFCE}.MinSizeRel|Win32.Build.0 = MinSizeRel|Win32
		{099A9BEF-C72E-3047-B72E-B82237D0DFCE}.RelWithDebInfo|Win32.ActiveCfg = RelWithDebInfo|Win32
		{099A9BEF-C72E-3047-B72E-B82237D0DFCE}.RelWithDebInfo|Win32.Build.0 = RelWithDebInfo|Win32
		{D2C8AC2C-CCB1-3395-AD6A-E833B7BD029F}.Debug|Win32.ActiveCfg = Debug|Win32
		{D2C8AC2C-CCB1-3395-AD6A-E833B7BD029F}.Debug|Win32.Build.0 = Debug|Win32
		{D2C8AC2C-CCB1-3395-AD6A-E833B7BD029F}.Release|Win32.ActiveCfg = Release|Win32
		{D2C8AC2C-CCB1-3395-AD6A-E833B7BD029F}.Release|Win32.Build.0 = Release|Win32
		{D2C8AC2C-CCB1-3395-AD6A-E833B7BD029F}.MinSizeRel|Win32.ActiveCfg = MinSizeRel|Win32
		{D2C8AC2C-CCB1-3395-AD6A-E833B7BD029F}.MinSizeRel|Win32.Build.0 = MinSizeRel|Win32
		{D2C8AC2C-CCB1-3395-AD6A-E833B7BD029F}.RelWithDebInfo|Win32.ActiveCfg = RelWithDebInfo|Win32
		{D2C8AC2C-CCB1-3395-AD6A-E833B7BD029F}.RelWithDebInfo|Win32.Build.0 = RelWithDebInfo|Win32
		{AFA77932-774B-3415-B7D2-6B19EC3458C7}.Debug|Win32.ActiveCfg = Debug|Win32
		{AFA77932-774B-3415-B7D2-6B19EC3458C7}.Debug|Win32.Build.0 = Debug|Win32
		{AFA77932-774B-3415-B7D2-6B19EC3458C7}.Release|Win32.ActiveCfg = Release|Win32
		{AFA77932-774B-3415-B7D2-6B19EC3458C7}.Release|Win32.Build.0 = Release|Win32
		{AFA77932-774B-3415-B7D2-6B19EC3458C7}.MinSizeRel|Win32.ActiveCfg = MinSizeRel|Win32
		{AFA77932-774B-3415-B7D2-6B19EC3458C7}.MinSizeRel|Win32.Build.0 = MinSizeRel|Win32
		{AFA77932-774B-3415-B7D2-6B19EC3458C7}.RelWithDebInfo|Win32.ActiveCfg = RelWithDebInfo|Win32
		{AFA77932-774B-3415-B7D2-6B19EC3458C7}.RelWithDebInfo|Win32.Build.0 = RelWithDebInfo|Win32
		{2DEBE3BD-66B3-3995-93A4-E5E696385994}.Debug|Win32.ActiveCfg = Debug|Win32
		{2DEBE3BD-66B3-3995-93A4-E5E696385994}.Debug|Win32.Build.0 = Debug|Win32
		{2DEBE3BD-66B3-3995-93A4-E5E696385994}.Release|Win32.ActiveCfg = Release|Win32
		{2DEBE3BD-66B3-3995-93A4-E5E696385994}.Release|Win32.Build.0 = Release|Win32
		{2DEBE3BD-66B3-3995-93A4-E5E696385994}.MinSizeRel|Win32.ActiveCfg = MinSizeRel|Win32
		{2DEBE3BD-66B3-3995-93A4-E5E696385994}.MinSizeRel|Win32.Build.0 = MinSizeRel|Win32
		{2DEBE3BD-66B3-3995-93A4-E5E696385994}.RelWithDebInfo|Win32.ActiveCfg = RelWithDebInfo|Win32
		{2DEBE3BD-66B3-3995-93A4-E5E696385994}.RelWithDebInfo|Win32.Build.0 = RelWithDebInfo|Win32
		{04051016-4009-3B85-8F74-C24EE659BB77}.Debug|Win32.ActiveCfg = Debug|Win32
		{04051016-4009-3B85-8F74-C24EE659BB77}.Debug|Win32.Build.0 = Debug|Win32
		{04051016-4009-3B85-8F74-C24EE659BB77}.Release|Win32.ActiveCfg = Release|Win32
		{04051016-4009-3B85-8F74-C24EE659BB77}.Release|Win32.Build.0 = Release|Win32
		{04051016-4009-3B85-8F74-C24EE659BB77}.MinSizeRel|Win32.ActiveCfg = MinSizeRel|Win32
		{04051016-4009-3B85-8F74-C24EE659BB77}.MinSizeRel|Win32.Build.0 = MinSizeRel|Win32
		{04051016-4009-3B85-8F74-C24EE659BB77}.RelWithDebInfo|Win32.ActiveCfg = RelWithDebInfo|Win32
		{04051016-4009-3B85-8F74-C24EE659BB77}.RelWithDebInfo|Win32.Build.0 = RelWithDebInfo|Win32
		{8104D76B-E93C-3C39-8E98-B404FDA5441A}.Debug|Win32.ActiveCfg = Debug|Win32
		{8104D76B-E93C-3C39-8E98-B404FDA5441A}.Debug|Win32.Build.0 = Debug|Win32
		{8104D76B-E93C-3C39-8E98-B404FDA5441A}.Release|Win32.ActiveCfg = Release|Win32
		{8104D76B-E93C-3C39-8E98-B404FDA5441A}.Release|Win32.Build.0 = Release|Win32
		{8104D76B-E93C-3C39-8E98-B404FDA5441A}.MinSizeRel|Win32.ActiveCfg = MinSizeRel|Win32
		{8104D76B-E93C-3C39-8E98-B404FDA5441A}.MinSizeRel|Win32.Build.0 = MinSizeRel|Win32
		{8104D76B-E93C-3C39-8E98-B404FDA5441A}.RelWithDebInfo|Win32.ActiveCfg = RelWithDebInfo|Win32
		{8104D76B-E93C-3C39-8E98-B404FDA5441A}.RelWithDebInfo|Win32.Build.0 = RelWithDebInfo|Win32
		{96E4B04F-6FA4-3E9E-81D6-6939D040ED9F}.Debug|Win32.ActiveCfg = Debug|Win32
		{96E4B04F-6FA4-3E9E-81D6-6939D040ED9F}.Debug|Win32.Build.0 = Debug|Win32
		{96E4B04F-6FA4-3E9E-81D6-6939D040ED9F}.Release|Win32.ActiveCfg = Release|Win32
		{96E4B04F-6FA4-3E9E-81D6-6939D040ED9F}.Release|Win32.Build.0 = Release|Win32
		{96E4B04F-6FA4-3E9E-81D6-6939D040ED9F}.MinSizeRel|Win32.ActiveCfg = MinSizeRel|Win32
		{96E4B04F-6FA4-3E9E-81D6-6939D040ED9F}.MinSizeRel|Win32.Build.0 = MinSizeRel|Win32
		{96E4B04F-6FA4-3E9E-81D6-6939D040ED9F}.RelWithDebInfo|Win32.ActiveCfg = RelWithDebInfo|Win32
		{96E4B04F-6FA4-3E9E-81D6-6939D040ED9F}.RelWithDebInfo|Win32.Build.0 = RelWithDebInfo|Win32
		{63DEEE84-B898-3676-B2E5-78F5AE66387C}.Debug|Win32.ActiveCfg = Debug|Win32
		{63DEEE84-B898-3676-B2E5-78F5AE66387C}.Debug|Win32.Build.0 = Debug|Win32
		{63DEEE84-B898-3676-B2E5-78F5AE66387C}.Release|Win32.ActiveCfg = Release|Win32
		{63DEEE84-B898-3676-B2E5-78F5AE66387C}.Release|Win32.Build.0 = Release|Win32
		{63DEEE84-B898-3676-B2E5-78F5AE66387C}.MinSizeRel|Win32.ActiveCfg = MinSizeRel|Win32
		{63DEEE84-B898-3676-B2E5-78F5AE66387C}.MinSizeRel|Win32.Build.0 = MinSizeRel|Win32
		{63DEEE84-B898-3676-B2E5-78F5AE66387C}.RelWithDebInfo|Win32.ActiveCfg = RelWithDebInfo|Win32
		{63DEEE84-B898-3676-B2E5-78F5AE66387C}.RelWithDebInfo|Win32.Build.0 = RelWithDebInfo|Win32
		{954D6C08-7ABD-3EF5-A3E2-DDEBB5A6E6D4}.Debug|Win32.ActiveCfg = Debug|Win32
		{954D6C08-7ABD-3EF5-A3E2-DDEBB5A6E6D4}.Debug|Win32.Build.0 = Debug|Win32
		{954D6C08-7ABD-3EF5-A3E2-DDEBB5A6E6D4}.Release|Win32.ActiveCfg = Release|Win32
		{954D6C08-7ABD-3EF5-A3E2-DDEBB5A6E6D4}.Release|Win32.Build.0 = Release|Win32
		{954D6C08-7ABD-3EF5-A3E2-DDEBB5A6E6D4}.MinSizeRel|Win32.ActiveCfg = MinSizeRel|Win32
		{954D6C08-7ABD-3EF5-A3E2-DDEBB5A6E6D4}.MinSizeRel|Win32.Build.0 = MinSizeRel|Win32
		{954D6C08-7ABD-3EF5-A3E2-DDEBB5A6E6D4}.RelWithDebInfo|Win32.ActiveCfg = RelWithDebInfo|Win32
		{954D6C08-7ABD-3EF5-A3E2-DDEBB5A6E6D4}.RelWithDebInfo|Win32.Build.0 = RelWithDebInfo|Win32
		{4CCDD218-8B33-3EBB-971B-FED6AC3A856F}.Debug|Win32.ActiveCfg = Debug|Win32
		{4CCDD218-8B33-3EBB-971B-FED6AC3A856F}.Debug|Win32.Build.0 = Debug|Win32
		{4CCDD218-8B33-3EBB-971B-FED6AC3A856F}.Release|Win32.ActiveCfg = Release|Win32
		{4CCDD218-8B33-3EBB-971B-FED6AC3A856F}.Release|Win32.Build.0 = Release|Win32
		{4CCDD218-8B33-3EBB-971B-FED6AC3A856F}.MinSizeRel|Win32.ActiveCfg = MinSizeRel|Win32
		{4CCDD218-8B33-3EBB-971B-FED6AC3A856F}.MinSizeRel|Win32.Build.0 = MinSizeRel|Win32
		{4CCDD218-8B33-3EBB-971B-FED6AC3A856F}.RelWithDebInfo|Win32.ActiveCfg = RelWithDebInfo|Win32
		{4CCDD218-8B33-3EBB-971B-FED6AC3A856F}.RelWithDebInfo|Win32.Build.0 = RelWithDebInfo|Win32
		{146D8358-A71A-3BA4-BDA5-3E972E0780C9}.Debug|Win32.ActiveCfg = Debug|Win32
		{146D8358-A71A-3BA4-BDA5-3E972E0780C9}.Debug|Win32.Build.0 = Debug|Win32
		{146D8358-A71A-3BA4-BDA5-3E972E0780C9}.Release|Win32.ActiveCfg = Release|Win32
		{146D8358-A71A-3BA4-BDA5-3E972E0780C9}.Release|Win32.Build.0 = Release|Win32
		{146D8358-A71A-3BA4-BDA5-3E972E0780C9}.MinSizeRel|Win32.ActiveCfg = MinSizeRel|Win32
		{146D8358-A71A-3BA4-BDA5-3E972E0780C9}.MinSizeRel|Win32.Build.0 = MinSizeRel|Win32
		{146D8358-A71A-3BA4-BDA5-3E972E0780C9}.RelWithDebInfo|Win32.ActiveCfg = RelWithDebInfo|Win32
		{146D8358-A71A-3BA4-BDA5-3E972E0780C9}.RelWithDebInfo|Win32.Build.0 = RelWithDebInfo|Win32
		{47A07CBE-580D-345F-ADB3-B15E5F0AC505}.Debug|Win32.ActiveCfg = Debug|Win32
		{47A07CBE-580D-345F-ADB3-B15E5F0AC505}.Debug|Win32.Build.0 = Debug|Win32
		{47A07CBE-580D-345F-ADB3-B15E5F0AC505}.Release|Win32.ActiveCfg = Release|Win32
		{47A07CBE-580D-345F-ADB3-B15E5F0AC505}.Release|Win32.Build.0 = Release|Win32
		{47A07CBE-580D-345F-ADB3-B15E5F0AC505}.MinSizeRel|Win32.ActiveCfg = MinSizeRel|Win32
		{47A07CBE-580D-345F-ADB3-B15E5F0AC505}.MinSizeRel|Win32.Build.0 = MinSizeRel|Win32
		{47A07CBE-580D-345F-ADB3-B15E5F0AC505}.RelWithDebInfo|Win32.ActiveCfg = RelWithDebInfo|Win32
		{47A07CBE-580D-345F-ADB3-B15E5F0AC505}.RelWithDebInfo|Win32.Build.0 = RelWithDebInfo|Win32
		{87315B88-629E-30A9-9C48-42C6F04A7D75}.Debug|Win32.ActiveCfg = Debug|Win32
		{87315B88-629E-30A9-9C48-42C6F04A7D75}.Release|Win32.ActiveCfg = Release|Win32
		{87315B88-629E-30A9-9C48-42C6F04A7D75}.MinSizeRel|Win32.ActiveCfg = MinSizeRel|Win32
		{87315B88-629E-30A9-9C48-42C6F04A7D75}.RelWithDebInfo|Win32.ActiveCfg = RelWithDebInfo|Win32
		{F452A200-A3DB-3161-93E2-944C3A8E6AD5}.Debug|Win32.ActiveCfg = Debug|Win32
		{F452A200-A3DB-3161-93E2-944C3A8E6AD5}.Debug|Win32.Build.0 = Debug|Win32
		{F452A200-A3DB-3161-93E2-944C3A8E6AD5}.Release|Win32.ActiveCfg = Release|Win32
		{F452A200-A3DB-3161-93E2-944C3A8E6AD5}.Release|Win32.Build.0 = Release|Win32
		{F452A200-A3DB-3161-93E2-944C3A8E6AD5}.MinSizeRel|Win32.ActiveCfg = MinSizeRel|Win32
		{F452A200-A3DB-3161-93E2-944C3A8E6AD5}.MinSizeRel|Win32.Build.0 = MinSizeRel|Win32
		{F452A200-A3DB-3161-93E2-944C3A8E6AD5}.RelWithDebInfo|Win32.ActiveCfg = RelWithDebInfo|Win32
		{F452A200-A3DB-3161-93E2-944C3A8E6AD5}.RelWithDebInfo|Win32.Build.0 = RelWithDebInfo|Win32
		{6F7C44B7-0E85-3A1C-99F6-F0D65B23DBF1}.Debug|Win32.ActiveCfg = Debug|Win32
		{6F7C44B7-0E85-3A1C-99F6-F0D65B23DBF1}.Debug|Win32.Build.0 = Debug|Win32
		{6F7C44B7-0E85-3A1C-99F6-F0D65B23DBF1}.Release|Win32.ActiveCfg = Release|Win32
		{6F7C44B7-0E85-3A1C-99F6-F0D65B23DBF1}.Release|Win32.Build.0 = Release|Win32
		{6F7C44B7-0E85-3A1C-99F6-F0D65B23DBF1}.MinSizeRel|Win32.ActiveCfg = MinSizeRel|Win32
		{6F7C44B7-0E85-3A1C-99F6-F0D65B23DBF1}.MinSizeRel|Win32.Build.0 = MinSizeRel|Win32
		{6F7C44B7-0E85-3A1C-99F6-F0D65B23DBF1}.RelWithDebInfo|Win32.ActiveCfg = RelWithDebInfo|Win32
		{6F7C44B7-0E85-3A1C-99F6-F0D65B23DBF1}.RelWithDebInfo|Win32.Build.0 = RelWithDebInfo|Win32
		{CB495E07-CD5A-3FBA-A262-CF3A98E4157E}.Debug|Win32.ActiveCfg = Debug|Win32
		{CB495E07-CD5A-3FBA-A262-CF3A98E4157E}.Debug|Win32.Build.0 = Debug|Win32
		{CB495E07-CD5A-3FBA-A262-CF3A98E4157E}.Release|Win32.ActiveCfg = Release|Win32
		{CB495E07-CD5A-3FBA-A262-CF3A98E4157E}.Release|Win32.Build.0 = Release|Win32
		{CB495E07-CD5A-3FBA-A262-CF3A98E4157E}.MinSizeRel|Win32.ActiveCfg = MinSizeRel|Win32
		{CB495E07-CD5A-3FBA-A262-CF3A98E4157E}.MinSizeRel|Win32.Build.0 = MinSizeRel|Win32
		{CB495E07-CD5A-3FBA-A262-CF3A98E4157E}.RelWithDebInfo|Win32.ActiveCfg = RelWithDebInfo|Win32
		{CB495E07-CD5A-3FBA-A262-CF3A98E4157E}.RelWithDebInfo|Win32.Build.0 = RelWithDebInfo|Win32
	EndGlobalSection
	GlobalSection(NestedProjects) = preSolution
		{6D2D3E86-4B3D-304C-A67C-F04126426FAC} = {B31666DE-1526-3D58-B0D5-4EF913EFA855}
		{BE3ED7BD-78F1-3666-ACF4-E51F1AA61B37} = {B31666DE-1526-3D58-B0D5-4EF913EFA855}
		{BF47A069-65F5-3FBD-80DC-D0153F1B2F04} = {B31666DE-1526-3D58-B0D5-4EF913EFA855}
		{B49028E0-AB60-3D13-8BAE-D9F29F0CA3B6} = {D48CF98C-F9B2-3DC6-B789-8F3336710471}
		{F0BE6A51-F400-375E-A56A-836F8E24DDFB} = {D48CF98C-F9B2-3DC6-B789-8F3336710471}
		{62F8F5CF-A5D9-3C19-8FB4-6528D810CB92} = {D48CF98C-F9B2-3DC6-B789-8F3336710471}
		{012840BD-F0D0-38B5-8438-9F16AB743262} = {B49028E0-AB60-3D13-8BAE-D9F29F0CA3B6}
		{CCFE6231-6FA0-3F93-B697-409252E3CA6B} = {B49028E0-AB60-3D13-8BAE-D9F29F0CA3B6}
		{D715C16A-08C7-3019-A77B-6A492D12DF79} = {B49028E0-AB60-3D13-8BAE-D9F29F0CA3B6}
		{04051016-4009-3B85-8F74-C24EE659BB77} = {B49028E0-AB60-3D13-8BAE-D9F29F0CA3B6}
		{63DEEE84-B898-3676-B2E5-78F5AE66387C} = {B49028E0-AB60-3D13-8BAE-D9F29F0CA3B6}
		{954D6C08-7ABD-3EF5-A3E2-DDEBB5A6E6D4} = {B49028E0-AB60-3D13-8BAE-D9F29F0CA3B6}
		{F452A200-A3DB-3161-93E2-944C3A8E6AD5} = {B49028E0-AB60-3D13-8BAE-D9F29F0CA3B6}
		{014928E9-AEAC-3E78-8268-E4FF3F23F27A} = {F0BE6A51-F400-375E-A56A-836F8E24DDFB}
		{D1E285DD-FCAE-3885-A8D0-ACB224188F2F} = {F0BE6A51-F400-375E-A56A-836F8E24DDFB}
		{528E1EF1-7A84-325C-B7B9-875940AC7BA5} = {F0BE6A51-F400-375E-A56A-836F8E24DDFB}
		{90D47BE7-BFE4-33EF-8B5C-F678BD0C0971} = {F0BE6A51-F400-375E-A56A-836F8E24DDFB}
		{77F6BDA8-5A94-3FAC-AB75-F17997A0CB30} = {F0BE6A51-F400-375E-A56A-836F8E24DDFB}
		{C31F0DC9-A3BF-33FA-8F67-5887415F93CC} = {F0BE6A51-F400-375E-A56A-836F8E24DDFB}
		{2F9B4277-BE1A-3E73-9460-45C74985631F} = {F0BE6A51-F400-375E-A56A-836F8E24DDFB}
		{099A9BEF-C72E-3047-B72E-B82237D0DFCE} = {F0BE6A51-F400-375E-A56A-836F8E24DDFB}
		{AFA77932-774B-3415-B7D2-6B19EC3458C7} = {F0BE6A51-F400-375E-A56A-836F8E24DDFB}
		{2DEBE3BD-66B3-3995-93A4-E5E696385994} = {F0BE6A51-F400-375E-A56A-836F8E24DDFB}
		{8104D76B-E93C-3C39-8E98-B404FDA5441A} = {F0BE6A51-F400-375E-A56A-836F8E24DDFB}
		{96E4B04F-6FA4-3E9E-81D6-6939D040ED9F} = {F0BE6A51-F400-375E-A56A-836F8E24DDFB}
		{4CCDD218-8B33-3EBB-971B-FED6AC3A856F} = {F0BE6A51-F400-375E-A56A-836F8E24DDFB}
		{146D8358-A71A-3BA4-BDA5-3E972E0780C9} = {F0BE6A51-F400-375E-A56A-836F8E24DDFB}
		{47A07CBE-580D-345F-ADB3-B15E5F0AC505} = {F0BE6A51-F400-375E-A56A-836F8E24DDFB}
		{6F7C44B7-0E85-3A1C-99F6-F0D65B23DBF1} = {F0BE6A51-F400-375E-A56A-836F8E24DDFB}
	EndGlobalSection
	GlobalSection(ExtensibilityGlobals) = postSolution
		SolutionGuid = {3CE10175-2018-379B-A054-EEE5D78C12C5}
	EndGlobalSection
	GlobalSection(ExtensibilityAddIns) = postSolution
	EndGlobalSection
EndGlobal
