<?xml version="1.0" encoding="utf-8"?>
<Project ToolsVersion="15.0" xmlns="http://schemas.microsoft.com/developer/msbuild/2003">
  <ItemGroup>
    <ClCompile Include="D:\ArgentieriOlivier\PullGithub\CPP_Fred\OpenGl_Sample\main\main.cpp">
      <Filter>Source Files</Filter>
    </ClCompile>
    <ClCompile Include="D:\ArgentieriOlivier\PullGithub\CPP_Fred\OpenGl_Sample\common\shader.cpp">
      <Filter>common</Filter>
    </ClCompile>
    <ClCompile Include="D:\ArgentieriOlivier\PullGithub\CPP_Fred\OpenGl_Sample\common\controls.cpp">
      <Filter>common</Filter>
    </ClCompile>
    <ClCompile Include="D:\ArgentieriOlivier\PullGithub\CPP_Fred\OpenGl_Sample\common\texture.cpp">
      <Filter>common</Filter>
    </ClCompile>
    <ClCompile Include="D:\ArgentieriOlivier\PullGithub\CPP_Fred\OpenGl_Sample\common\objloader.cpp">
      <Filter>common</Filter>
    </ClCompile>
    <ClCompile Include="D:\ArgentieriOlivier\PullGithub\CPP_Fred\OpenGl_Sample\main\gameReseau\window\gr_window.cpp">
      <Filter>gameReseau\window</Filter>
    </ClCompile>
    <ClCompile Include="D:\ArgentieriOlivier\PullGithub\CPP_Fred\OpenGl_Sample\main\gameReseau\renderer\gr_renderer.cpp">
      <Filter>gameReseau\renderer</Filter>
    </ClCompile>
    <ClCompile Include="D:\ArgentieriOlivier\PullGithub\CPP_Fred\OpenGl_Sample\main\gameReseau\gameObject\gr_gameObject.cpp">
      <Filter>gameReseau\gameObject</Filter>
    </ClCompile>
    <ClCompile Include="D:\ArgentieriOlivier\PullGithub\CPP_Fred\OpenGl_Sample\main\gameReseau\color\gr_color.cpp">
      <Filter>gameReseau\color</Filter>
    </ClCompile>
    <ClCompile Include="D:\ArgentieriOlivier\PullGithub\CPP_Fred\OpenGl_Sample\main\gameReseau\transform\gr_transform.cpp">
      <Filter>gameReseau\transform</Filter>
    </ClCompile>
    <ClCompile Include="D:\ArgentieriOlivier\PullGithub\CPP_Fred\OpenGl_Sample\main\gameReseau\gameObject\objGameObject\gr_objGameObject.cpp">
      <Filter>gameReseau\gameObject\objGameObject</Filter>
    </ClCompile>
  </ItemGroup>
  <ItemGroup>
    <ClInclude Include="D:\ArgentieriOlivier\PullGithub\CPP_Fred\OpenGl_Sample\common\shader.hpp">
      <Filter>common</Filter>
    </ClInclude>
    <ClInclude Include="D:\ArgentieriOlivier\PullGithub\CPP_Fred\OpenGl_Sample\common\controls.hpp">
      <Filter>common</Filter>
    </ClInclude>
    <ClInclude Include="D:\ArgentieriOlivier\PullGithub\CPP_Fred\OpenGl_Sample\common\texture.hpp">
      <Filter>common</Filter>
    </ClInclude>
    <ClInclude Include="D:\ArgentieriOlivier\PullGithub\CPP_Fred\OpenGl_Sample\common\objloader.hpp">
      <Filter>common</Filter>
    </ClInclude>
    <ClInclude Include="D:\ArgentieriOlivier\PullGithub\CPP_Fred\OpenGl_Sample\main\gameReseau\window\gr_window.hpp">
      <Filter>gameReseau\window</Filter>
    </ClInclude>
    <ClInclude Include="D:\ArgentieriOlivier\PullGithub\CPP_Fred\OpenGl_Sample\main\gameReseau\renderer\gr_renderer.hpp">
      <Filter>gameReseau\renderer</Filter>
    </ClInclude>
    <ClInclude Include="D:\ArgentieriOlivier\PullGithub\CPP_Fred\OpenGl_Sample\main\gameReseau\gameObject\gr_gameObject.hpp">
      <Filter>gameReseau\gameObject</Filter>
    </ClInclude>
    <ClInclude Include="D:\ArgentieriOlivier\PullGithub\CPP_Fred\OpenGl_Sample\main\gameReseau\color\gr_color.hpp">
      <Filter>gameReseau\color</Filter>
    </ClInclude>
    <ClInclude Include="D:\ArgentieriOlivier\PullGithub\CPP_Fred\OpenGl_Sample\main\gameReseau\transform\gr_transform.hpp">
      <Filter>gameReseau\transform</Filter>
    </ClInclude>
    <ClInclude Include="D:\ArgentieriOlivier\PullGithub\CPP_Fred\OpenGl_Sample\main\gameReseau\gameObject\objGameObject\gr_objGameObject.hpp">
      <Filter>gameReseau\gameObject\objGameObject</Filter>
    </ClInclude>
  </ItemGroup>
  <ItemGroup>
    <CustomBuild Include="D:\ArgentieriOlivier\PullGithub\CPP_Fred\OpenGl_Sample\CMakeLists.txt" />
  </ItemGroup>
  <ItemGroup>
    <None Include="D:\ArgentieriOlivier\PullGithub\CPP_Fred\OpenGl_Sample\main\TransformVertexShader.vertexshader">
      <Filter>shaders</Filter>
    </None>
    <None Include="D:\ArgentieriOlivier\PullGithub\CPP_Fred\OpenGl_Sample\main\TextureFragmentShader.fragmentshader">
      <Filter>shaders</Filter>
    </None>
  </ItemGroup>
  <ItemGroup>
    <Filter Include="Source Files">
      <UniqueIdentifier>{98E03E28-C311-3017-A01B-B4FF50D4FBC7}</UniqueIdentifier>
    </Filter>
    <Filter Include="common">
      <UniqueIdentifier>{4FEEE4B9-2E77-3C70-BD2B-7542A90BB6C9}</UniqueIdentifier>
    </Filter>
    <Filter Include="gameReseau">
      <UniqueIdentifier>{8E191CB7-859A-3D63-9112-25E8784B54CC}</UniqueIdentifier>
    </Filter>
    <Filter Include="gameReseau\color">
      <UniqueIdentifier>{E58FF5FC-2488-3957-9254-3BFDE619520C}</UniqueIdentifier>
    </Filter>
    <Filter Include="gameReseau\gameObject">
      <UniqueIdentifier>{FD2E020D-2589-3320-8407-2A5D5260F16A}</UniqueIdentifier>
    </Filter>
    <Filter Include="gameReseau\gameObject\objGameObject">
      <UniqueIdentifier>{1C6B09A0-0AC5-32BF-9C20-8F7D1BF27E59}</UniqueIdentifier>
    </Filter>
    <Filter Include="gameReseau\renderer">
      <UniqueIdentifier>{A647B329-4163-34A9-BCDE-8541AED5A40E}</UniqueIdentifier>
    </Filter>
    <Filter Include="gameReseau\transform">
      <UniqueIdentifier>{07021E30-637E-30B8-8A8A-2D2E95F4B8C4}</UniqueIdentifier>
    </Filter>
    <Filter Include="gameReseau\window">
      <UniqueIdentifier>{3B116D43-B373-35E6-B9C0-20AEA329E8D3}</UniqueIdentifier>
    </Filter>
    <Filter Include="shaders">
      <UniqueIdentifier>{05815B97-CE74-3BCF-869D-7CD3513E4DD1}</UniqueIdentifier>
    </Filter>
  </ItemGroup>
</Project>
