<?xml version="1.0" encoding="utf-8"?>
<Project ToolsVersion="15.0" xmlns="http://schemas.microsoft.com/developer/msbuild/2003">
  <ItemGroup>
    <ClCompile Include="D:\ArgentieriOlivier\PullGithub\CPP_Fred\OpenGl_Sample\main\main.cpp">
      <Filter>Source Files</Filter>
    </ClCompile>
    <ClCompile Include="D:\ArgentieriOlivier\PullGithub\CPP_Fred\OpenGl_Sample\common\shader.cpp">
      <Filter>common</Filter>
    </ClCompile>
    <ClCompile Include="D:\ArgentieriOlivier\PullGithub\CPP_Fred\OpenGl_Sample\common\controls.cpp">
      <Filter>common</Filter>
    </ClCompile>
    <ClCompile Include="D:\ArgentieriOlivier\PullGithub\CPP_Fred\OpenGl_Sample\common\texture.cpp">
      <Filter>common</Filter>
    </ClCompile>
    <ClCompile Include="D:\ArgentieriOlivier\PullGithub\CPP_Fred\OpenGl_Sample\common\objloader.cpp">
      <Filter>common</Filter>
    </ClCompile>
  </ItemGroup>
  <ItemGroup>
    <ClInclude Include="D:\ArgentieriOlivier\PullGithub\CPP_Fred\OpenGl_Sample\common\shader.hpp">
      <Filter>common</Filter>
    </ClInclude>
    <ClInclude Include="D:\ArgentieriOlivier\PullGithub\CPP_Fred\OpenGl_Sample\common\controls.hpp">
      <Filter>common</Filter>
    </ClInclude>
    <ClInclude Include="D:\ArgentieriOlivier\PullGithub\CPP_Fred\OpenGl_Sample\common\texture.hpp">
      <Filter>common</Filter>
    </ClInclude>
    <ClInclude Include="D:\ArgentieriOlivier\PullGithub\CPP_Fred\OpenGl_Sample\common\objloader.hpp">
      <Filter>common</Filter>
    </ClInclude>
  </ItemGroup>
  <ItemGroup>
    <CustomBuild Include="D:\ArgentieriOlivier\PullGithub\CPP_Fred\OpenGl_Sample\CMakeLists.txt" />
  </ItemGroup>
  <ItemGroup>
    <None Include="D:\ArgentieriOlivier\PullGithub\CPP_Fred\OpenGl_Sample\main\TransformVertexShader.vertexshader">
      <Filter>shaders</Filter>
    </None>
    <None Include="D:\ArgentieriOlivier\PullGithub\CPP_Fred\OpenGl_Sample\main\TextureFragmentShader.fragmentshader">
      <Filter>shaders</Filter>
    </None>
  </ItemGroup>
  <ItemGroup>
    <Filter Include="Source Files">
      <UniqueIdentifier>{F7908D0D-836E-3C18-BC07-C7509BF50E69}</UniqueIdentifier>
    </Filter>
    <Filter Include="common">
      <UniqueIdentifier>{3B1FE66E-C251-3CB7-A598-3B4CD0515E4C}</UniqueIdentifier>
    </Filter>
    <Filter Include="shaders">
      <UniqueIdentifier>{F84EE60B-84B1-3C1F-87C2-C50C49C4819D}</UniqueIdentifier>
    </Filter>
  </ItemGroup>
</Project>