Microsoft Visual Studio Solution File, Format Version 12.00
# Visual Studio 15
Project("{2150E333-8FDC-42A3-9474-1A3956D46DE8}") = "CMakePredefinedTargets", "CMakePredefinedTargets", "{2AA715E2-4823-368B-82D0-FA87C5E3E049}"
EndProject
Project("{2150E333-8FDC-42A3-9474-1A3956D46DE8}") = "GLFW3", "GLFW3", "{0A37EA57-6C87-3628-A95E-99DD4A76FE8A}"
EndProject
Project("{2150E333-8FDC-42A3-9474-1A3956D46DE8}") = "Examples", "GLFW3\Examples", "{5EC2DDA8-A63F-32DC-AAA8-C5BE0F388BD8}"
EndProject
Project("{2150E333-8FDC-42A3-9474-1A3956D46DE8}") = "Tests", "GLFW3\Tests", "{5612FC07-F8C5-3316-9EC5-C1CC0B5BD162}"
EndProject
Project("{8BC9CEB8-8B4A-11D0-8D11-00A0C91BC942}") = "ALL_BUILD", "ALL_BUILD.vcxproj", "{EFC15944-4CF6-35B1-A991-8A70B60D7116}"
	ProjectSection(ProjectDependencies) = postProject
		{040C7E47-B133-3164-8E8D-AFAF7C09B470} = {040C7E47-B133-3164-8E8D-AFAF7C09B470}
		{83D72510-07E7-388D-9D9D-78E59EF9E185} = {83D72510-07E7-388D-9D9D-78E59EF9E185}
		{655AAD80-DDE8-31D6-AD2E-6B60EC8AB2F2} = {655AAD80-DDE8-31D6-AD2E-6B60EC8AB2F2}
		{DFE4E906-154C-3937-B5A0-615356E8A539} = {DFE4E906-154C-3937-B5A0-615356E8A539}
		{EC47EAF7-BF8C-36F9-8447-88D0697CCC06} = {EC47EAF7-BF8C-36F9-8447-88D0697CCC06}
		{E4DF7E2E-5ADE-3DF0-B649-269D1C011590} = {E4DF7E2E-5ADE-3DF0-B649-269D1C011590}
		{FC046E6B-CDF3-3852-B08D-E873F12B9CDA} = {FC046E6B-CDF3-3852-B08D-E873F12B9CDA}
		{DD1F4593-9FFB-3B74-9096-C53D011563E6} = {DD1F4593-9FFB-3B74-9096-C53D011563E6}
		{74BE7358-2DC9-3097-924C-2CBBC7714C37} = {74BE7358-2DC9-3097-924C-2CBBC7714C37}
		{CF2A6C11-6535-36B1-9BDB-A75448BB6EDD} = {CF2A6C11-6535-36B1-9BDB-A75448BB6EDD}
		{DB07CEC6-8C1A-3778-A37A-C9CB88AE0D33} = {DB07CEC6-8C1A-3778-A37A-C9CB88AE0D33}
		{E8396083-12B3-3032-8801-2C8D8865BC81} = {E8396083-12B3-3032-8801-2C8D8865BC81}
		{E371BDDB-1612-31BC-A016-B2A5ADE7282D} = {E371BDDB-1612-31BC-A016-B2A5ADE7282D}
		{7F792114-D135-37EC-B415-1A585064A95B} = {7F792114-D135-37EC-B415-1A585064A95B}
		{2A030648-3E80-386E-9CF6-154C3F767E93} = {2A030648-3E80-386E-9CF6-154C3F767E93}
		{689C0940-CC0D-3372-AEC0-D45D2F1DF1BB} = {689C0940-CC0D-3372-AEC0-D45D2F1DF1BB}
		{06D88BEC-B5A3-364A-B5D5-0D7BD5F0F926} = {06D88BEC-B5A3-364A-B5D5-0D7BD5F0F926}
		{BFD0FC14-BF9C-38DC-A588-297AC2EE3962} = {BFD0FC14-BF9C-38DC-A588-297AC2EE3962}
		{B6783B1A-08ED-3F47-B3F7-1DB1B6CB61CD} = {B6783B1A-08ED-3F47-B3F7-1DB1B6CB61CD}
		{F3A9B749-6B66-3F82-9C58-DC3E28B42A51} = {F3A9B749-6B66-3F82-9C58-DC3E28B42A51}
		{D17812CE-EA5E-3557-B3A8-551B2FFBCC93} = {D17812CE-EA5E-3557-B3A8-551B2FFBCC93}
		{0EB01FF7-5F7C-354A-947B-4B85D52816C0} = {0EB01FF7-5F7C-354A-947B-4B85D52816C0}
		{F2D14F04-B04F-319F-85AA-C65A24E9E45D} = {F2D14F04-B04F-319F-85AA-C65A24E9E45D}
		{A41233F9-B840-340D-B001-E9F85FF76C59} = {A41233F9-B840-340D-B001-E9F85FF76C59}
		{30E5F726-59F2-30C1-9AE0-760CEF89AD5B} = {30E5F726-59F2-30C1-9AE0-760CEF89AD5B}
		{05B2E4D9-FAE9-343F-9D97-4C05DEA30F76} = {05B2E4D9-FAE9-343F-9D97-4C05DEA30F76}
		{5933772D-C519-38CA-846C-1D4C0D098D05} = {5933772D-C519-38CA-846C-1D4C0D098D05}
		{D0A6DBB6-D29B-31C9-A29A-795ED7B0597A} = {D0A6DBB6-D29B-31C9-A29A-795ED7B0597A}
		{93E60441-1D57-3142-9DE0-0CC4094F169D} = {93E60441-1D57-3142-9DE0-0CC4094F169D}
		{BBF53B1C-A5C7-3A32-8CAA-9F5AF6295443} = {BBF53B1C-A5C7-3A32-8CAA-9F5AF6295443}
		{DA3B620D-07DF-35F1-AEF1-A7E4C738AD46} = {DA3B620D-07DF-35F1-AEF1-A7E4C738AD46}
		{441418E4-DF33-3CCE-B5E4-F149C70952CC} = {441418E4-DF33-3CCE-B5E4-F149C70952CC}
		{8FF634EB-DB34-369D-A479-32EE32B4BB98} = {8FF634EB-DB34-369D-A479-32EE32B4BB98}
		{67A2F45F-A077-3C8B-A385-819CDD703FBF} = {67A2F45F-A077-3C8B-A385-819CDD703FBF}
	EndProjectSection
EndProject
Project("{8BC9CEB8-8B4A-11D0-8D11-00A0C91BC942}") = "ANTTWEAKBAR_116_OGLCORE_GLFW", "external\ANTTWEAKBAR_116_OGLCORE_GLFW.vcxproj", "{040C7E47-B133-3164-8E8D-AFAF7C09B470}"
	ProjectSection(ProjectDependencies) = postProject
		{FC046E6B-CDF3-3852-B08D-E873F12B9CDA} = {FC046E6B-CDF3-3852-B08D-E873F12B9CDA}
	EndProjectSection
EndProject
Project("{8BC9CEB8-8B4A-11D0-8D11-00A0C91BC942}") = "BulletCollision", "external\bullet-2.81-rev2613\src\BulletCollision\BulletCollision.vcxproj", "{83D72510-07E7-388D-9D9D-78E59EF9E185}"
	ProjectSection(ProjectDependencies) = postProject
		{FC046E6B-CDF3-3852-B08D-E873F12B9CDA} = {FC046E6B-CDF3-3852-B08D-E873F12B9CDA}
	EndProjectSection
EndProject
Project("{8BC9CEB8-8B4A-11D0-8D11-00A0C91BC942}") = "BulletDynamics", "external\bullet-2.81-rev2613\src\BulletDynamics\BulletDynamics.vcxproj", "{655AAD80-DDE8-31D6-AD2E-6B60EC8AB2F2}"
	ProjectSection(ProjectDependencies) = postProject
		{FC046E6B-CDF3-3852-B08D-E873F12B9CDA} = {FC046E6B-CDF3-3852-B08D-E873F12B9CDA}
	EndProjectSection
EndProject
Project("{8BC9CEB8-8B4A-11D0-8D11-00A0C91BC942}") = "BulletSoftBody", "external\bullet-2.81-rev2613\src\BulletSoftBody\BulletSoftBody.vcxproj", "{DFE4E906-154C-3937-B5A0-615356E8A539}"
	ProjectSection(ProjectDependencies) = postProject
		{FC046E6B-CDF3-3852-B08D-E873F12B9CDA} = {FC046E6B-CDF3-3852-B08D-E873F12B9CDA}
	EndProjectSection
EndProject
Project("{8BC9CEB8-8B4A-11D0-8D11-00A0C91BC942}") = "GLEW_1130", "external\GLEW_1130.vcxproj", "{EC47EAF7-BF8C-36F9-8447-88D0697CCC06}"
	ProjectSection(ProjectDependencies) = postProject
		{FC046E6B-CDF3-3852-B08D-E873F12B9CDA} = {FC046E6B-CDF3-3852-B08D-E873F12B9CDA}
	EndProjectSection
EndProject
Project("{8BC9CEB8-8B4A-11D0-8D11-00A0C91BC942}") = "INSTALL", "INSTALL.vcxproj", "{9F511171-2EB3-3EC6-A70E-1BE8A8DC73E9}"
	ProjectSection(ProjectDependencies) = postProject
		{EFC15944-4CF6-35B1-A991-8A70B60D7116} = {EFC15944-4CF6-35B1-A991-8A70B60D7116}
		{FC046E6B-CDF3-3852-B08D-E873F12B9CDA} = {FC046E6B-CDF3-3852-B08D-E873F12B9CDA}
	EndProjectSection
EndProject
Project("{8BC9CEB8-8B4A-11D0-8D11-00A0C91BC942}") = "LinearMath", "external\bullet-2.81-rev2613\src\LinearMath\LinearMath.vcxproj", "{E4DF7E2E-5ADE-3DF0-B649-269D1C011590}"
	ProjectSection(ProjectDependencies) = postProject
		{FC046E6B-CDF3-3852-B08D-E873F12B9CDA} = {FC046E6B-CDF3-3852-B08D-E873F12B9CDA}
	EndProjectSection
EndProject
Project("{8BC9CEB8-8B4A-11D0-8D11-00A0C91BC942}") = "ZERO_CHECK", "ZERO_CHECK.vcxproj", "{FC046E6B-CDF3-3852-B08D-E873F12B9CDA}"
	ProjectSection(ProjectDependencies) = postProject
	EndProjectSection
EndProject
Project("{8BC9CEB8-8B4A-11D0-8D11-00A0C91BC942}") = "assimp", "external\assimp-3.0.1270\code\assimp.vcxproj", "{DD1F4593-9FFB-3B74-9096-C53D011563E6}"
	ProjectSection(ProjectDependencies) = postProject
		{FC046E6B-CDF3-3852-B08D-E873F12B9CDA} = {FC046E6B-CDF3-3852-B08D-E873F12B9CDA}
		{67A2F45F-A077-3C8B-A385-819CDD703FBF} = {67A2F45F-A077-3C8B-A385-819CDD703FBF}
	EndProjectSection
EndProject
Project("{8BC9CEB8-8B4A-11D0-8D11-00A0C91BC942}") = "boing", "external\glfw-3.1.2\examples\boing.vcxproj", "{74BE7358-2DC9-3097-924C-2CBBC7714C37}"
	ProjectSection(ProjectDependencies) = postProject
		{FC046E6B-CDF3-3852-B08D-E873F12B9CDA} = {FC046E6B-CDF3-3852-B08D-E873F12B9CDA}
		{689C0940-CC0D-3372-AEC0-D45D2F1DF1BB} = {689C0940-CC0D-3372-AEC0-D45D2F1DF1BB}
	EndProjectSection
EndProject
Project("{8BC9CEB8-8B4A-11D0-8D11-00A0C91BC942}") = "clipboard", "external\glfw-3.1.2\tests\clipboard.vcxproj", "{CF2A6C11-6535-36B1-9BDB-A75448BB6EDD}"
	ProjectSection(ProjectDependencies) = postProject
		{FC046E6B-CDF3-3852-B08D-E873F12B9CDA} = {FC046E6B-CDF3-3852-B08D-E873F12B9CDA}
		{689C0940-CC0D-3372-AEC0-D45D2F1DF1BB} = {689C0940-CC0D-3372-AEC0-D45D2F1DF1BB}
	EndProjectSection
EndProject
Project("{8BC9CEB8-8B4A-11D0-8D11-00A0C91BC942}") = "cursor", "external\glfw-3.1.2\tests\cursor.vcxproj", "{DB07CEC6-8C1A-3778-A37A-C9CB88AE0D33}"
	ProjectSection(ProjectDependencies) = postProject
		{FC046E6B-CDF3-3852-B08D-E873F12B9CDA} = {FC046E6B-CDF3-3852-B08D-E873F12B9CDA}
		{689C0940-CC0D-3372-AEC0-D45D2F1DF1BB} = {689C0940-CC0D-3372-AEC0-D45D2F1DF1BB}
	EndProjectSection
EndProject
Project("{8BC9CEB8-8B4A-11D0-8D11-00A0C91BC942}") = "empty", "external\glfw-3.1.2\tests\empty.vcxproj", "{E8396083-12B3-3032-8801-2C8D8865BC81}"
	ProjectSection(ProjectDependencies) = postProject
		{FC046E6B-CDF3-3852-B08D-E873F12B9CDA} = {FC046E6B-CDF3-3852-B08D-E873F12B9CDA}
		{689C0940-CC0D-3372-AEC0-D45D2F1DF1BB} = {689C0940-CC0D-3372-AEC0-D45D2F1DF1BB}
	EndProjectSection
EndProject
Project("{8BC9CEB8-8B4A-11D0-8D11-00A0C91BC942}") = "events", "external\glfw-3.1.2\tests\events.vcxproj", "{E371BDDB-1612-31BC-A016-B2A5ADE7282D}"
	ProjectSection(ProjectDependencies) = postProject
		{FC046E6B-CDF3-3852-B08D-E873F12B9CDA} = {FC046E6B-CDF3-3852-B08D-E873F12B9CDA}
		{689C0940-CC0D-3372-AEC0-D45D2F1DF1BB} = {689C0940-CC0D-3372-AEC0-D45D2F1DF1BB}
	EndProjectSection
EndProject
Project("{8BC9CEB8-8B4A-11D0-8D11-00A0C91BC942}") = "gamma", "external\glfw-3.1.2\tests\gamma.vcxproj", "{7F792114-D135-37EC-B415-1A585064A95B}"
	ProjectSection(ProjectDependencies) = postProject
		{FC046E6B-CDF3-3852-B08D-E873F12B9CDA} = {FC046E6B-CDF3-3852-B08D-E873F12B9CDA}
		{689C0940-CC0D-3372-AEC0-D45D2F1DF1BB} = {689C0940-CC0D-3372-AEC0-D45D2F1DF1BB}
	EndProjectSection
EndProject
Project("{8BC9CEB8-8B4A-11D0-8D11-00A0C91BC942}") = "gears", "external\glfw-3.1.2\examples\gears.vcxproj", "{2A030648-3E80-386E-9CF6-154C3F767E93}"
	ProjectSection(ProjectDependencies) = postProject
		{FC046E6B-CDF3-3852-B08D-E873F12B9CDA} = {FC046E6B-CDF3-3852-B08D-E873F12B9CDA}
		{689C0940-CC0D-3372-AEC0-D45D2F1DF1BB} = {689C0940-CC0D-3372-AEC0-D45D2F1DF1BB}
	EndProjectSection
EndProject
Project("{8BC9CEB8-8B4A-11D0-8D11-00A0C91BC942}") = "glfw", "external\glfw-3.1.2\src\glfw.vcxproj", "{689C0940-CC0D-3372-AEC0-D45D2F1DF1BB}"
	ProjectSection(ProjectDependencies) = postProject
		{FC046E6B-CDF3-3852-B08D-E873F12B9CDA} = {FC046E6B-CDF3-3852-B08D-E873F12B9CDA}
	EndProjectSection
EndProject
Project("{8BC9CEB8-8B4A-11D0-8D11-00A0C91BC942}") = "glfwinfo", "external\glfw-3.1.2\tests\glfwinfo.vcxproj", "{06D88BEC-B5A3-364A-B5D5-0D7BD5F0F926}"
	ProjectSection(ProjectDependencies) = postProject
		{FC046E6B-CDF3-3852-B08D-E873F12B9CDA} = {FC046E6B-CDF3-3852-B08D-E873F12B9CDA}
		{689C0940-CC0D-3372-AEC0-D45D2F1DF1BB} = {689C0940-CC0D-3372-AEC0-D45D2F1DF1BB}
	EndProjectSection
EndProject
Project("{8BC9CEB8-8B4A-11D0-8D11-00A0C91BC942}") = "heightmap", "external\glfw-3.1.2\examples\heightmap.vcxproj", "{BFD0FC14-BF9C-38DC-A588-297AC2EE3962}"
	ProjectSection(ProjectDependencies) = postProject
		{FC046E6B-CDF3-3852-B08D-E873F12B9CDA} = {FC046E6B-CDF3-3852-B08D-E873F12B9CDA}
		{689C0940-CC0D-3372-AEC0-D45D2F1DF1BB} = {689C0940-CC0D-3372-AEC0-D45D2F1DF1BB}
	EndProjectSection
EndProject
Project("{8BC9CEB8-8B4A-11D0-8D11-00A0C91BC942}") = "iconify", "external\glfw-3.1.2\tests\iconify.vcxproj", "{B6783B1A-08ED-3F47-B3F7-1DB1B6CB61CD}"
	ProjectSection(ProjectDependencies) = postProject
		{FC046E6B-CDF3-3852-B08D-E873F12B9CDA} = {FC046E6B-CDF3-3852-B08D-E873F12B9CDA}
		{689C0940-CC0D-3372-AEC0-D45D2F1DF1BB} = {689C0940-CC0D-3372-AEC0-D45D2F1DF1BB}
	EndProjectSection
EndProject
Project("{8BC9CEB8-8B4A-11D0-8D11-00A0C91BC942}") = "joysticks", "external\glfw-3.1.2\tests\joysticks.vcxproj", "{F3A9B749-6B66-3F82-9C58-DC3E28B42A51}"
	ProjectSection(ProjectDependencies) = postProject
		{FC046E6B-CDF3-3852-B08D-E873F12B9CDA} = {FC046E6B-CDF3-3852-B08D-E873F12B9CDA}
		{689C0940-CC0D-3372-AEC0-D45D2F1DF1BB} = {689C0940-CC0D-3372-AEC0-D45D2F1DF1BB}
	EndProjectSection
EndProject
Project("{8BC9CEB8-8B4A-11D0-8D11-00A0C91BC942}") = "main", "main.vcxproj", "{D17812CE-EA5E-3557-B3A8-551B2FFBCC93}"
	ProjectSection(ProjectDependencies) = postProject
		{EC47EAF7-BF8C-36F9-8447-88D0697CCC06} = {EC47EAF7-BF8C-36F9-8447-88D0697CCC06}
		{FC046E6B-CDF3-3852-B08D-E873F12B9CDA} = {FC046E6B-CDF3-3852-B08D-E873F12B9CDA}
		{689C0940-CC0D-3372-AEC0-D45D2F1DF1BB} = {689C0940-CC0D-3372-AEC0-D45D2F1DF1BB}
	EndProjectSection
EndProject
Project("{8BC9CEB8-8B4A-11D0-8D11-00A0C91BC942}") = "monitors", "external\glfw-3.1.2\tests\monitors.vcxproj", "{0EB01FF7-5F7C-354A-947B-4B85D52816C0}"
	ProjectSection(ProjectDependencies) = postProject
		{FC046E6B-CDF3-3852-B08D-E873F12B9CDA} = {FC046E6B-CDF3-3852-B08D-E873F12B9CDA}
		{689C0940-CC0D-3372-AEC0-D45D2F1DF1BB} = {689C0940-CC0D-3372-AEC0-D45D2F1DF1BB}
	EndProjectSection
EndProject
Project("{8BC9CEB8-8B4A-11D0-8D11-00A0C91BC942}") = "msaa", "external\glfw-3.1.2\tests\msaa.vcxproj", "{F2D14F04-B04F-319F-85AA-C65A24E9E45D}"
	ProjectSection(ProjectDependencies) = postProject
		{FC046E6B-CDF3-3852-B08D-E873F12B9CDA} = {FC046E6B-CDF3-3852-B08D-E873F12B9CDA}
		{689C0940-CC0D-3372-AEC0-D45D2F1DF1BB} = {689C0940-CC0D-3372-AEC0-D45D2F1DF1BB}
	EndProjectSection
EndProject
Project("{8BC9CEB8-8B4A-11D0-8D11-00A0C91BC942}") = "particles", "external\glfw-3.1.2\examples\particles.vcxproj", "{A41233F9-B840-340D-B001-E9F85FF76C59}"
	ProjectSection(ProjectDependencies) = postProject
		{FC046E6B-CDF3-3852-B08D-E873F12B9CDA} = {FC046E6B-CDF3-3852-B08D-E873F12B9CDA}
		{689C0940-CC0D-3372-AEC0-D45D2F1DF1BB} = {689C0940-CC0D-3372-AEC0-D45D2F1DF1BB}
	EndProjectSection
EndProject
Project("{8BC9CEB8-8B4A-11D0-8D11-00A0C91BC942}") = "reopen", "external\glfw-3.1.2\tests\reopen.vcxproj", "{30E5F726-59F2-30C1-9AE0-760CEF89AD5B}"
	ProjectSection(ProjectDependencies) = postProject
		{FC046E6B-CDF3-3852-B08D-E873F12B9CDA} = {FC046E6B-CDF3-3852-B08D-E873F12B9CDA}
		{689C0940-CC0D-3372-AEC0-D45D2F1DF1BB} = {689C0940-CC0D-3372-AEC0-D45D2F1DF1BB}
	EndProjectSection
EndProject
Project("{8BC9CEB8-8B4A-11D0-8D11-00A0C91BC942}") = "sharing", "external\glfw-3.1.2\tests\sharing.vcxproj", "{05B2E4D9-FAE9-343F-9D97-4C05DEA30F76}"
	ProjectSection(ProjectDependencies) = postProject
		{FC046E6B-CDF3-3852-B08D-E873F12B9CDA} = {FC046E6B-CDF3-3852-B08D-E873F12B9CDA}
		{689C0940-CC0D-3372-AEC0-D45D2F1DF1BB} = {689C0940-CC0D-3372-AEC0-D45D2F1DF1BB}
	EndProjectSection
EndProject
Project("{8BC9CEB8-8B4A-11D0-8D11-00A0C91BC942}") = "simple", "external\glfw-3.1.2\examples\simple.vcxproj", "{5933772D-C519-38CA-846C-1D4C0D098D05}"
	ProjectSection(ProjectDependencies) = postProject
		{FC046E6B-CDF3-3852-B08D-E873F12B9CDA} = {FC046E6B-CDF3-3852-B08D-E873F12B9CDA}
		{689C0940-CC0D-3372-AEC0-D45D2F1DF1BB} = {689C0940-CC0D-3372-AEC0-D45D2F1DF1BB}
	EndProjectSection
EndProject
Project("{8BC9CEB8-8B4A-11D0-8D11-00A0C91BC942}") = "splitview", "external\glfw-3.1.2\examples\splitview.vcxproj", "{D0A6DBB6-D29B-31C9-A29A-795ED7B0597A}"
	ProjectSection(ProjectDependencies) = postProject
		{FC046E6B-CDF3-3852-B08D-E873F12B9CDA} = {FC046E6B-CDF3-3852-B08D-E873F12B9CDA}
		{689C0940-CC0D-3372-AEC0-D45D2F1DF1BB} = {689C0940-CC0D-3372-AEC0-D45D2F1DF1BB}
	EndProjectSection
EndProject
Project("{8BC9CEB8-8B4A-11D0-8D11-00A0C91BC942}") = "tearing", "external\glfw-3.1.2\tests\tearing.vcxproj", "{93E60441-1D57-3142-9DE0-0CC4094F169D}"
	ProjectSection(ProjectDependencies) = postProject
		{FC046E6B-CDF3-3852-B08D-E873F12B9CDA} = {FC046E6B-CDF3-3852-B08D-E873F12B9CDA}
		{689C0940-CC0D-3372-AEC0-D45D2F1DF1BB} = {689C0940-CC0D-3372-AEC0-D45D2F1DF1BB}
	EndProjectSection
EndProject
Project("{8BC9CEB8-8B4A-11D0-8D11-00A0C91BC942}") = "threads", "external\glfw-3.1.2\tests\threads.vcxproj", "{BBF53B1C-A5C7-3A32-8CAA-9F5AF6295443}"
	ProjectSection(ProjectDependencies) = postProject
		{FC046E6B-CDF3-3852-B08D-E873F12B9CDA} = {FC046E6B-CDF3-3852-B08D-E873F12B9CDA}
		{689C0940-CC0D-3372-AEC0-D45D2F1DF1BB} = {689C0940-CC0D-3372-AEC0-D45D2F1DF1BB}
	EndProjectSection
EndProject
Project("{8BC9CEB8-8B4A-11D0-8D11-00A0C91BC942}") = "title", "external\glfw-3.1.2\tests\title.vcxproj", "{DA3B620D-07DF-35F1-AEF1-A7E4C738AD46}"
	ProjectSection(ProjectDependencies) = postProject
		{FC046E6B-CDF3-3852-B08D-E873F12B9CDA} = {FC046E6B-CDF3-3852-B08D-E873F12B9CDA}
		{689C0940-CC0D-3372-AEC0-D45D2F1DF1BB} = {689C0940-CC0D-3372-AEC0-D45D2F1DF1BB}
	EndProjectSection
EndProject
Project("{8BC9CEB8-8B4A-11D0-8D11-00A0C91BC942}") = "uninstall", "external\glfw-3.1.2\uninstall.vcxproj", "{556E4BC8-20B2-335A-A203-A16798C7FFEA}"
	ProjectSection(ProjectDependencies) = postProject
		{FC046E6B-CDF3-3852-B08D-E873F12B9CDA} = {FC046E6B-CDF3-3852-B08D-E873F12B9CDA}
	EndProjectSection
EndProject
Project("{8BC9CEB8-8B4A-11D0-8D11-00A0C91BC942}") = "wave", "external\glfw-3.1.2\examples\wave.vcxproj", "{441418E4-DF33-3CCE-B5E4-F149C70952CC}"
	ProjectSection(ProjectDependencies) = postProject
		{FC046E6B-CDF3-3852-B08D-E873F12B9CDA} = {FC046E6B-CDF3-3852-B08D-E873F12B9CDA}
		{689C0940-CC0D-3372-AEC0-D45D2F1DF1BB} = {689C0940-CC0D-3372-AEC0-D45D2F1DF1BB}
	EndProjectSection
EndProject
Project("{8BC9CEB8-8B4A-11D0-8D11-00A0C91BC942}") = "windows", "external\glfw-3.1.2\tests\windows.vcxproj", "{8FF634EB-DB34-369D-A479-32EE32B4BB98}"
	ProjectSection(ProjectDependencies) = postProject
		{FC046E6B-CDF3-3852-B08D-E873F12B9CDA} = {FC046E6B-CDF3-3852-B08D-E873F12B9CDA}
		{689C0940-CC0D-3372-AEC0-D45D2F1DF1BB} = {689C0940-CC0D-3372-AEC0-D45D2F1DF1BB}
	EndProjectSection
EndProject
Project("{8BC9CEB8-8B4A-11D0-8D11-00A0C91BC942}") = "zlib", "external\assimp-3.0.1270\contrib\zlib\zlib.vcxproj", "{67A2F45F-A077-3C8B-A385-819CDD703FBF}"
	ProjectSection(ProjectDependencies) = postProject
		{FC046E6B-CDF3-3852-B08D-E873F12B9CDA} = {FC046E6B-CDF3-3852-B08D-E873F12B9CDA}
	EndProjectSection
EndProject
Global
	GlobalSection(SolutionConfigurationPlatforms) = preSolution
		Debug|Win32 = Debug|Win32
		Release|Win32 = Release|Win32
		MinSizeRel|Win32 = MinSizeRel|Win32
		RelWithDebInfo|Win32 = RelWithDebInfo|Win32
	EndGlobalSection
	GlobalSection(ProjectConfigurationPlatforms) = postSolution
		{EFC15944-4CF6-35B1-A991-8A70B60D7116}.Debug|Win32.ActiveCfg = Debug|Win32
		{EFC15944-4CF6-35B1-A991-8A70B60D7116}.Debug|Win32.Build.0 = Debug|Win32
		{EFC15944-4CF6-35B1-A991-8A70B60D7116}.Release|Win32.ActiveCfg = Release|Win32
		{EFC15944-4CF6-35B1-A991-8A70B60D7116}.Release|Win32.Build.0 = Release|Win32
		{EFC15944-4CF6-35B1-A991-8A70B60D7116}.MinSizeRel|Win32.ActiveCfg = MinSizeRel|Win32
		{EFC15944-4CF6-35B1-A991-8A70B60D7116}.MinSizeRel|Win32.Build.0 = MinSizeRel|Win32
		{EFC15944-4CF6-35B1-A991-8A70B60D7116}.RelWithDebInfo|Win32.ActiveCfg = RelWithDebInfo|Win32
		{EFC15944-4CF6-35B1-A991-8A70B60D7116}.RelWithDebInfo|Win32.Build.0 = RelWithDebInfo|Win32
		{040C7E47-B133-3164-8E8D-AFAF7C09B470}.Debug|Win32.ActiveCfg = Debug|Win32
		{040C7E47-B133-3164-8E8D-AFAF7C09B470}.Debug|Win32.Build.0 = Debug|Win32
		{040C7E47-B133-3164-8E8D-AFAF7C09B470}.Release|Win32.ActiveCfg = Release|Win32
		{040C7E47-B133-3164-8E8D-AFAF7C09B470}.Release|Win32.Build.0 = Release|Win32
		{040C7E47-B133-3164-8E8D-AFAF7C09B470}.MinSizeRel|Win32.ActiveCfg = MinSizeRel|Win32
		{040C7E47-B133-3164-8E8D-AFAF7C09B470}.MinSizeRel|Win32.Build.0 = MinSizeRel|Win32
		{040C7E47-B133-3164-8E8D-AFAF7C09B470}.RelWithDebInfo|Win32.ActiveCfg = RelWithDebInfo|Win32
		{040C7E47-B133-3164-8E8D-AFAF7C09B470}.RelWithDebInfo|Win32.Build.0 = RelWithDebInfo|Win32
		{83D72510-07E7-388D-9D9D-78E59EF9E185}.Debug|Win32.ActiveCfg = Debug|Win32
		{83D72510-07E7-388D-9D9D-78E59EF9E185}.Debug|Win32.Build.0 = Debug|Win32
		{83D72510-07E7-388D-9D9D-78E59EF9E185}.Release|Win32.ActiveCfg = Release|Win32
		{83D72510-07E7-388D-9D9D-78E59EF9E185}.Release|Win32.Build.0 = Release|Win32
		{83D72510-07E7-388D-9D9D-78E59EF9E185}.MinSizeRel|Win32.ActiveCfg = MinSizeRel|Win32
		{83D72510-07E7-388D-9D9D-78E59EF9E185}.MinSizeRel|Win32.Build.0 = MinSizeRel|Win32
		{83D72510-07E7-388D-9D9D-78E59EF9E185}.RelWithDebInfo|Win32.ActiveCfg = RelWithDebInfo|Win32
		{83D72510-07E7-388D-9D9D-78E59EF9E185}.RelWithDebInfo|Win32.Build.0 = RelWithDebInfo|Win32
		{655AAD80-DDE8-31D6-AD2E-6B60EC8AB2F2}.Debug|Win32.ActiveCfg = Debug|Win32
		{655AAD80-DDE8-31D6-AD2E-6B60EC8AB2F2}.Debug|Win32.Build.0 = Debug|Win32
		{655AAD80-DDE8-31D6-AD2E-6B60EC8AB2F2}.Release|Win32.ActiveCfg = Release|Win32
		{655AAD80-DDE8-31D6-AD2E-6B60EC8AB2F2}.Release|Win32.Build.0 = Release|Win32
		{655AAD80-DDE8-31D6-AD2E-6B60EC8AB2F2}.MinSizeRel|Win32.ActiveCfg = MinSizeRel|Win32
		{655AAD80-DDE8-31D6-AD2E-6B60EC8AB2F2}.MinSizeRel|Win32.Build.0 = MinSizeRel|Win32
		{655AAD80-DDE8-31D6-AD2E-6B60EC8AB2F2}.RelWithDebInfo|Win32.ActiveCfg = RelWithDebInfo|Win32
		{655AAD80-DDE8-31D6-AD2E-6B60EC8AB2F2}.RelWithDebInfo|Win32.Build.0 = RelWithDebInfo|Win32
		{DFE4E906-154C-3937-B5A0-615356E8A539}.Debug|Win32.ActiveCfg = Debug|Win32
		{DFE4E906-154C-3937-B5A0-615356E8A539}.Debug|Win32.Build.0 = Debug|Win32
		{DFE4E906-154C-3937-B5A0-615356E8A539}.Release|Win32.ActiveCfg = Release|Win32
		{DFE4E906-154C-3937-B5A0-615356E8A539}.Release|Win32.Build.0 = Release|Win32
		{DFE4E906-154C-3937-B5A0-615356E8A539}.MinSizeRel|Win32.ActiveCfg = MinSizeRel|Win32
		{DFE4E906-154C-3937-B5A0-615356E8A539}.MinSizeRel|Win32.Build.0 = MinSizeRel|Win32
		{DFE4E906-154C-3937-B5A0-615356E8A539}.RelWithDebInfo|Win32.ActiveCfg = RelWithDebInfo|Win32
		{DFE4E906-154C-3937-B5A0-615356E8A539}.RelWithDebInfo|Win32.Build.0 = RelWithDebInfo|Win32
		{EC47EAF7-BF8C-36F9-8447-88D0697CCC06}.Debug|Win32.ActiveCfg = Debug|Win32
		{EC47EAF7-BF8C-36F9-8447-88D0697CCC06}.Debug|Win32.Build.0 = Debug|Win32
		{EC47EAF7-BF8C-36F9-8447-88D0697CCC06}.Release|Win32.ActiveCfg = Release|Win32
		{EC47EAF7-BF8C-36F9-8447-88D0697CCC06}.Release|Win32.Build.0 = Release|Win32
		{EC47EAF7-BF8C-36F9-8447-88D0697CCC06}.MinSizeRel|Win32.ActiveCfg = MinSizeRel|Win32
		{EC47EAF7-BF8C-36F9-8447-88D0697CCC06}.MinSizeRel|Win32.Build.0 = MinSizeRel|Win32
		{EC47EAF7-BF8C-36F9-8447-88D0697CCC06}.RelWithDebInfo|Win32.ActiveCfg = RelWithDebInfo|Win32
		{EC47EAF7-BF8C-36F9-8447-88D0697CCC06}.RelWithDebInfo|Win32.Build.0 = RelWithDebInfo|Win32
		{9F511171-2EB3-3EC6-A70E-1BE8A8DC73E9}.Debug|Win32.ActiveCfg = Debug|Win32
		{9F511171-2EB3-3EC6-A70E-1BE8A8DC73E9}.Release|Win32.ActiveCfg = Release|Win32
		{9F511171-2EB3-3EC6-A70E-1BE8A8DC73E9}.MinSizeRel|Win32.ActiveCfg = MinSizeRel|Win32
		{9F511171-2EB3-3EC6-A70E-1BE8A8DC73E9}.RelWithDebInfo|Win32.ActiveCfg = RelWithDebInfo|Win32
		{E4DF7E2E-5ADE-3DF0-B649-269D1C011590}.Debug|Win32.ActiveCfg = Debug|Win32
		{E4DF7E2E-5ADE-3DF0-B649-269D1C011590}.Debug|Win32.Build.0 = Debug|Win32
		{E4DF7E2E-5ADE-3DF0-B649-269D1C011590}.Release|Win32.ActiveCfg = Release|Win32
		{E4DF7E2E-5ADE-3DF0-B649-269D1C011590}.Release|Win32.Build.0 = Release|Win32
		{E4DF7E2E-5ADE-3DF0-B649-269D1C011590}.MinSizeRel|Win32.ActiveCfg = MinSizeRel|Win32
		{E4DF7E2E-5ADE-3DF0-B649-269D1C011590}.MinSizeRel|Win32.Build.0 = MinSizeRel|Win32
		{E4DF7E2E-5ADE-3DF0-B649-269D1C011590}.RelWithDebInfo|Win32.ActiveCfg = RelWithDebInfo|Win32
		{E4DF7E2E-5ADE-3DF0-B649-269D1C011590}.RelWithDebInfo|Win32.Build.0 = RelWithDebInfo|Win32
		{FC046E6B-CDF3-3852-B08D-E873F12B9CDA}.Debug|Win32.ActiveCfg = Debug|Win32
		{FC046E6B-CDF3-3852-B08D-E873F12B9CDA}.Debug|Win32.Build.0 = Debug|Win32
		{FC046E6B-CDF3-3852-B08D-E873F12B9CDA}.Release|Win32.ActiveCfg = Release|Win32
		{FC046E6B-CDF3-3852-B08D-E873F12B9CDA}.Release|Win32.Build.0 = Release|Win32
		{FC046E6B-CDF3-3852-B08D-E873F12B9CDA}.MinSizeRel|Win32.ActiveCfg = MinSizeRel|Win32
		{FC046E6B-CDF3-3852-B08D-E873F12B9CDA}.MinSizeRel|Win32.Build.0 = MinSizeRel|Win32
		{FC046E6B-CDF3-3852-B08D-E873F12B9CDA}.RelWithDebInfo|Win32.ActiveCfg = RelWithDebInfo|Win32
		{FC046E6B-CDF3-3852-B08D-E873F12B9CDA}.RelWithDebInfo|Win32.Build.0 = RelWithDebInfo|Win32
		{DD1F4593-9FFB-3B74-9096-C53D011563E6}.Debug|Win32.ActiveCfg = Debug|Win32
		{DD1F4593-9FFB-3B74-9096-C53D011563E6}.Debug|Win32.Build.0 = Debug|Win32
		{DD1F4593-9FFB-3B74-9096-C53D011563E6}.Release|Win32.ActiveCfg = Release|Win32
		{DD1F4593-9FFB-3B74-9096-C53D011563E6}.Release|Win32.Build.0 = Release|Win32
		{DD1F4593-9FFB-3B74-9096-C53D011563E6}.MinSizeRel|Win32.ActiveCfg = MinSizeRel|Win32
		{DD1F4593-9FFB-3B74-9096-C53D011563E6}.MinSizeRel|Win32.Build.0 = MinSizeRel|Win32
		{DD1F4593-9FFB-3B74-9096-C53D011563E6}.RelWithDebInfo|Win32.ActiveCfg = RelWithDebInfo|Win32
		{DD1F4593-9FFB-3B74-9096-C53D011563E6}.RelWithDebInfo|Win32.Build.0 = RelWithDebInfo|Win32
		{74BE7358-2DC9-3097-924C-2CBBC7714C37}.Debug|Win32.ActiveCfg = Debug|Win32
		{74BE7358-2DC9-3097-924C-2CBBC7714C37}.Debug|Win32.Build.0 = Debug|Win32
		{74BE7358-2DC9-3097-924C-2CBBC7714C37}.Release|Win32.ActiveCfg = Release|Win32
		{74BE7358-2DC9-3097-924C-2CBBC7714C37}.Release|Win32.Build.0 = Release|Win32
		{74BE7358-2DC9-3097-924C-2CBBC7714C37}.MinSizeRel|Win32.ActiveCfg = MinSizeRel|Win32
		{74BE7358-2DC9-3097-924C-2CBBC7714C37}.MinSizeRel|Win32.Build.0 = MinSizeRel|Win32
		{74BE7358-2DC9-3097-924C-2CBBC7714C37}.RelWithDebInfo|Win32.ActiveCfg = RelWithDebInfo|Win32
		{74BE7358-2DC9-3097-924C-2CBBC7714C37}.RelWithDebInfo|Win32.Build.0 = RelWithDebInfo|Win32
		{CF2A6C11-6535-36B1-9BDB-A75448BB6EDD}.Debug|Win32.ActiveCfg = Debug|Win32
		{CF2A6C11-6535-36B1-9BDB-A75448BB6EDD}.Debug|Win32.Build.0 = Debug|Win32
		{CF2A6C11-6535-36B1-9BDB-A75448BB6EDD}.Release|Win32.ActiveCfg = Release|Win32
		{CF2A6C11-6535-36B1-9BDB-A75448BB6EDD}.Release|Win32.Build.0 = Release|Win32
		{CF2A6C11-6535-36B1-9BDB-A75448BB6EDD}.MinSizeRel|Win32.ActiveCfg = MinSizeRel|Win32
		{CF2A6C11-6535-36B1-9BDB-A75448BB6EDD}.MinSizeRel|Win32.Build.0 = MinSizeRel|Win32
		{CF2A6C11-6535-36B1-9BDB-A75448BB6EDD}.RelWithDebInfo|Win32.ActiveCfg = RelWithDebInfo|Win32
		{CF2A6C11-6535-36B1-9BDB-A75448BB6EDD}.RelWithDebInfo|Win32.Build.0 = RelWithDebInfo|Win32
		{DB07CEC6-8C1A-3778-A37A-C9CB88AE0D33}.Debug|Win32.ActiveCfg = Debug|Win32
		{DB07CEC6-8C1A-3778-A37A-C9CB88AE0D33}.Debug|Win32.Build.0 = Debug|Win32
		{DB07CEC6-8C1A-3778-A37A-C9CB88AE0D33}.Release|Win32.ActiveCfg = Release|Win32
		{DB07CEC6-8C1A-3778-A37A-C9CB88AE0D33}.Release|Win32.Build.0 = Release|Win32
		{DB07CEC6-8C1A-3778-A37A-C9CB88AE0D33}.MinSizeRel|Win32.ActiveCfg = MinSizeRel|Win32
		{DB07CEC6-8C1A-3778-A37A-C9CB88AE0D33}.MinSizeRel|Win32.Build.0 = MinSizeRel|Win32
		{DB07CEC6-8C1A-3778-A37A-C9CB88AE0D33}.RelWithDebInfo|Win32.ActiveCfg = RelWithDebInfo|Win32
		{DB07CEC6-8C1A-3778-A37A-C9CB88AE0D33}.RelWithDebInfo|Win32.Build.0 = RelWithDebInfo|Win32
		{E8396083-12B3-3032-8801-2C8D8865BC81}.Debug|Win32.ActiveCfg = Debug|Win32
		{E8396083-12B3-3032-8801-2C8D8865BC81}.Debug|Win32.Build.0 = Debug|Win32
		{E8396083-12B3-3032-8801-2C8D8865BC81}.Release|Win32.ActiveCfg = Release|Win32
		{E8396083-12B3-3032-8801-2C8D8865BC81}.Release|Win32.Build.0 = Release|Win32
		{E8396083-12B3-3032-8801-2C8D8865BC81}.MinSizeRel|Win32.ActiveCfg = MinSizeRel|Win32
		{E8396083-12B3-3032-8801-2C8D8865BC81}.MinSizeRel|Win32.Build.0 = MinSizeRel|Win32
		{E8396083-12B3-3032-8801-2C8D8865BC81}.RelWithDebInfo|Win32.ActiveCfg = RelWithDebInfo|Win32
		{E8396083-12B3-3032-8801-2C8D8865BC81}.RelWithDebInfo|Win32.Build.0 = RelWithDebInfo|Win32
		{E371BDDB-1612-31BC-A016-B2A5ADE7282D}.Debug|Win32.ActiveCfg = Debug|Win32
		{E371BDDB-1612-31BC-A016-B2A5ADE7282D}.Debug|Win32.Build.0 = Debug|Win32
		{E371BDDB-1612-31BC-A016-B2A5ADE7282D}.Release|Win32.ActiveCfg = Release|Win32
		{E371BDDB-1612-31BC-A016-B2A5ADE7282D}.Release|Win32.Build.0 = Release|Win32
		{E371BDDB-1612-31BC-A016-B2A5ADE7282D}.MinSizeRel|Win32.ActiveCfg = MinSizeRel|Win32
		{E371BDDB-1612-31BC-A016-B2A5ADE7282D}.MinSizeRel|Win32.Build.0 = MinSizeRel|Win32
		{E371BDDB-1612-31BC-A016-B2A5ADE7282D}.RelWithDebInfo|Win32.ActiveCfg = RelWithDebInfo|Win32
		{E371BDDB-1612-31BC-A016-B2A5ADE7282D}.RelWithDebInfo|Win32.Build.0 = RelWithDebInfo|Win32
		{7F792114-D135-37EC-B415-1A585064A95B}.Debug|Win32.ActiveCfg = Debug|Win32
		{7F792114-D135-37EC-B415-1A585064A95B}.Debug|Win32.Build.0 = Debug|Win32
		{7F792114-D135-37EC-B415-1A585064A95B}.Release|Win32.ActiveCfg = Release|Win32
		{7F792114-D135-37EC-B415-1A585064A95B}.Release|Win32.Build.0 = Release|Win32
		{7F792114-D135-37EC-B415-1A585064A95B}.MinSizeRel|Win32.ActiveCfg = MinSizeRel|Win32
		{7F792114-D135-37EC-B415-1A585064A95B}.MinSizeRel|Win32.Build.0 = MinSizeRel|Win32
		{7F792114-D135-37EC-B415-1A585064A95B}.RelWithDebInfo|Win32.ActiveCfg = RelWithDebInfo|Win32
		{7F792114-D135-37EC-B415-1A585064A95B}.RelWithDebInfo|Win32.Build.0 = RelWithDebInfo|Win32
		{2A030648-3E80-386E-9CF6-154C3F767E93}.Debug|Win32.ActiveCfg = Debug|Win32
		{2A030648-3E80-386E-9CF6-154C3F767E93}.Debug|Win32.Build.0 = Debug|Win32
		{2A030648-3E80-386E-9CF6-154C3F767E93}.Release|Win32.ActiveCfg = Release|Win32
		{2A030648-3E80-386E-9CF6-154C3F767E93}.Release|Win32.Build.0 = Release|Win32
		{2A030648-3E80-386E-9CF6-154C3F767E93}.MinSizeRel|Win32.ActiveCfg = MinSizeRel|Win32
		{2A030648-3E80-386E-9CF6-154C3F767E93}.MinSizeRel|Win32.Build.0 = MinSizeRel|Win32
		{2A030648-3E80-386E-9CF6-154C3F767E93}.RelWithDebInfo|Win32.ActiveCfg = RelWithDebInfo|Win32
		{2A030648-3E80-386E-9CF6-154C3F767E93}.RelWithDebInfo|Win32.Build.0 = RelWithDebInfo|Win32
		{689C0940-CC0D-3372-AEC0-D45D2F1DF1BB}.Debug|Win32.ActiveCfg = Debug|Win32
		{689C0940-CC0D-3372-AEC0-D45D2F1DF1BB}.Debug|Win32.Build.0 = Debug|Win32
		{689C0940-CC0D-3372-AEC0-D45D2F1DF1BB}.Release|Win32.ActiveCfg = Release|Win32
		{689C0940-CC0D-3372-AEC0-D45D2F1DF1BB}.Release|Win32.Build.0 = Release|Win32
		{689C0940-CC0D-3372-AEC0-D45D2F1DF1BB}.MinSizeRel|Win32.ActiveCfg = MinSizeRel|Win32
		{689C0940-CC0D-3372-AEC0-D45D2F1DF1BB}.MinSizeRel|Win32.Build.0 = MinSizeRel|Win32
		{689C0940-CC0D-3372-AEC0-D45D2F1DF1BB}.RelWithDebInfo|Win32.ActiveCfg = RelWithDebInfo|Win32
		{689C0940-CC0D-3372-AEC0-D45D2F1DF1BB}.RelWithDebInfo|Win32.Build.0 = RelWithDebInfo|Win32
		{06D88BEC-B5A3-364A-B5D5-0D7BD5F0F926}.Debug|Win32.ActiveCfg = Debug|Win32
		{06D88BEC-B5A3-364A-B5D5-0D7BD5F0F926}.Debug|Win32.Build.0 = Debug|Win32
		{06D88BEC-B5A3-364A-B5D5-0D7BD5F0F926}.Release|Win32.ActiveCfg = Release|Win32
		{06D88BEC-B5A3-364A-B5D5-0D7BD5F0F926}.Release|Win32.Build.0 = Release|Win32
		{06D88BEC-B5A3-364A-B5D5-0D7BD5F0F926}.MinSizeRel|Win32.ActiveCfg = MinSizeRel|Win32
		{06D88BEC-B5A3-364A-B5D5-0D7BD5F0F926}.MinSizeRel|Win32.Build.0 = MinSizeRel|Win32
		{06D88BEC-B5A3-364A-B5D5-0D7BD5F0F926}.RelWithDebInfo|Win32.ActiveCfg = RelWithDebInfo|Win32
		{06D88BEC-B5A3-364A-B5D5-0D7BD5F0F926}.RelWithDebInfo|Win32.Build.0 = RelWithDebInfo|Win32
		{BFD0FC14-BF9C-38DC-A588-297AC2EE3962}.Debug|Win32.ActiveCfg = Debug|Win32
		{BFD0FC14-BF9C-38DC-A588-297AC2EE3962}.Debug|Win32.Build.0 = Debug|Win32
		{BFD0FC14-BF9C-38DC-A588-297AC2EE3962}.Release|Win32.ActiveCfg = Release|Win32
		{BFD0FC14-BF9C-38DC-A588-297AC2EE3962}.Release|Win32.Build.0 = Release|Win32
		{BFD0FC14-BF9C-38DC-A588-297AC2EE3962}.MinSizeRel|Win32.ActiveCfg = MinSizeRel|Win32
		{BFD0FC14-BF9C-38DC-A588-297AC2EE3962}.MinSizeRel|Win32.Build.0 = MinSizeRel|Win32
		{BFD0FC14-BF9C-38DC-A588-297AC2EE3962}.RelWithDebInfo|Win32.ActiveCfg = RelWithDebInfo|Win32
		{BFD0FC14-BF9C-38DC-A588-297AC2EE3962}.RelWithDebInfo|Win32.Build.0 = RelWithDebInfo|Win32
		{B6783B1A-08ED-3F47-B3F7-1DB1B6CB61CD}.Debug|Win32.ActiveCfg = Debug|Win32
		{B6783B1A-08ED-3F47-B3F7-1DB1B6CB61CD}.Debug|Win32.Build.0 = Debug|Win32
		{B6783B1A-08ED-3F47-B3F7-1DB1B6CB61CD}.Release|Win32.ActiveCfg = Release|Win32
		{B6783B1A-08ED-3F47-B3F7-1DB1B6CB61CD}.Release|Win32.Build.0 = Release|Win32
		{B6783B1A-08ED-3F47-B3F7-1DB1B6CB61CD}.MinSizeRel|Win32.ActiveCfg = MinSizeRel|Win32
		{B6783B1A-08ED-3F47-B3F7-1DB1B6CB61CD}.MinSizeRel|Win32.Build.0 = MinSizeRel|Win32
		{B6783B1A-08ED-3F47-B3F7-1DB1B6CB61CD}.RelWithDebInfo|Win32.ActiveCfg = RelWithDebInfo|Win32
		{B6783B1A-08ED-3F47-B3F7-1DB1B6CB61CD}.RelWithDebInfo|Win32.Build.0 = RelWithDebInfo|Win32
		{F3A9B749-6B66-3F82-9C58-DC3E28B42A51}.Debug|Win32.ActiveCfg = Debug|Win32
		{F3A9B749-6B66-3F82-9C58-DC3E28B42A51}.Debug|Win32.Build.0 = Debug|Win32
		{F3A9B749-6B66-3F82-9C58-DC3E28B42A51}.Release|Win32.ActiveCfg = Release|Win32
		{F3A9B749-6B66-3F82-9C58-DC3E28B42A51}.Release|Win32.Build.0 = Release|Win32
		{F3A9B749-6B66-3F82-9C58-DC3E28B42A51}.MinSizeRel|Win32.ActiveCfg = MinSizeRel|Win32
		{F3A9B749-6B66-3F82-9C58-DC3E28B42A51}.MinSizeRel|Win32.Build.0 = MinSizeRel|Win32
		{F3A9B749-6B66-3F82-9C58-DC3E28B42A51}.RelWithDebInfo|Win32.ActiveCfg = RelWithDebInfo|Win32
		{F3A9B749-6B66-3F82-9C58-DC3E28B42A51}.RelWithDebInfo|Win32.Build.0 = RelWithDebInfo|Win32
		{D17812CE-EA5E-3557-B3A8-551B2FFBCC93}.Debug|Win32.ActiveCfg = Debug|Win32
		{D17812CE-EA5E-3557-B3A8-551B2FFBCC93}.Debug|Win32.Build.0 = Debug|Win32
		{D17812CE-EA5E-3557-B3A8-551B2FFBCC93}.Release|Win32.ActiveCfg = Release|Win32
		{D17812CE-EA5E-3557-B3A8-551B2FFBCC93}.Release|Win32.Build.0 = Release|Win32
		{D17812CE-EA5E-3557-B3A8-551B2FFBCC93}.MinSizeRel|Win32.ActiveCfg = MinSizeRel|Win32
		{D17812CE-EA5E-3557-B3A8-551B2FFBCC93}.MinSizeRel|Win32.Build.0 = MinSizeRel|Win32
		{D17812CE-EA5E-3557-B3A8-551B2FFBCC93}.RelWithDebInfo|Win32.ActiveCfg = RelWithDebInfo|Win32
		{D17812CE-EA5E-3557-B3A8-551B2FFBCC93}.RelWithDebInfo|Win32.Build.0 = RelWithDebInfo|Win32
		{0EB01FF7-5F7C-354A-947B-4B85D52816C0}.Debug|Win32.ActiveCfg = Debug|Win32
		{0EB01FF7-5F7C-354A-947B-4B85D52816C0}.Debug|Win32.Build.0 = Debug|Win32
		{0EB01FF7-5F7C-354A-947B-4B85D52816C0}.Release|Win32.ActiveCfg = Release|Win32
		{0EB01FF7-5F7C-354A-947B-4B85D52816C0}.Release|Win32.Build.0 = Release|Win32
		{0EB01FF7-5F7C-354A-947B-4B85D52816C0}.MinSizeRel|Win32.ActiveCfg = MinSizeRel|Win32
		{0EB01FF7-5F7C-354A-947B-4B85D52816C0}.MinSizeRel|Win32.Build.0 = MinSizeRel|Win32
		{0EB01FF7-5F7C-354A-947B-4B85D52816C0}.RelWithDebInfo|Win32.ActiveCfg = RelWithDebInfo|Win32
		{0EB01FF7-5F7C-354A-947B-4B85D52816C0}.RelWithDebInfo|Win32.Build.0 = RelWithDebInfo|Win32
		{F2D14F04-B04F-319F-85AA-C65A24E9E45D}.Debug|Win32.ActiveCfg = Debug|Win32
		{F2D14F04-B04F-319F-85AA-C65A24E9E45D}.Debug|Win32.Build.0 = Debug|Win32
		{F2D14F04-B04F-319F-85AA-C65A24E9E45D}.Release|Win32.ActiveCfg = Release|Win32
		{F2D14F04-B04F-319F-85AA-C65A24E9E45D}.Release|Win32.Build.0 = Release|Win32
		{F2D14F04-B04F-319F-85AA-C65A24E9E45D}.MinSizeRel|Win32.ActiveCfg = MinSizeRel|Win32
		{F2D14F04-B04F-319F-85AA-C65A24E9E45D}.MinSizeRel|Win32.Build.0 = MinSizeRel|Win32
		{F2D14F04-B04F-319F-85AA-C65A24E9E45D}.RelWithDebInfo|Win32.ActiveCfg = RelWithDebInfo|Win32
		{F2D14F04-B04F-319F-85AA-C65A24E9E45D}.RelWithDebInfo|Win32.Build.0 = RelWithDebInfo|Win32
		{A41233F9-B840-340D-B001-E9F85FF76C59}.Debug|Win32.ActiveCfg = Debug|Win32
		{A41233F9-B840-340D-B001-E9F85FF76C59}.Debug|Win32.Build.0 = Debug|Win32
		{A41233F9-B840-340D-B001-E9F85FF76C59}.Release|Win32.ActiveCfg = Release|Win32
		{A41233F9-B840-340D-B001-E9F85FF76C59}.Release|Win32.Build.0 = Release|Win32
		{A41233F9-B840-340D-B001-E9F85FF76C59}.MinSizeRel|Win32.ActiveCfg = MinSizeRel|Win32
		{A41233F9-B840-340D-B001-E9F85FF76C59}.MinSizeRel|Win32.Build.0 = MinSizeRel|Win32
		{A41233F9-B840-340D-B001-E9F85FF76C59}.RelWithDebInfo|Win32.ActiveCfg = RelWithDebInfo|Win32
		{A41233F9-B840-340D-B001-E9F85FF76C59}.RelWithDebInfo|Win32.Build.0 = RelWithDebInfo|Win32
		{30E5F726-59F2-30C1-9AE0-760CEF89AD5B}.Debug|Win32.ActiveCfg = Debug|Win32
		{30E5F726-59F2-30C1-9AE0-760CEF89AD5B}.Debug|Win32.Build.0 = Debug|Win32
		{30E5F726-59F2-30C1-9AE0-760CEF89AD5B}.Release|Win32.ActiveCfg = Release|Win32
		{30E5F726-59F2-30C1-9AE0-760CEF89AD5B}.Release|Win32.Build.0 = Release|Win32
		{30E5F726-59F2-30C1-9AE0-760CEF89AD5B}.MinSizeRel|Win32.ActiveCfg = MinSizeRel|Win32
		{30E5F726-59F2-30C1-9AE0-760CEF89AD5B}.MinSizeRel|Win32.Build.0 = MinSizeRel|Win32
		{30E5F726-59F2-30C1-9AE0-760CEF89AD5B}.RelWithDebInfo|Win32.ActiveCfg = RelWithDebInfo|Win32
		{30E5F726-59F2-30C1-9AE0-760CEF89AD5B}.RelWithDebInfo|Win32.Build.0 = RelWithDebInfo|Win32
		{05B2E4D9-FAE9-343F-9D97-4C05DEA30F76}.Debug|Win32.ActiveCfg = Debug|Win32
		{05B2E4D9-FAE9-343F-9D97-4C05DEA30F76}.Debug|Win32.Build.0 = Debug|Win32
		{05B2E4D9-FAE9-343F-9D97-4C05DEA30F76}.Release|Win32.ActiveCfg = Release|Win32
		{05B2E4D9-FAE9-343F-9D97-4C05DEA30F76}.Release|Win32.Build.0 = Release|Win32
		{05B2E4D9-FAE9-343F-9D97-4C05DEA30F76}.MinSizeRel|Win32.ActiveCfg = MinSizeRel|Win32
		{05B2E4D9-FAE9-343F-9D97-4C05DEA30F76}.MinSizeRel|Win32.Build.0 = MinSizeRel|Win32
		{05B2E4D9-FAE9-343F-9D97-4C05DEA30F76}.RelWithDebInfo|Win32.ActiveCfg = RelWithDebInfo|Win32
		{05B2E4D9-FAE9-343F-9D97-4C05DEA30F76}.RelWithDebInfo|Win32.Build.0 = RelWithDebInfo|Win32
		{5933772D-C519-38CA-846C-1D4C0D098D05}.Debug|Win32.ActiveCfg = Debug|Win32
		{5933772D-C519-38CA-846C-1D4C0D098D05}.Debug|Win32.Build.0 = Debug|Win32
		{5933772D-C519-38CA-846C-1D4C0D098D05}.Release|Win32.ActiveCfg = Release|Win32
		{5933772D-C519-38CA-846C-1D4C0D098D05}.Release|Win32.Build.0 = Release|Win32
		{5933772D-C519-38CA-846C-1D4C0D098D05}.MinSizeRel|Win32.ActiveCfg = MinSizeRel|Win32
		{5933772D-C519-38CA-846C-1D4C0D098D05}.MinSizeRel|Win32.Build.0 = MinSizeRel|Win32
		{5933772D-C519-38CA-846C-1D4C0D098D05}.RelWithDebInfo|Win32.ActiveCfg = RelWithDebInfo|Win32
		{5933772D-C519-38CA-846C-1D4C0D098D05}.RelWithDebInfo|Win32.Build.0 = RelWithDebInfo|Win32
		{D0A6DBB6-D29B-31C9-A29A-795ED7B0597A}.Debug|Win32.ActiveCfg = Debug|Win32
		{D0A6DBB6-D29B-31C9-A29A-795ED7B0597A}.Debug|Win32.Build.0 = Debug|Win32
		{D0A6DBB6-D29B-31C9-A29A-795ED7B0597A}.Release|Win32.ActiveCfg = Release|Win32
		{D0A6DBB6-D29B-31C9-A29A-795ED7B0597A}.Release|Win32.Build.0 = Release|Win32
		{D0A6DBB6-D29B-31C9-A29A-795ED7B0597A}.MinSizeRel|Win32.ActiveCfg = MinSizeRel|Win32
		{D0A6DBB6-D29B-31C9-A29A-795ED7B0597A}.MinSizeRel|Win32.Build.0 = MinSizeRel|Win32
		{D0A6DBB6-D29B-31C9-A29A-795ED7B0597A}.RelWithDebInfo|Win32.ActiveCfg = RelWithDebInfo|Win32
		{D0A6DBB6-D29B-31C9-A29A-795ED7B0597A}.RelWithDebInfo|Win32.Build.0 = RelWithDebInfo|Win32
		{93E60441-1D57-3142-9DE0-0CC4094F169D}.Debug|Win32.ActiveCfg = Debug|Win32
		{93E60441-1D57-3142-9DE0-0CC4094F169D}.Debug|Win32.Build.0 = Debug|Win32
		{93E60441-1D57-3142-9DE0-0CC4094F169D}.Release|Win32.ActiveCfg = Release|Win32
		{93E60441-1D57-3142-9DE0-0CC4094F169D}.Release|Win32.Build.0 = Release|Win32
		{93E60441-1D57-3142-9DE0-0CC4094F169D}.MinSizeRel|Win32.ActiveCfg = MinSizeRel|Win32
		{93E60441-1D57-3142-9DE0-0CC4094F169D}.MinSizeRel|Win32.Build.0 = MinSizeRel|Win32
		{93E60441-1D57-3142-9DE0-0CC4094F169D}.RelWithDebInfo|Win32.ActiveCfg = RelWithDebInfo|Win32
		{93E60441-1D57-3142-9DE0-0CC4094F169D}.RelWithDebInfo|Win32.Build.0 = RelWithDebInfo|Win32
		{BBF53B1C-A5C7-3A32-8CAA-9F5AF6295443}.Debug|Win32.ActiveCfg = Debug|Win32
		{BBF53B1C-A5C7-3A32-8CAA-9F5AF6295443}.Debug|Win32.Build.0 = Debug|Win32
		{BBF53B1C-A5C7-3A32-8CAA-9F5AF6295443}.Release|Win32.ActiveCfg = Release|Win32
		{BBF53B1C-A5C7-3A32-8CAA-9F5AF6295443}.Release|Win32.Build.0 = Release|Win32
		{BBF53B1C-A5C7-3A32-8CAA-9F5AF6295443}.MinSizeRel|Win32.ActiveCfg = MinSizeRel|Win32
		{BBF53B1C-A5C7-3A32-8CAA-9F5AF6295443}.MinSizeRel|Win32.Build.0 = MinSizeRel|Win32
		{BBF53B1C-A5C7-3A32-8CAA-9F5AF6295443}.RelWithDebInfo|Win32.ActiveCfg = RelWithDebInfo|Win32
		{BBF53B1C-A5C7-3A32-8CAA-9F5AF6295443}.RelWithDebInfo|Win32.Build.0 = RelWithDebInfo|Win32
		{DA3B620D-07DF-35F1-AEF1-A7E4C738AD46}.Debug|Win32.ActiveCfg = Debug|Win32
		{DA3B620D-07DF-35F1-AEF1-A7E4C738AD46}.Debug|Win32.Build.0 = Debug|Win32
		{DA3B620D-07DF-35F1-AEF1-A7E4C738AD46}.Release|Win32.ActiveCfg = Release|Win32
		{DA3B620D-07DF-35F1-AEF1-A7E4C738AD46}.Release|Win32.Build.0 = Release|Win32
		{DA3B620D-07DF-35F1-AEF1-A7E4C738AD46}.MinSizeRel|Win32.ActiveCfg = MinSizeRel|Win32
		{DA3B620D-07DF-35F1-AEF1-A7E4C738AD46}.MinSizeRel|Win32.Build.0 = MinSizeRel|Win32
		{DA3B620D-07DF-35F1-AEF1-A7E4C738AD46}.RelWithDebInfo|Win32.ActiveCfg = RelWithDebInfo|Win32
		{DA3B620D-07DF-35F1-AEF1-A7E4C738AD46}.RelWithDebInfo|Win32.Build.0 = RelWithDebInfo|Win32
		{556E4BC8-20B2-335A-A203-A16798C7FFEA}.Debug|Win32.ActiveCfg = Debug|Win32
		{556E4BC8-20B2-335A-A203-A16798C7FFEA}.Release|Win32.ActiveCfg = Release|Win32
		{556E4BC8-20B2-335A-A203-A16798C7FFEA}.MinSizeRel|Win32.ActiveCfg = MinSizeRel|Win32
		{556E4BC8-20B2-335A-A203-A16798C7FFEA}.RelWithDebInfo|Win32.ActiveCfg = RelWithDebInfo|Win32
		{441418E4-DF33-3CCE-B5E4-F149C70952CC}.Debug|Win32.ActiveCfg = Debug|Win32
		{441418E4-DF33-3CCE-B5E4-F149C70952CC}.Debug|Win32.Build.0 = Debug|Win32
		{441418E4-DF33-3CCE-B5E4-F149C70952CC}.Release|Win32.ActiveCfg = Release|Win32
		{441418E4-DF33-3CCE-B5E4-F149C70952CC}.Release|Win32.Build.0 = Release|Win32
		{441418E4-DF33-3CCE-B5E4-F149C70952CC}.MinSizeRel|Win32.ActiveCfg = MinSizeRel|Win32
		{441418E4-DF33-3CCE-B5E4-F149C70952CC}.MinSizeRel|Win32.Build.0 = MinSizeRel|Win32
		{441418E4-DF33-3CCE-B5E4-F149C70952CC}.RelWithDebInfo|Win32.ActiveCfg = RelWithDebInfo|Win32
		{441418E4-DF33-3CCE-B5E4-F149C70952CC}.RelWithDebInfo|Win32.Build.0 = RelWithDebInfo|Win32
		{8FF634EB-DB34-369D-A479-32EE32B4BB98}.Debug|Win32.ActiveCfg = Debug|Win32
		{8FF634EB-DB34-369D-A479-32EE32B4BB98}.Debug|Win32.Build.0 = Debug|Win32
		{8FF634EB-DB34-369D-A479-32EE32B4BB98}.Release|Win32.ActiveCfg = Release|Win32
		{8FF634EB-DB34-369D-A479-32EE32B4BB98}.Release|Win32.Build.0 = Release|Win32
		{8FF634EB-DB34-369D-A479-32EE32B4BB98}.MinSizeRel|Win32.ActiveCfg = MinSizeRel|Win32
		{8FF634EB-DB34-369D-A479-32EE32B4BB98}.MinSizeRel|Win32.Build.0 = MinSizeRel|Win32
		{8FF634EB-DB34-369D-A479-32EE32B4BB98}.RelWithDebInfo|Win32.ActiveCfg = RelWithDebInfo|Win32
		{8FF634EB-DB34-369D-A479-32EE32B4BB98}.RelWithDebInfo|Win32.Build.0 = RelWithDebInfo|Win32
		{67A2F45F-A077-3C8B-A385-819CDD703FBF}.Debug|Win32.ActiveCfg = Debug|Win32
		{67A2F45F-A077-3C8B-A385-819CDD703FBF}.Debug|Win32.Build.0 = Debug|Win32
		{67A2F45F-A077-3C8B-A385-819CDD703FBF}.Release|Win32.ActiveCfg = Release|Win32
		{67A2F45F-A077-3C8B-A385-819CDD703FBF}.Release|Win32.Build.0 = Release|Win32
		{67A2F45F-A077-3C8B-A385-819CDD703FBF}.MinSizeRel|Win32.ActiveCfg = MinSizeRel|Win32
		{67A2F45F-A077-3C8B-A385-819CDD703FBF}.MinSizeRel|Win32.Build.0 = MinSizeRel|Win32
		{67A2F45F-A077-3C8B-A385-819CDD703FBF}.RelWithDebInfo|Win32.ActiveCfg = RelWithDebInfo|Win32
		{67A2F45F-A077-3C8B-A385-819CDD703FBF}.RelWithDebInfo|Win32.Build.0 = RelWithDebInfo|Win32
	EndGlobalSection
	GlobalSection(NestedProjects) = preSolution
		{EFC15944-4CF6-35B1-A991-8A70B60D7116} = {2AA715E2-4823-368B-82D0-FA87C5E3E049}
		{9F511171-2EB3-3EC6-A70E-1BE8A8DC73E9} = {2AA715E2-4823-368B-82D0-FA87C5E3E049}
		{FC046E6B-CDF3-3852-B08D-E873F12B9CDA} = {2AA715E2-4823-368B-82D0-FA87C5E3E049}
		{5EC2DDA8-A63F-32DC-AAA8-C5BE0F388BD8} = {0A37EA57-6C87-3628-A95E-99DD4A76FE8A}
		{5612FC07-F8C5-3316-9EC5-C1CC0B5BD162} = {0A37EA57-6C87-3628-A95E-99DD4A76FE8A}
		{689C0940-CC0D-3372-AEC0-D45D2F1DF1BB} = {0A37EA57-6C87-3628-A95E-99DD4A76FE8A}
		{74BE7358-2DC9-3097-924C-2CBBC7714C37} = {5EC2DDA8-A63F-32DC-AAA8-C5BE0F388BD8}
		{2A030648-3E80-386E-9CF6-154C3F767E93} = {5EC2DDA8-A63F-32DC-AAA8-C5BE0F388BD8}
		{BFD0FC14-BF9C-38DC-A588-297AC2EE3962} = {5EC2DDA8-A63F-32DC-AAA8-C5BE0F388BD8}
		{A41233F9-B840-340D-B001-E9F85FF76C59} = {5EC2DDA8-A63F-32DC-AAA8-C5BE0F388BD8}
		{5933772D-C519-38CA-846C-1D4C0D098D05} = {5EC2DDA8-A63F-32DC-AAA8-C5BE0F388BD8}
		{D0A6DBB6-D29B-31C9-A29A-795ED7B0597A} = {5EC2DDA8-A63F-32DC-AAA8-C5BE0F388BD8}
		{441418E4-DF33-3CCE-B5E4-F149C70952CC} = {5EC2DDA8-A63F-32DC-AAA8-C5BE0F388BD8}
		{CF2A6C11-6535-36B1-9BDB-A75448BB6EDD} = {5612FC07-F8C5-3316-9EC5-C1CC0B5BD162}
		{DB07CEC6-8C1A-3778-A37A-C9CB88AE0D33} = {5612FC07-F8C5-3316-9EC5-C1CC0B5BD162}
		{E8396083-12B3-3032-8801-2C8D8865BC81} = {5612FC07-F8C5-3316-9EC5-C1CC0B5BD162}
		{E371BDDB-1612-31BC-A016-B2A5ADE7282D} = {5612FC07-F8C5-3316-9EC5-C1CC0B5BD162}
		{7F792114-D135-37EC-B415-1A585064A95B} = {5612FC07-F8C5-3316-9EC5-C1CC0B5BD162}
		{06D88BEC-B5A3-364A-B5D5-0D7BD5F0F926} = {5612FC07-F8C5-3316-9EC5-C1CC0B5BD162}
		{B6783B1A-08ED-3F47-B3F7-1DB1B6CB61CD} = {5612FC07-F8C5-3316-9EC5-C1CC0B5BD162}
		{F3A9B749-6B66-3F82-9C58-DC3E28B42A51} = {5612FC07-F8C5-3316-9EC5-C1CC0B5BD162}
		{0EB01FF7-5F7C-354A-947B-4B85D52816C0} = {5612FC07-F8C5-3316-9EC5-C1CC0B5BD162}
		{F2D14F04-B04F-319F-85AA-C65A24E9E45D} = {5612FC07-F8C5-3316-9EC5-C1CC0B5BD162}
		{30E5F726-59F2-30C1-9AE0-760CEF89AD5B} = {5612FC07-F8C5-3316-9EC5-C1CC0B5BD162}
		{05B2E4D9-FAE9-343F-9D97-4C05DEA30F76} = {5612FC07-F8C5-3316-9EC5-C1CC0B5BD162}
		{93E60441-1D57-3142-9DE0-0CC4094F169D} = {5612FC07-F8C5-3316-9EC5-C1CC0B5BD162}
		{BBF53B1C-A5C7-3A32-8CAA-9F5AF6295443} = {5612FC07-F8C5-3316-9EC5-C1CC0B5BD162}
		{DA3B620D-07DF-35F1-AEF1-A7E4C738AD46} = {5612FC07-F8C5-3316-9EC5-C1CC0B5BD162}
		{8FF634EB-DB34-369D-A479-32EE32B4BB98} = {5612FC07-F8C5-3316-9EC5-C1CC0B5BD162}
	EndGlobalSection
	GlobalSection(ExtensibilityGlobals) = postSolution
		SolutionGuid = {C4179347-FFFA-36F5-A29E-782CD61128D6}
	EndGlobalSection
	GlobalSection(ExtensibilityAddIns) = postSolution
	EndGlobalSection
EndGlobal
