Microsoft Visual Studio Solution File, Format Version 12.00
# Visual Studio 15
Project("{2150E333-8FDC-42A3-9474-1A3956D46DE8}") = "CMakePredefinedTargets", "CMakePredefinedTargets", "{AFDA57C7-B852-32B8-8C92-46F3CF24748B}"
EndProject
Project("{2150E333-8FDC-42A3-9474-1A3956D46DE8}") = "GLFW3", "GLFW3", "{CC6B0A31-1852-3EE0-9495-17F0A7860BB2}"
EndProject
Project("{2150E333-8FDC-42A3-9474-1A3956D46DE8}") = "Examples", "GLFW3\Examples", "{AE121550-1FB2-33E5-B83A-16D9245BCF06}"
EndProject
Project("{2150E333-8FDC-42A3-9474-1A3956D46DE8}") = "Tests", "GLFW3\Tests", "{08FCF0E1-3440-39EB-9D71-9492753A13E9}"
EndProject
Project("{8BC9CEB8-8B4A-11D0-8D11-00A0C91BC942}") = "ALL_BUILD", "ALL_BUILD.vcxproj", "{ECF9CA9A-50F6-3C81-9F17-B6870BE07EC6}"
	ProjectSection(ProjectDependencies) = postProject
		{AA8C2976-F2E7-3292-BE3D-C9C5EC65F479} = {AA8C2976-F2E7-3292-BE3D-C9C5EC65F479}
		{895751C4-8281-35BB-9F88-6AFF40EFA2DA} = {895751C4-8281-35BB-9F88-6AFF40EFA2DA}
		{F68C288A-3072-3B36-AA3E-B0694A712345} = {F68C288A-3072-3B36-AA3E-B0694A712345}
		{F8FB2628-7954-3F7C-8BE5-E3B1623CAE0C} = {F8FB2628-7954-3F7C-8BE5-E3B1623CAE0C}
		{FBC99E9B-F510-382D-B85D-68EFFC1133EE} = {FBC99E9B-F510-382D-B85D-68EFFC1133EE}
		{19139CEE-C61D-3C45-A19B-7E033F492875} = {19139CEE-C61D-3C45-A19B-7E033F492875}
		{5C5CE1BA-260E-387B-8D38-928F482DCE16} = {5C5CE1BA-260E-387B-8D38-928F482DCE16}
		{29BC5FBE-D643-31FB-8F41-FCE28CDFD766} = {29BC5FBE-D643-31FB-8F41-FCE28CDFD766}
		{143B3964-DE9A-3EF5-87D9-DEB53BB82768} = {143B3964-DE9A-3EF5-87D9-DEB53BB82768}
		{67D2BF86-79E6-30B5-A847-51ED284DD090} = {67D2BF86-79E6-30B5-A847-51ED284DD090}
		{03F48A45-65E0-3B5C-AD12-6E7920A11AA9} = {03F48A45-65E0-3B5C-AD12-6E7920A11AA9}
		{D9E9A0EE-11D7-36EF-99EB-CECFD7CD9F3C} = {D9E9A0EE-11D7-36EF-99EB-CECFD7CD9F3C}
		{B9DCF72B-EE9F-3296-9CEE-D6A720E62760} = {B9DCF72B-EE9F-3296-9CEE-D6A720E62760}
		{09E8FC14-1E72-369B-9ED0-861062092D3A} = {09E8FC14-1E72-369B-9ED0-861062092D3A}
		{30FAAD16-66BA-3811-A8C2-0E5F407EA0AC} = {30FAAD16-66BA-3811-A8C2-0E5F407EA0AC}
		{B0273981-855B-3670-9F3D-29B4756D1E16} = {B0273981-855B-3670-9F3D-29B4756D1E16}
		{6B0E6EFB-4882-3829-AA72-7CDCBD833865} = {6B0E6EFB-4882-3829-AA72-7CDCBD833865}
		{CEC0E842-94FC-3D95-96D8-A1CC5C85C72D} = {CEC0E842-94FC-3D95-96D8-A1CC5C85C72D}
		{4E00D4D1-6275-32B5-9269-B0E1A7AA2B4D} = {4E00D4D1-6275-32B5-9269-B0E1A7AA2B4D}
		{C4FF54F1-2C56-3067-A6D9-A880069E9130} = {C4FF54F1-2C56-3067-A6D9-A880069E9130}
		{DD235479-5BFA-3612-A1E9-45FD41AB2A3A} = {DD235479-5BFA-3612-A1E9-45FD41AB2A3A}
		{B02517D5-1B63-34D2-8673-AC25384A18AB} = {B02517D5-1B63-34D2-8673-AC25384A18AB}
		{EBDF2EB0-36E6-3DB2-A5B0-7F268234855D} = {EBDF2EB0-36E6-3DB2-A5B0-7F268234855D}
		{C5F056FC-A2C3-3840-8D4A-DD6AE75B92C9} = {C5F056FC-A2C3-3840-8D4A-DD6AE75B92C9}
		{B542B802-85A4-38F2-ADC2-5974F51FEC02} = {B542B802-85A4-38F2-ADC2-5974F51FEC02}
		{BA1DA36F-CDD5-33ED-BF1C-9F4229132C04} = {BA1DA36F-CDD5-33ED-BF1C-9F4229132C04}
		{71E77209-2CF9-36FF-9895-A472C114020A} = {71E77209-2CF9-36FF-9895-A472C114020A}
		{9D1C1C5C-2405-3F40-9F65-08189FB700D4} = {9D1C1C5C-2405-3F40-9F65-08189FB700D4}
		{4E180878-E837-346A-8789-867A255B4BAF} = {4E180878-E837-346A-8789-867A255B4BAF}
		{011469B2-2CC9-3E92-BAB5-9B58972990DF} = {011469B2-2CC9-3E92-BAB5-9B58972990DF}
		{858E1CC9-30A7-3DC7-B924-B154F21F4F12} = {858E1CC9-30A7-3DC7-B924-B154F21F4F12}
		{7E94A9FE-E92F-32D4-9303-81CF45325ECA} = {7E94A9FE-E92F-32D4-9303-81CF45325ECA}
		{FAF64E48-7161-3B9C-9414-661E13D93C3F} = {FAF64E48-7161-3B9C-9414-661E13D93C3F}
		{96F85081-AC95-35AD-9193-4A7BA05AD8AC} = {96F85081-AC95-35AD-9193-4A7BA05AD8AC}
	EndProjectSection
EndProject
Project("{8BC9CEB8-8B4A-11D0-8D11-00A0C91BC942}") = "ANTTWEAKBAR_116_OGLCORE_GLFW", "external\ANTTWEAKBAR_116_OGLCORE_GLFW.vcxproj", "{AA8C2976-F2E7-3292-BE3D-C9C5EC65F479}"
	ProjectSection(ProjectDependencies) = postProject
		{5C5CE1BA-260E-387B-8D38-928F482DCE16} = {5C5CE1BA-260E-387B-8D38-928F482DCE16}
	EndProjectSection
EndProject
Project("{8BC9CEB8-8B4A-11D0-8D11-00A0C91BC942}") = "BulletCollision", "external\bullet-2.81-rev2613\src\BulletCollision\BulletCollision.vcxproj", "{895751C4-8281-35BB-9F88-6AFF40EFA2DA}"
	ProjectSection(ProjectDependencies) = postProject
		{5C5CE1BA-260E-387B-8D38-928F482DCE16} = {5C5CE1BA-260E-387B-8D38-928F482DCE16}
	EndProjectSection
EndProject
Project("{8BC9CEB8-8B4A-11D0-8D11-00A0C91BC942}") = "BulletDynamics", "external\bullet-2.81-rev2613\src\BulletDynamics\BulletDynamics.vcxproj", "{F68C288A-3072-3B36-AA3E-B0694A712345}"
	ProjectSection(ProjectDependencies) = postProject
		{5C5CE1BA-260E-387B-8D38-928F482DCE16} = {5C5CE1BA-260E-387B-8D38-928F482DCE16}
	EndProjectSection
EndProject
Project("{8BC9CEB8-8B4A-11D0-8D11-00A0C91BC942}") = "BulletSoftBody", "external\bullet-2.81-rev2613\src\BulletSoftBody\BulletSoftBody.vcxproj", "{F8FB2628-7954-3F7C-8BE5-E3B1623CAE0C}"
	ProjectSection(ProjectDependencies) = postProject
		{5C5CE1BA-260E-387B-8D38-928F482DCE16} = {5C5CE1BA-260E-387B-8D38-928F482DCE16}
	EndProjectSection
EndProject
Project("{8BC9CEB8-8B4A-11D0-8D11-00A0C91BC942}") = "GLEW_1130", "external\GLEW_1130.vcxproj", "{FBC99E9B-F510-382D-B85D-68EFFC1133EE}"
	ProjectSection(ProjectDependencies) = postProject
		{5C5CE1BA-260E-387B-8D38-928F482DCE16} = {5C5CE1BA-260E-387B-8D38-928F482DCE16}
	EndProjectSection
EndProject
Project("{8BC9CEB8-8B4A-11D0-8D11-00A0C91BC942}") = "INSTALL", "INSTALL.vcxproj", "{250C54A1-C31D-315E-A394-630D87A77F98}"
	ProjectSection(ProjectDependencies) = postProject
		{ECF9CA9A-50F6-3C81-9F17-B6870BE07EC6} = {ECF9CA9A-50F6-3C81-9F17-B6870BE07EC6}
		{5C5CE1BA-260E-387B-8D38-928F482DCE16} = {5C5CE1BA-260E-387B-8D38-928F482DCE16}
	EndProjectSection
EndProject
Project("{8BC9CEB8-8B4A-11D0-8D11-00A0C91BC942}") = "LinearMath", "external\bullet-2.81-rev2613\src\LinearMath\LinearMath.vcxproj", "{19139CEE-C61D-3C45-A19B-7E033F492875}"
	ProjectSection(ProjectDependencies) = postProject
		{5C5CE1BA-260E-387B-8D38-928F482DCE16} = {5C5CE1BA-260E-387B-8D38-928F482DCE16}
	EndProjectSection
EndProject
Project("{8BC9CEB8-8B4A-11D0-8D11-00A0C91BC942}") = "ZERO_CHECK", "ZERO_CHECK.vcxproj", "{5C5CE1BA-260E-387B-8D38-928F482DCE16}"
	ProjectSection(ProjectDependencies) = postProject
	EndProjectSection
EndProject
Project("{8BC9CEB8-8B4A-11D0-8D11-00A0C91BC942}") = "assimp", "external\assimp-3.0.1270\code\assimp.vcxproj", "{29BC5FBE-D643-31FB-8F41-FCE28CDFD766}"
	ProjectSection(ProjectDependencies) = postProject
		{5C5CE1BA-260E-387B-8D38-928F482DCE16} = {5C5CE1BA-260E-387B-8D38-928F482DCE16}
		{96F85081-AC95-35AD-9193-4A7BA05AD8AC} = {96F85081-AC95-35AD-9193-4A7BA05AD8AC}
	EndProjectSection
EndProject
Project("{8BC9CEB8-8B4A-11D0-8D11-00A0C91BC942}") = "boing", "external\glfw-3.1.2\examples\boing.vcxproj", "{143B3964-DE9A-3EF5-87D9-DEB53BB82768}"
	ProjectSection(ProjectDependencies) = postProject
		{5C5CE1BA-260E-387B-8D38-928F482DCE16} = {5C5CE1BA-260E-387B-8D38-928F482DCE16}
		{B0273981-855B-3670-9F3D-29B4756D1E16} = {B0273981-855B-3670-9F3D-29B4756D1E16}
	EndProjectSection
EndProject
Project("{8BC9CEB8-8B4A-11D0-8D11-00A0C91BC942}") = "clipboard", "external\glfw-3.1.2\tests\clipboard.vcxproj", "{67D2BF86-79E6-30B5-A847-51ED284DD090}"
	ProjectSection(ProjectDependencies) = postProject
		{5C5CE1BA-260E-387B-8D38-928F482DCE16} = {5C5CE1BA-260E-387B-8D38-928F482DCE16}
		{B0273981-855B-3670-9F3D-29B4756D1E16} = {B0273981-855B-3670-9F3D-29B4756D1E16}
	EndProjectSection
EndProject
Project("{8BC9CEB8-8B4A-11D0-8D11-00A0C91BC942}") = "cursor", "external\glfw-3.1.2\tests\cursor.vcxproj", "{03F48A45-65E0-3B5C-AD12-6E7920A11AA9}"
	ProjectSection(ProjectDependencies) = postProject
		{5C5CE1BA-260E-387B-8D38-928F482DCE16} = {5C5CE1BA-260E-387B-8D38-928F482DCE16}
		{B0273981-855B-3670-9F3D-29B4756D1E16} = {B0273981-855B-3670-9F3D-29B4756D1E16}
	EndProjectSection
EndProject
Project("{8BC9CEB8-8B4A-11D0-8D11-00A0C91BC942}") = "empty", "external\glfw-3.1.2\tests\empty.vcxproj", "{D9E9A0EE-11D7-36EF-99EB-CECFD7CD9F3C}"
	ProjectSection(ProjectDependencies) = postProject
		{5C5CE1BA-260E-387B-8D38-928F482DCE16} = {5C5CE1BA-260E-387B-8D38-928F482DCE16}
		{B0273981-855B-3670-9F3D-29B4756D1E16} = {B0273981-855B-3670-9F3D-29B4756D1E16}
	EndProjectSection
EndProject
Project("{8BC9CEB8-8B4A-11D0-8D11-00A0C91BC942}") = "events", "external\glfw-3.1.2\tests\events.vcxproj", "{B9DCF72B-EE9F-3296-9CEE-D6A720E62760}"
	ProjectSection(ProjectDependencies) = postProject
		{5C5CE1BA-260E-387B-8D38-928F482DCE16} = {5C5CE1BA-260E-387B-8D38-928F482DCE16}
		{B0273981-855B-3670-9F3D-29B4756D1E16} = {B0273981-855B-3670-9F3D-29B4756D1E16}
	EndProjectSection
EndProject
Project("{8BC9CEB8-8B4A-11D0-8D11-00A0C91BC942}") = "gamma", "external\glfw-3.1.2\tests\gamma.vcxproj", "{09E8FC14-1E72-369B-9ED0-861062092D3A}"
	ProjectSection(ProjectDependencies) = postProject
		{5C5CE1BA-260E-387B-8D38-928F482DCE16} = {5C5CE1BA-260E-387B-8D38-928F482DCE16}
		{B0273981-855B-3670-9F3D-29B4756D1E16} = {B0273981-855B-3670-9F3D-29B4756D1E16}
	EndProjectSection
EndProject
Project("{8BC9CEB8-8B4A-11D0-8D11-00A0C91BC942}") = "gears", "external\glfw-3.1.2\examples\gears.vcxproj", "{30FAAD16-66BA-3811-A8C2-0E5F407EA0AC}"
	ProjectSection(ProjectDependencies) = postProject
		{5C5CE1BA-260E-387B-8D38-928F482DCE16} = {5C5CE1BA-260E-387B-8D38-928F482DCE16}
		{B0273981-855B-3670-9F3D-29B4756D1E16} = {B0273981-855B-3670-9F3D-29B4756D1E16}
	EndProjectSection
EndProject
Project("{8BC9CEB8-8B4A-11D0-8D11-00A0C91BC942}") = "glfw", "external\glfw-3.1.2\src\glfw.vcxproj", "{B0273981-855B-3670-9F3D-29B4756D1E16}"
	ProjectSection(ProjectDependencies) = postProject
		{5C5CE1BA-260E-387B-8D38-928F482DCE16} = {5C5CE1BA-260E-387B-8D38-928F482DCE16}
	EndProjectSection
EndProject
Project("{8BC9CEB8-8B4A-11D0-8D11-00A0C91BC942}") = "glfwinfo", "external\glfw-3.1.2\tests\glfwinfo.vcxproj", "{6B0E6EFB-4882-3829-AA72-7CDCBD833865}"
	ProjectSection(ProjectDependencies) = postProject
		{5C5CE1BA-260E-387B-8D38-928F482DCE16} = {5C5CE1BA-260E-387B-8D38-928F482DCE16}
		{B0273981-855B-3670-9F3D-29B4756D1E16} = {B0273981-855B-3670-9F3D-29B4756D1E16}
	EndProjectSection
EndProject
Project("{8BC9CEB8-8B4A-11D0-8D11-00A0C91BC942}") = "heightmap", "external\glfw-3.1.2\examples\heightmap.vcxproj", "{CEC0E842-94FC-3D95-96D8-A1CC5C85C72D}"
	ProjectSection(ProjectDependencies) = postProject
		{5C5CE1BA-260E-387B-8D38-928F482DCE16} = {5C5CE1BA-260E-387B-8D38-928F482DCE16}
		{B0273981-855B-3670-9F3D-29B4756D1E16} = {B0273981-855B-3670-9F3D-29B4756D1E16}
	EndProjectSection
EndProject
Project("{8BC9CEB8-8B4A-11D0-8D11-00A0C91BC942}") = "iconify", "external\glfw-3.1.2\tests\iconify.vcxproj", "{4E00D4D1-6275-32B5-9269-B0E1A7AA2B4D}"
	ProjectSection(ProjectDependencies) = postProject
		{5C5CE1BA-260E-387B-8D38-928F482DCE16} = {5C5CE1BA-260E-387B-8D38-928F482DCE16}
		{B0273981-855B-3670-9F3D-29B4756D1E16} = {B0273981-855B-3670-9F3D-29B4756D1E16}
	EndProjectSection
EndProject
Project("{8BC9CEB8-8B4A-11D0-8D11-00A0C91BC942}") = "joysticks", "external\glfw-3.1.2\tests\joysticks.vcxproj", "{C4FF54F1-2C56-3067-A6D9-A880069E9130}"
	ProjectSection(ProjectDependencies) = postProject
		{5C5CE1BA-260E-387B-8D38-928F482DCE16} = {5C5CE1BA-260E-387B-8D38-928F482DCE16}
		{B0273981-855B-3670-9F3D-29B4756D1E16} = {B0273981-855B-3670-9F3D-29B4756D1E16}
	EndProjectSection
EndProject
Project("{8BC9CEB8-8B4A-11D0-8D11-00A0C91BC942}") = "main", "main.vcxproj", "{DD235479-5BFA-3612-A1E9-45FD41AB2A3A}"
	ProjectSection(ProjectDependencies) = postProject
		{FBC99E9B-F510-382D-B85D-68EFFC1133EE} = {FBC99E9B-F510-382D-B85D-68EFFC1133EE}
		{5C5CE1BA-260E-387B-8D38-928F482DCE16} = {5C5CE1BA-260E-387B-8D38-928F482DCE16}
		{B0273981-855B-3670-9F3D-29B4756D1E16} = {B0273981-855B-3670-9F3D-29B4756D1E16}
	EndProjectSection
EndProject
Project("{8BC9CEB8-8B4A-11D0-8D11-00A0C91BC942}") = "monitors", "external\glfw-3.1.2\tests\monitors.vcxproj", "{B02517D5-1B63-34D2-8673-AC25384A18AB}"
	ProjectSection(ProjectDependencies) = postProject
		{5C5CE1BA-260E-387B-8D38-928F482DCE16} = {5C5CE1BA-260E-387B-8D38-928F482DCE16}
		{B0273981-855B-3670-9F3D-29B4756D1E16} = {B0273981-855B-3670-9F3D-29B4756D1E16}
	EndProjectSection
EndProject
Project("{8BC9CEB8-8B4A-11D0-8D11-00A0C91BC942}") = "msaa", "external\glfw-3.1.2\tests\msaa.vcxproj", "{EBDF2EB0-36E6-3DB2-A5B0-7F268234855D}"
	ProjectSection(ProjectDependencies) = postProject
		{5C5CE1BA-260E-387B-8D38-928F482DCE16} = {5C5CE1BA-260E-387B-8D38-928F482DCE16}
		{B0273981-855B-3670-9F3D-29B4756D1E16} = {B0273981-855B-3670-9F3D-29B4756D1E16}
	EndProjectSection
EndProject
Project("{8BC9CEB8-8B4A-11D0-8D11-00A0C91BC942}") = "particles", "external\glfw-3.1.2\examples\particles.vcxproj", "{C5F056FC-A2C3-3840-8D4A-DD6AE75B92C9}"
	ProjectSection(ProjectDependencies) = postProject
		{5C5CE1BA-260E-387B-8D38-928F482DCE16} = {5C5CE1BA-260E-387B-8D38-928F482DCE16}
		{B0273981-855B-3670-9F3D-29B4756D1E16} = {B0273981-855B-3670-9F3D-29B4756D1E16}
	EndProjectSection
EndProject
Project("{8BC9CEB8-8B4A-11D0-8D11-00A0C91BC942}") = "reopen", "external\glfw-3.1.2\tests\reopen.vcxproj", "{B542B802-85A4-38F2-ADC2-5974F51FEC02}"
	ProjectSection(ProjectDependencies) = postProject
		{5C5CE1BA-260E-387B-8D38-928F482DCE16} = {5C5CE1BA-260E-387B-8D38-928F482DCE16}
		{B0273981-855B-3670-9F3D-29B4756D1E16} = {B0273981-855B-3670-9F3D-29B4756D1E16}
	EndProjectSection
EndProject
Project("{8BC9CEB8-8B4A-11D0-8D11-00A0C91BC942}") = "sharing", "external\glfw-3.1.2\tests\sharing.vcxproj", "{BA1DA36F-CDD5-33ED-BF1C-9F4229132C04}"
	ProjectSection(ProjectDependencies) = postProject
		{5C5CE1BA-260E-387B-8D38-928F482DCE16} = {5C5CE1BA-260E-387B-8D38-928F482DCE16}
		{B0273981-855B-3670-9F3D-29B4756D1E16} = {B0273981-855B-3670-9F3D-29B4756D1E16}
	EndProjectSection
EndProject
Project("{8BC9CEB8-8B4A-11D0-8D11-00A0C91BC942}") = "simple", "external\glfw-3.1.2\examples\simple.vcxproj", "{71E77209-2CF9-36FF-9895-A472C114020A}"
	ProjectSection(ProjectDependencies) = postProject
		{5C5CE1BA-260E-387B-8D38-928F482DCE16} = {5C5CE1BA-260E-387B-8D38-928F482DCE16}
		{B0273981-855B-3670-9F3D-29B4756D1E16} = {B0273981-855B-3670-9F3D-29B4756D1E16}
	EndProjectSection
EndProject
Project("{8BC9CEB8-8B4A-11D0-8D11-00A0C91BC942}") = "splitview", "external\glfw-3.1.2\examples\splitview.vcxproj", "{9D1C1C5C-2405-3F40-9F65-08189FB700D4}"
	ProjectSection(ProjectDependencies) = postProject
		{5C5CE1BA-260E-387B-8D38-928F482DCE16} = {5C5CE1BA-260E-387B-8D38-928F482DCE16}
		{B0273981-855B-3670-9F3D-29B4756D1E16} = {B0273981-855B-3670-9F3D-29B4756D1E16}
	EndProjectSection
EndProject
Project("{8BC9CEB8-8B4A-11D0-8D11-00A0C91BC942}") = "tearing", "external\glfw-3.1.2\tests\tearing.vcxproj", "{4E180878-E837-346A-8789-867A255B4BAF}"
	ProjectSection(ProjectDependencies) = postProject
		{5C5CE1BA-260E-387B-8D38-928F482DCE16} = {5C5CE1BA-260E-387B-8D38-928F482DCE16}
		{B0273981-855B-3670-9F3D-29B4756D1E16} = {B0273981-855B-3670-9F3D-29B4756D1E16}
	EndProjectSection
EndProject
Project("{8BC9CEB8-8B4A-11D0-8D11-00A0C91BC942}") = "threads", "external\glfw-3.1.2\tests\threads.vcxproj", "{011469B2-2CC9-3E92-BAB5-9B58972990DF}"
	ProjectSection(ProjectDependencies) = postProject
		{5C5CE1BA-260E-387B-8D38-928F482DCE16} = {5C5CE1BA-260E-387B-8D38-928F482DCE16}
		{B0273981-855B-3670-9F3D-29B4756D1E16} = {B0273981-855B-3670-9F3D-29B4756D1E16}
	EndProjectSection
EndProject
Project("{8BC9CEB8-8B4A-11D0-8D11-00A0C91BC942}") = "title", "external\glfw-3.1.2\tests\title.vcxproj", "{858E1CC9-30A7-3DC7-B924-B154F21F4F12}"
	ProjectSection(ProjectDependencies) = postProject
		{5C5CE1BA-260E-387B-8D38-928F482DCE16} = {5C5CE1BA-260E-387B-8D38-928F482DCE16}
		{B0273981-855B-3670-9F3D-29B4756D1E16} = {B0273981-855B-3670-9F3D-29B4756D1E16}
	EndProjectSection
EndProject
Project("{8BC9CEB8-8B4A-11D0-8D11-00A0C91BC942}") = "uninstall", "external\glfw-3.1.2\uninstall.vcxproj", "{C5183DE5-2D96-3FD7-9128-A13CCC6E7BB5}"
	ProjectSection(ProjectDependencies) = postProject
		{5C5CE1BA-260E-387B-8D38-928F482DCE16} = {5C5CE1BA-260E-387B-8D38-928F482DCE16}
	EndProjectSection
EndProject
Project("{8BC9CEB8-8B4A-11D0-8D11-00A0C91BC942}") = "wave", "external\glfw-3.1.2\examples\wave.vcxproj", "{7E94A9FE-E92F-32D4-9303-81CF45325ECA}"
	ProjectSection(ProjectDependencies) = postProject
		{5C5CE1BA-260E-387B-8D38-928F482DCE16} = {5C5CE1BA-260E-387B-8D38-928F482DCE16}
		{B0273981-855B-3670-9F3D-29B4756D1E16} = {B0273981-855B-3670-9F3D-29B4756D1E16}
	EndProjectSection
EndProject
Project("{8BC9CEB8-8B4A-11D0-8D11-00A0C91BC942}") = "windows", "external\glfw-3.1.2\tests\windows.vcxproj", "{FAF64E48-7161-3B9C-9414-661E13D93C3F}"
	ProjectSection(ProjectDependencies) = postProject
		{5C5CE1BA-260E-387B-8D38-928F482DCE16} = {5C5CE1BA-260E-387B-8D38-928F482DCE16}
		{B0273981-855B-3670-9F3D-29B4756D1E16} = {B0273981-855B-3670-9F3D-29B4756D1E16}
	EndProjectSection
EndProject
Project("{8BC9CEB8-8B4A-11D0-8D11-00A0C91BC942}") = "zlib", "external\assimp-3.0.1270\contrib\zlib\zlib.vcxproj", "{96F85081-AC95-35AD-9193-4A7BA05AD8AC}"
	ProjectSection(ProjectDependencies) = postProject
		{5C5CE1BA-260E-387B-8D38-928F482DCE16} = {5C5CE1BA-260E-387B-8D38-928F482DCE16}
	EndProjectSection
EndProject
Global
	GlobalSection(SolutionConfigurationPlatforms) = preSolution
		Debug|Win32 = Debug|Win32
		Release|Win32 = Release|Win32
		MinSizeRel|Win32 = MinSizeRel|Win32
		RelWithDebInfo|Win32 = RelWithDebInfo|Win32
	EndGlobalSection
	GlobalSection(ProjectConfigurationPlatforms) = postSolution
		{ECF9CA9A-50F6-3C81-9F17-B6870BE07EC6}.Debug|Win32.ActiveCfg = Debug|Win32
		{ECF9CA9A-50F6-3C81-9F17-B6870BE07EC6}.Debug|Win32.Build.0 = Debug|Win32
		{ECF9CA9A-50F6-3C81-9F17-B6870BE07EC6}.Release|Win32.ActiveCfg = Release|Win32
		{ECF9CA9A-50F6-3C81-9F17-B6870BE07EC6}.Release|Win32.Build.0 = Release|Win32
		{ECF9CA9A-50F6-3C81-9F17-B6870BE07EC6}.MinSizeRel|Win32.ActiveCfg = MinSizeRel|Win32
		{ECF9CA9A-50F6-3C81-9F17-B6870BE07EC6}.MinSizeRel|Win32.Build.0 = MinSizeRel|Win32
		{ECF9CA9A-50F6-3C81-9F17-B6870BE07EC6}.RelWithDebInfo|Win32.ActiveCfg = RelWithDebInfo|Win32
		{ECF9CA9A-50F6-3C81-9F17-B6870BE07EC6}.RelWithDebInfo|Win32.Build.0 = RelWithDebInfo|Win32
		{AA8C2976-F2E7-3292-BE3D-C9C5EC65F479}.Debug|Win32.ActiveCfg = Debug|Win32
		{AA8C2976-F2E7-3292-BE3D-C9C5EC65F479}.Debug|Win32.Build.0 = Debug|Win32
		{AA8C2976-F2E7-3292-BE3D-C9C5EC65F479}.Release|Win32.ActiveCfg = Release|Win32
		{AA8C2976-F2E7-3292-BE3D-C9C5EC65F479}.Release|Win32.Build.0 = Release|Win32
		{AA8C2976-F2E7-3292-BE3D-C9C5EC65F479}.MinSizeRel|Win32.ActiveCfg = MinSizeRel|Win32
		{AA8C2976-F2E7-3292-BE3D-C9C5EC65F479}.MinSizeRel|Win32.Build.0 = MinSizeRel|Win32
		{AA8C2976-F2E7-3292-BE3D-C9C5EC65F479}.RelWithDebInfo|Win32.ActiveCfg = RelWithDebInfo|Win32
		{AA8C2976-F2E7-3292-BE3D-C9C5EC65F479}.RelWithDebInfo|Win32.Build.0 = RelWithDebInfo|Win32
		{895751C4-8281-35BB-9F88-6AFF40EFA2DA}.Debug|Win32.ActiveCfg = Debug|Win32
		{895751C4-8281-35BB-9F88-6AFF40EFA2DA}.Debug|Win32.Build.0 = Debug|Win32
		{895751C4-8281-35BB-9F88-6AFF40EFA2DA}.Release|Win32.ActiveCfg = Release|Win32
		{895751C4-8281-35BB-9F88-6AFF40EFA2DA}.Release|Win32.Build.0 = Release|Win32
		{895751C4-8281-35BB-9F88-6AFF40EFA2DA}.MinSizeRel|Win32.ActiveCfg = MinSizeRel|Win32
		{895751C4-8281-35BB-9F88-6AFF40EFA2DA}.MinSizeRel|Win32.Build.0 = MinSizeRel|Win32
		{895751C4-8281-35BB-9F88-6AFF40EFA2DA}.RelWithDebInfo|Win32.ActiveCfg = RelWithDebInfo|Win32
		{895751C4-8281-35BB-9F88-6AFF40EFA2DA}.RelWithDebInfo|Win32.Build.0 = RelWithDebInfo|Win32
		{F68C288A-3072-3B36-AA3E-B0694A712345}.Debug|Win32.ActiveCfg = Debug|Win32
		{F68C288A-3072-3B36-AA3E-B0694A712345}.Debug|Win32.Build.0 = Debug|Win32
		{F68C288A-3072-3B36-AA3E-B0694A712345}.Release|Win32.ActiveCfg = Release|Win32
		{F68C288A-3072-3B36-AA3E-B0694A712345}.Release|Win32.Build.0 = Release|Win32
		{F68C288A-3072-3B36-AA3E-B0694A712345}.MinSizeRel|Win32.ActiveCfg = MinSizeRel|Win32
		{F68C288A-3072-3B36-AA3E-B0694A712345}.MinSizeRel|Win32.Build.0 = MinSizeRel|Win32
		{F68C288A-3072-3B36-AA3E-B0694A712345}.RelWithDebInfo|Win32.ActiveCfg = RelWithDebInfo|Win32
		{F68C288A-3072-3B36-AA3E-B0694A712345}.RelWithDebInfo|Win32.Build.0 = RelWithDebInfo|Win32
		{F8FB2628-7954-3F7C-8BE5-E3B1623CAE0C}.Debug|Win32.ActiveCfg = Debug|Win32
		{F8FB2628-7954-3F7C-8BE5-E3B1623CAE0C}.Debug|Win32.Build.0 = Debug|Win32
		{F8FB2628-7954-3F7C-8BE5-E3B1623CAE0C}.Release|Win32.ActiveCfg = Release|Win32
		{F8FB2628-7954-3F7C-8BE5-E3B1623CAE0C}.Release|Win32.Build.0 = Release|Win32
		{F8FB2628-7954-3F7C-8BE5-E3B1623CAE0C}.MinSizeRel|Win32.ActiveCfg = MinSizeRel|Win32
		{F8FB2628-7954-3F7C-8BE5-E3B1623CAE0C}.MinSizeRel|Win32.Build.0 = MinSizeRel|Win32
		{F8FB2628-7954-3F7C-8BE5-E3B1623CAE0C}.RelWithDebInfo|Win32.ActiveCfg = RelWithDebInfo|Win32
		{F8FB2628-7954-3F7C-8BE5-E3B1623CAE0C}.RelWithDebInfo|Win32.Build.0 = RelWithDebInfo|Win32
		{FBC99E9B-F510-382D-B85D-68EFFC1133EE}.Debug|Win32.ActiveCfg = Debug|Win32
		{FBC99E9B-F510-382D-B85D-68EFFC1133EE}.Debug|Win32.Build.0 = Debug|Win32
		{FBC99E9B-F510-382D-B85D-68EFFC1133EE}.Release|Win32.ActiveCfg = Release|Win32
		{FBC99E9B-F510-382D-B85D-68EFFC1133EE}.Release|Win32.Build.0 = Release|Win32
		{FBC99E9B-F510-382D-B85D-68EFFC1133EE}.MinSizeRel|Win32.ActiveCfg = MinSizeRel|Win32
		{FBC99E9B-F510-382D-B85D-68EFFC1133EE}.MinSizeRel|Win32.Build.0 = MinSizeRel|Win32
		{FBC99E9B-F510-382D-B85D-68EFFC1133EE}.RelWithDebInfo|Win32.ActiveCfg = RelWithDebInfo|Win32
		{FBC99E9B-F510-382D-B85D-68EFFC1133EE}.RelWithDebInfo|Win32.Build.0 = RelWithDebInfo|Win32
		{250C54A1-C31D-315E-A394-630D87A77F98}.Debug|Win32.ActiveCfg = Debug|Win32
		{250C54A1-C31D-315E-A394-630D87A77F98}.Release|Win32.ActiveCfg = Release|Win32
		{250C54A1-C31D-315E-A394-630D87A77F98}.MinSizeRel|Win32.ActiveCfg = MinSizeRel|Win32
		{250C54A1-C31D-315E-A394-630D87A77F98}.RelWithDebInfo|Win32.ActiveCfg = RelWithDebInfo|Win32
		{19139CEE-C61D-3C45-A19B-7E033F492875}.Debug|Win32.ActiveCfg = Debug|Win32
		{19139CEE-C61D-3C45-A19B-7E033F492875}.Debug|Win32.Build.0 = Debug|Win32
		{19139CEE-C61D-3C45-A19B-7E033F492875}.Release|Win32.ActiveCfg = Release|Win32
		{19139CEE-C61D-3C45-A19B-7E033F492875}.Release|Win32.Build.0 = Release|Win32
		{19139CEE-C61D-3C45-A19B-7E033F492875}.MinSizeRel|Win32.ActiveCfg = MinSizeRel|Win32
		{19139CEE-C61D-3C45-A19B-7E033F492875}.MinSizeRel|Win32.Build.0 = MinSizeRel|Win32
		{19139CEE-C61D-3C45-A19B-7E033F492875}.RelWithDebInfo|Win32.ActiveCfg = RelWithDebInfo|Win32
		{19139CEE-C61D-3C45-A19B-7E033F492875}.RelWithDebInfo|Win32.Build.0 = RelWithDebInfo|Win32
		{5C5CE1BA-260E-387B-8D38-928F482DCE16}.Debug|Win32.ActiveCfg = Debug|Win32
		{5C5CE1BA-260E-387B-8D38-928F482DCE16}.Debug|Win32.Build.0 = Debug|Win32
		{5C5CE1BA-260E-387B-8D38-928F482DCE16}.Release|Win32.ActiveCfg = Release|Win32
		{5C5CE1BA-260E-387B-8D38-928F482DCE16}.Release|Win32.Build.0 = Release|Win32
		{5C5CE1BA-260E-387B-8D38-928F482DCE16}.MinSizeRel|Win32.ActiveCfg = MinSizeRel|Win32
		{5C5CE1BA-260E-387B-8D38-928F482DCE16}.MinSizeRel|Win32.Build.0 = MinSizeRel|Win32
		{5C5CE1BA-260E-387B-8D38-928F482DCE16}.RelWithDebInfo|Win32.ActiveCfg = RelWithDebInfo|Win32
		{5C5CE1BA-260E-387B-8D38-928F482DCE16}.RelWithDebInfo|Win32.Build.0 = RelWithDebInfo|Win32
		{29BC5FBE-D643-31FB-8F41-FCE28CDFD766}.Debug|Win32.ActiveCfg = Debug|Win32
		{29BC5FBE-D643-31FB-8F41-FCE28CDFD766}.Debug|Win32.Build.0 = Debug|Win32
		{29BC5FBE-D643-31FB-8F41-FCE28CDFD766}.Release|Win32.ActiveCfg = Release|Win32
		{29BC5FBE-D643-31FB-8F41-FCE28CDFD766}.Release|Win32.Build.0 = Release|Win32
		{29BC5FBE-D643-31FB-8F41-FCE28CDFD766}.MinSizeRel|Win32.ActiveCfg = MinSizeRel|Win32
		{29BC5FBE-D643-31FB-8F41-FCE28CDFD766}.MinSizeRel|Win32.Build.0 = MinSizeRel|Win32
		{29BC5FBE-D643-31FB-8F41-FCE28CDFD766}.RelWithDebInfo|Win32.ActiveCfg = RelWithDebInfo|Win32
		{29BC5FBE-D643-31FB-8F41-FCE28CDFD766}.RelWithDebInfo|Win32.Build.0 = RelWithDebInfo|Win32
		{143B3964-DE9A-3EF5-87D9-DEB53BB82768}.Debug|Win32.ActiveCfg = Debug|Win32
		{143B3964-DE9A-3EF5-87D9-DEB53BB82768}.Debug|Win32.Build.0 = Debug|Win32
		{143B3964-DE9A-3EF5-87D9-DEB53BB82768}.Release|Win32.ActiveCfg = Release|Win32
		{143B3964-DE9A-3EF5-87D9-DEB53BB82768}.Release|Win32.Build.0 = Release|Win32
		{143B3964-DE9A-3EF5-87D9-DEB53BB82768}.MinSizeRel|Win32.ActiveCfg = MinSizeRel|Win32
		{143B3964-DE9A-3EF5-87D9-DEB53BB82768}.MinSizeRel|Win32.Build.0 = MinSizeRel|Win32
		{143B3964-DE9A-3EF5-87D9-DEB53BB82768}.RelWithDebInfo|Win32.ActiveCfg = RelWithDebInfo|Win32
		{143B3964-DE9A-3EF5-87D9-DEB53BB82768}.RelWithDebInfo|Win32.Build.0 = RelWithDebInfo|Win32
		{67D2BF86-79E6-30B5-A847-51ED284DD090}.Debug|Win32.ActiveCfg = Debug|Win32
		{67D2BF86-79E6-30B5-A847-51ED284DD090}.Debug|Win32.Build.0 = Debug|Win32
		{67D2BF86-79E6-30B5-A847-51ED284DD090}.Release|Win32.ActiveCfg = Release|Win32
		{67D2BF86-79E6-30B5-A847-51ED284DD090}.Release|Win32.Build.0 = Release|Win32
		{67D2BF86-79E6-30B5-A847-51ED284DD090}.MinSizeRel|Win32.ActiveCfg = MinSizeRel|Win32
		{67D2BF86-79E6-30B5-A847-51ED284DD090}.MinSizeRel|Win32.Build.0 = MinSizeRel|Win32
		{67D2BF86-79E6-30B5-A847-51ED284DD090}.RelWithDebInfo|Win32.ActiveCfg = RelWithDebInfo|Win32
		{67D2BF86-79E6-30B5-A847-51ED284DD090}.RelWithDebInfo|Win32.Build.0 = RelWithDebInfo|Win32
		{03F48A45-65E0-3B5C-AD12-6E7920A11AA9}.Debug|Win32.ActiveCfg = Debug|Win32
		{03F48A45-65E0-3B5C-AD12-6E7920A11AA9}.Debug|Win32.Build.0 = Debug|Win32
		{03F48A45-65E0-3B5C-AD12-6E7920A11AA9}.Release|Win32.ActiveCfg = Release|Win32
		{03F48A45-65E0-3B5C-AD12-6E7920A11AA9}.Release|Win32.Build.0 = Release|Win32
		{03F48A45-65E0-3B5C-AD12-6E7920A11AA9}.MinSizeRel|Win32.ActiveCfg = MinSizeRel|Win32
		{03F48A45-65E0-3B5C-AD12-6E7920A11AA9}.MinSizeRel|Win32.Build.0 = MinSizeRel|Win32
		{03F48A45-65E0-3B5C-AD12-6E7920A11AA9}.RelWithDebInfo|Win32.ActiveCfg = RelWithDebInfo|Win32
		{03F48A45-65E0-3B5C-AD12-6E7920A11AA9}.RelWithDebInfo|Win32.Build.0 = RelWithDebInfo|Win32
		{D9E9A0EE-11D7-36EF-99EB-CECFD7CD9F3C}.Debug|Win32.ActiveCfg = Debug|Win32
		{D9E9A0EE-11D7-36EF-99EB-CECFD7CD9F3C}.Debug|Win32.Build.0 = Debug|Win32
		{D9E9A0EE-11D7-36EF-99EB-CECFD7CD9F3C}.Release|Win32.ActiveCfg = Release|Win32
		{D9E9A0EE-11D7-36EF-99EB-CECFD7CD9F3C}.Release|Win32.Build.0 = Release|Win32
		{D9E9A0EE-11D7-36EF-99EB-CECFD7CD9F3C}.MinSizeRel|Win32.ActiveCfg = MinSizeRel|Win32
		{D9E9A0EE-11D7-36EF-99EB-CECFD7CD9F3C}.MinSizeRel|Win32.Build.0 = MinSizeRel|Win32
		{D9E9A0EE-11D7-36EF-99EB-CECFD7CD9F3C}.RelWithDebInfo|Win32.ActiveCfg = RelWithDebInfo|Win32
		{D9E9A0EE-11D7-36EF-99EB-CECFD7CD9F3C}.RelWithDebInfo|Win32.Build.0 = RelWithDebInfo|Win32
		{B9DCF72B-EE9F-3296-9CEE-D6A720E62760}.Debug|Win32.ActiveCfg = Debug|Win32
		{B9DCF72B-EE9F-3296-9CEE-D6A720E62760}.Debug|Win32.Build.0 = Debug|Win32
		{B9DCF72B-EE9F-3296-9CEE-D6A720E62760}.Release|Win32.ActiveCfg = Release|Win32
		{B9DCF72B-EE9F-3296-9CEE-D6A720E62760}.Release|Win32.Build.0 = Release|Win32
		{B9DCF72B-EE9F-3296-9CEE-D6A720E62760}.MinSizeRel|Win32.ActiveCfg = MinSizeRel|Win32
		{B9DCF72B-EE9F-3296-9CEE-D6A720E62760}.MinSizeRel|Win32.Build.0 = MinSizeRel|Win32
		{B9DCF72B-EE9F-3296-9CEE-D6A720E62760}.RelWithDebInfo|Win32.ActiveCfg = RelWithDebInfo|Win32
		{B9DCF72B-EE9F-3296-9CEE-D6A720E62760}.RelWithDebInfo|Win32.Build.0 = RelWithDebInfo|Win32
		{09E8FC14-1E72-369B-9ED0-861062092D3A}.Debug|Win32.ActiveCfg = Debug|Win32
		{09E8FC14-1E72-369B-9ED0-861062092D3A}.Debug|Win32.Build.0 = Debug|Win32
		{09E8FC14-1E72-369B-9ED0-861062092D3A}.Release|Win32.ActiveCfg = Release|Win32
		{09E8FC14-1E72-369B-9ED0-861062092D3A}.Release|Win32.Build.0 = Release|Win32
		{09E8FC14-1E72-369B-9ED0-861062092D3A}.MinSizeRel|Win32.ActiveCfg = MinSizeRel|Win32
		{09E8FC14-1E72-369B-9ED0-861062092D3A}.MinSizeRel|Win32.Build.0 = MinSizeRel|Win32
		{09E8FC14-1E72-369B-9ED0-861062092D3A}.RelWithDebInfo|Win32.ActiveCfg = RelWithDebInfo|Win32
		{09E8FC14-1E72-369B-9ED0-861062092D3A}.RelWithDebInfo|Win32.Build.0 = RelWithDebInfo|Win32
		{30FAAD16-66BA-3811-A8C2-0E5F407EA0AC}.Debug|Win32.ActiveCfg = Debug|Win32
		{30FAAD16-66BA-3811-A8C2-0E5F407EA0AC}.Debug|Win32.Build.0 = Debug|Win32
		{30FAAD16-66BA-3811-A8C2-0E5F407EA0AC}.Release|Win32.ActiveCfg = Release|Win32
		{30FAAD16-66BA-3811-A8C2-0E5F407EA0AC}.Release|Win32.Build.0 = Release|Win32
		{30FAAD16-66BA-3811-A8C2-0E5F407EA0AC}.MinSizeRel|Win32.ActiveCfg = MinSizeRel|Win32
		{30FAAD16-66BA-3811-A8C2-0E5F407EA0AC}.MinSizeRel|Win32.Build.0 = MinSizeRel|Win32
		{30FAAD16-66BA-3811-A8C2-0E5F407EA0AC}.RelWithDebInfo|Win32.ActiveCfg = RelWithDebInfo|Win32
		{30FAAD16-66BA-3811-A8C2-0E5F407EA0AC}.RelWithDebInfo|Win32.Build.0 = RelWithDebInfo|Win32
		{B0273981-855B-3670-9F3D-29B4756D1E16}.Debug|Win32.ActiveCfg = Debug|Win32
		{B0273981-855B-3670-9F3D-29B4756D1E16}.Debug|Win32.Build.0 = Debug|Win32
		{B0273981-855B-3670-9F3D-29B4756D1E16}.Release|Win32.ActiveCfg = Release|Win32
		{B0273981-855B-3670-9F3D-29B4756D1E16}.Release|Win32.Build.0 = Release|Win32
		{B0273981-855B-3670-9F3D-29B4756D1E16}.MinSizeRel|Win32.ActiveCfg = MinSizeRel|Win32
		{B0273981-855B-3670-9F3D-29B4756D1E16}.MinSizeRel|Win32.Build.0 = MinSizeRel|Win32
		{B0273981-855B-3670-9F3D-29B4756D1E16}.RelWithDebInfo|Win32.ActiveCfg = RelWithDebInfo|Win32
		{B0273981-855B-3670-9F3D-29B4756D1E16}.RelWithDebInfo|Win32.Build.0 = RelWithDebInfo|Win32
		{6B0E6EFB-4882-3829-AA72-7CDCBD833865}.Debug|Win32.ActiveCfg = Debug|Win32
		{6B0E6EFB-4882-3829-AA72-7CDCBD833865}.Debug|Win32.Build.0 = Debug|Win32
		{6B0E6EFB-4882-3829-AA72-7CDCBD833865}.Release|Win32.ActiveCfg = Release|Win32
		{6B0E6EFB-4882-3829-AA72-7CDCBD833865}.Release|Win32.Build.0 = Release|Win32
		{6B0E6EFB-4882-3829-AA72-7CDCBD833865}.MinSizeRel|Win32.ActiveCfg = MinSizeRel|Win32
		{6B0E6EFB-4882-3829-AA72-7CDCBD833865}.MinSizeRel|Win32.Build.0 = MinSizeRel|Win32
		{6B0E6EFB-4882-3829-AA72-7CDCBD833865}.RelWithDebInfo|Win32.ActiveCfg = RelWithDebInfo|Win32
		{6B0E6EFB-4882-3829-AA72-7CDCBD833865}.RelWithDebInfo|Win32.Build.0 = RelWithDebInfo|Win32
		{CEC0E842-94FC-3D95-96D8-A1CC5C85C72D}.Debug|Win32.ActiveCfg = Debug|Win32
		{CEC0E842-94FC-3D95-96D8-A1CC5C85C72D}.Debug|Win32.Build.0 = Debug|Win32
		{CEC0E842-94FC-3D95-96D8-A1CC5C85C72D}.Release|Win32.ActiveCfg = Release|Win32
		{CEC0E842-94FC-3D95-96D8-A1CC5C85C72D}.Release|Win32.Build.0 = Release|Win32
		{CEC0E842-94FC-3D95-96D8-A1CC5C85C72D}.MinSizeRel|Win32.ActiveCfg = MinSizeRel|Win32
		{CEC0E842-94FC-3D95-96D8-A1CC5C85C72D}.MinSizeRel|Win32.Build.0 = MinSizeRel|Win32
		{CEC0E842-94FC-3D95-96D8-A1CC5C85C72D}.RelWithDebInfo|Win32.ActiveCfg = RelWithDebInfo|Win32
		{CEC0E842-94FC-3D95-96D8-A1CC5C85C72D}.RelWithDebInfo|Win32.Build.0 = RelWithDebInfo|Win32
		{4E00D4D1-6275-32B5-9269-B0E1A7AA2B4D}.Debug|Win32.ActiveCfg = Debug|Win32
		{4E00D4D1-6275-32B5-9269-B0E1A7AA2B4D}.Debug|Win32.Build.0 = Debug|Win32
		{4E00D4D1-6275-32B5-9269-B0E1A7AA2B4D}.Release|Win32.ActiveCfg = Release|Win32
		{4E00D4D1-6275-32B5-9269-B0E1A7AA2B4D}.Release|Win32.Build.0 = Release|Win32
		{4E00D4D1-6275-32B5-9269-B0E1A7AA2B4D}.MinSizeRel|Win32.ActiveCfg = MinSizeRel|Win32
		{4E00D4D1-6275-32B5-9269-B0E1A7AA2B4D}.MinSizeRel|Win32.Build.0 = MinSizeRel|Win32
		{4E00D4D1-6275-32B5-9269-B0E1A7AA2B4D}.RelWithDebInfo|Win32.ActiveCfg = RelWithDebInfo|Win32
		{4E00D4D1-6275-32B5-9269-B0E1A7AA2B4D}.RelWithDebInfo|Win32.Build.0 = RelWithDebInfo|Win32
		{C4FF54F1-2C56-3067-A6D9-A880069E9130}.Debug|Win32.ActiveCfg = Debug|Win32
		{C4FF54F1-2C56-3067-A6D9-A880069E9130}.Debug|Win32.Build.0 = Debug|Win32
		{C4FF54F1-2C56-3067-A6D9-A880069E9130}.Release|Win32.ActiveCfg = Release|Win32
		{C4FF54F1-2C56-3067-A6D9-A880069E9130}.Release|Win32.Build.0 = Release|Win32
		{C4FF54F1-2C56-3067-A6D9-A880069E9130}.MinSizeRel|Win32.ActiveCfg = MinSizeRel|Win32
		{C4FF54F1-2C56-3067-A6D9-A880069E9130}.MinSizeRel|Win32.Build.0 = MinSizeRel|Win32
		{C4FF54F1-2C56-3067-A6D9-A880069E9130}.RelWithDebInfo|Win32.ActiveCfg = RelWithDebInfo|Win32
		{C4FF54F1-2C56-3067-A6D9-A880069E9130}.RelWithDebInfo|Win32.Build.0 = RelWithDebInfo|Win32
		{DD235479-5BFA-3612-A1E9-45FD41AB2A3A}.Debug|Win32.ActiveCfg = Debug|Win32
		{DD235479-5BFA-3612-A1E9-45FD41AB2A3A}.Debug|Win32.Build.0 = Debug|Win32
		{DD235479-5BFA-3612-A1E9-45FD41AB2A3A}.Release|Win32.ActiveCfg = Release|Win32
		{DD235479-5BFA-3612-A1E9-45FD41AB2A3A}.Release|Win32.Build.0 = Release|Win32
		{DD235479-5BFA-3612-A1E9-45FD41AB2A3A}.MinSizeRel|Win32.ActiveCfg = MinSizeRel|Win32
		{DD235479-5BFA-3612-A1E9-45FD41AB2A3A}.MinSizeRel|Win32.Build.0 = MinSizeRel|Win32
		{DD235479-5BFA-3612-A1E9-45FD41AB2A3A}.RelWithDebInfo|Win32.ActiveCfg = RelWithDebInfo|Win32
		{DD235479-5BFA-3612-A1E9-45FD41AB2A3A}.RelWithDebInfo|Win32.Build.0 = RelWithDebInfo|Win32
		{B02517D5-1B63-34D2-8673-AC25384A18AB}.Debug|Win32.ActiveCfg = Debug|Win32
		{B02517D5-1B63-34D2-8673-AC25384A18AB}.Debug|Win32.Build.0 = Debug|Win32
		{B02517D5-1B63-34D2-8673-AC25384A18AB}.Release|Win32.ActiveCfg = Release|Win32
		{B02517D5-1B63-34D2-8673-AC25384A18AB}.Release|Win32.Build.0 = Release|Win32
		{B02517D5-1B63-34D2-8673-AC25384A18AB}.MinSizeRel|Win32.ActiveCfg = MinSizeRel|Win32
		{B02517D5-1B63-34D2-8673-AC25384A18AB}.MinSizeRel|Win32.Build.0 = MinSizeRel|Win32
		{B02517D5-1B63-34D2-8673-AC25384A18AB}.RelWithDebInfo|Win32.ActiveCfg = RelWithDebInfo|Win32
		{B02517D5-1B63-34D2-8673-AC25384A18AB}.RelWithDebInfo|Win32.Build.0 = RelWithDebInfo|Win32
		{EBDF2EB0-36E6-3DB2-A5B0-7F268234855D}.Debug|Win32.ActiveCfg = Debug|Win32
		{EBDF2EB0-36E6-3DB2-A5B0-7F268234855D}.Debug|Win32.Build.0 = Debug|Win32
		{EBDF2EB0-36E6-3DB2-A5B0-7F268234855D}.Release|Win32.ActiveCfg = Release|Win32
		{EBDF2EB0-36E6-3DB2-A5B0-7F268234855D}.Release|Win32.Build.0 = Release|Win32
		{EBDF2EB0-36E6-3DB2-A5B0-7F268234855D}.MinSizeRel|Win32.ActiveCfg = MinSizeRel|Win32
		{EBDF2EB0-36E6-3DB2-A5B0-7F268234855D}.MinSizeRel|Win32.Build.0 = MinSizeRel|Win32
		{EBDF2EB0-36E6-3DB2-A5B0-7F268234855D}.RelWithDebInfo|Win32.ActiveCfg = RelWithDebInfo|Win32
		{EBDF2EB0-36E6-3DB2-A5B0-7F268234855D}.RelWithDebInfo|Win32.Build.0 = RelWithDebInfo|Win32
		{C5F056FC-A2C3-3840-8D4A-DD6AE75B92C9}.Debug|Win32.ActiveCfg = Debug|Win32
		{C5F056FC-A2C3-3840-8D4A-DD6AE75B92C9}.Debug|Win32.Build.0 = Debug|Win32
		{C5F056FC-A2C3-3840-8D4A-DD6AE75B92C9}.Release|Win32.ActiveCfg = Release|Win32
		{C5F056FC-A2C3-3840-8D4A-DD6AE75B92C9}.Release|Win32.Build.0 = Release|Win32
		{C5F056FC-A2C3-3840-8D4A-DD6AE75B92C9}.MinSizeRel|Win32.ActiveCfg = MinSizeRel|Win32
		{C5F056FC-A2C3-3840-8D4A-DD6AE75B92C9}.MinSizeRel|Win32.Build.0 = MinSizeRel|Win32
		{C5F056FC-A2C3-3840-8D4A-DD6AE75B92C9}.RelWithDebInfo|Win32.ActiveCfg = RelWithDebInfo|Win32
		{C5F056FC-A2C3-3840-8D4A-DD6AE75B92C9}.RelWithDebInfo|Win32.Build.0 = RelWithDebInfo|Win32
		{B542B802-85A4-38F2-ADC2-5974F51FEC02}.Debug|Win32.ActiveCfg = Debug|Win32
		{B542B802-85A4-38F2-ADC2-5974F51FEC02}.Debug|Win32.Build.0 = Debug|Win32
		{B542B802-85A4-38F2-ADC2-5974F51FEC02}.Release|Win32.ActiveCfg = Release|Win32
		{B542B802-85A4-38F2-ADC2-5974F51FEC02}.Release|Win32.Build.0 = Release|Win32
		{B542B802-85A4-38F2-ADC2-5974F51FEC02}.MinSizeRel|Win32.ActiveCfg = MinSizeRel|Win32
		{B542B802-85A4-38F2-ADC2-5974F51FEC02}.MinSizeRel|Win32.Build.0 = MinSizeRel|Win32
		{B542B802-85A4-38F2-ADC2-5974F51FEC02}.RelWithDebInfo|Win32.ActiveCfg = RelWithDebInfo|Win32
		{B542B802-85A4-38F2-ADC2-5974F51FEC02}.RelWithDebInfo|Win32.Build.0 = RelWithDebInfo|Win32
		{BA1DA36F-CDD5-33ED-BF1C-9F4229132C04}.Debug|Win32.ActiveCfg = Debug|Win32
		{BA1DA36F-CDD5-33ED-BF1C-9F4229132C04}.Debug|Win32.Build.0 = Debug|Win32
		{BA1DA36F-CDD5-33ED-BF1C-9F4229132C04}.Release|Win32.ActiveCfg = Release|Win32
		{BA1DA36F-CDD5-33ED-BF1C-9F4229132C04}.Release|Win32.Build.0 = Release|Win32
		{BA1DA36F-CDD5-33ED-BF1C-9F4229132C04}.MinSizeRel|Win32.ActiveCfg = MinSizeRel|Win32
		{BA1DA36F-CDD5-33ED-BF1C-9F4229132C04}.MinSizeRel|Win32.Build.0 = MinSizeRel|Win32
		{BA1DA36F-CDD5-33ED-BF1C-9F4229132C04}.RelWithDebInfo|Win32.ActiveCfg = RelWithDebInfo|Win32
		{BA1DA36F-CDD5-33ED-BF1C-9F4229132C04}.RelWithDebInfo|Win32.Build.0 = RelWithDebInfo|Win32
		{71E77209-2CF9-36FF-9895-A472C114020A}.Debug|Win32.ActiveCfg = Debug|Win32
		{71E77209-2CF9-36FF-9895-A472C114020A}.Debug|Win32.Build.0 = Debug|Win32
		{71E77209-2CF9-36FF-9895-A472C114020A}.Release|Win32.ActiveCfg = Release|Win32
		{71E77209-2CF9-36FF-9895-A472C114020A}.Release|Win32.Build.0 = Release|Win32
		{71E77209-2CF9-36FF-9895-A472C114020A}.MinSizeRel|Win32.ActiveCfg = MinSizeRel|Win32
		{71E77209-2CF9-36FF-9895-A472C114020A}.MinSizeRel|Win32.Build.0 = MinSizeRel|Win32
		{71E77209-2CF9-36FF-9895-A472C114020A}.RelWithDebInfo|Win32.ActiveCfg = RelWithDebInfo|Win32
		{71E77209-2CF9-36FF-9895-A472C114020A}.RelWithDebInfo|Win32.Build.0 = RelWithDebInfo|Win32
		{9D1C1C5C-2405-3F40-9F65-08189FB700D4}.Debug|Win32.ActiveCfg = Debug|Win32
		{9D1C1C5C-2405-3F40-9F65-08189FB700D4}.Debug|Win32.Build.0 = Debug|Win32
		{9D1C1C5C-2405-3F40-9F65-08189FB700D4}.Release|Win32.ActiveCfg = Release|Win32
		{9D1C1C5C-2405-3F40-9F65-08189FB700D4}.Release|Win32.Build.0 = Release|Win32
		{9D1C1C5C-2405-3F40-9F65-08189FB700D4}.MinSizeRel|Win32.ActiveCfg = MinSizeRel|Win32
		{9D1C1C5C-2405-3F40-9F65-08189FB700D4}.MinSizeRel|Win32.Build.0 = MinSizeRel|Win32
		{9D1C1C5C-2405-3F40-9F65-08189FB700D4}.RelWithDebInfo|Win32.ActiveCfg = RelWithDebInfo|Win32
		{9D1C1C5C-2405-3F40-9F65-08189FB700D4}.RelWithDebInfo|Win32.Build.0 = RelWithDebInfo|Win32
		{4E180878-E837-346A-8789-867A255B4BAF}.Debug|Win32.ActiveCfg = Debug|Win32
		{4E180878-E837-346A-8789-867A255B4BAF}.Debug|Win32.Build.0 = Debug|Win32
		{4E180878-E837-346A-8789-867A255B4BAF}.Release|Win32.ActiveCfg = Release|Win32
		{4E180878-E837-346A-8789-867A255B4BAF}.Release|Win32.Build.0 = Release|Win32
		{4E180878-E837-346A-8789-867A255B4BAF}.MinSizeRel|Win32.ActiveCfg = MinSizeRel|Win32
		{4E180878-E837-346A-8789-867A255B4BAF}.MinSizeRel|Win32.Build.0 = MinSizeRel|Win32
		{4E180878-E837-346A-8789-867A255B4BAF}.RelWithDebInfo|Win32.ActiveCfg = RelWithDebInfo|Win32
		{4E180878-E837-346A-8789-867A255B4BAF}.RelWithDebInfo|Win32.Build.0 = RelWithDebInfo|Win32
		{011469B2-2CC9-3E92-BAB5-9B58972990DF}.Debug|Win32.ActiveCfg = Debug|Win32
		{011469B2-2CC9-3E92-BAB5-9B58972990DF}.Debug|Win32.Build.0 = Debug|Win32
		{011469B2-2CC9-3E92-BAB5-9B58972990DF}.Release|Win32.ActiveCfg = Release|Win32
		{011469B2-2CC9-3E92-BAB5-9B58972990DF}.Release|Win32.Build.0 = Release|Win32
		{011469B2-2CC9-3E92-BAB5-9B58972990DF}.MinSizeRel|Win32.ActiveCfg = MinSizeRel|Win32
		{011469B2-2CC9-3E92-BAB5-9B58972990DF}.MinSizeRel|Win32.Build.0 = MinSizeRel|Win32
		{011469B2-2CC9-3E92-BAB5-9B58972990DF}.RelWithDebInfo|Win32.ActiveCfg = RelWithDebInfo|Win32
		{011469B2-2CC9-3E92-BAB5-9B58972990DF}.RelWithDebInfo|Win32.Build.0 = RelWithDebInfo|Win32
		{858E1CC9-30A7-3DC7-B924-B154F21F4F12}.Debug|Win32.ActiveCfg = Debug|Win32
		{858E1CC9-30A7-3DC7-B924-B154F21F4F12}.Debug|Win32.Build.0 = Debug|Win32
		{858E1CC9-30A7-3DC7-B924-B154F21F4F12}.Release|Win32.ActiveCfg = Release|Win32
		{858E1CC9-30A7-3DC7-B924-B154F21F4F12}.Release|Win32.Build.0 = Release|Win32
		{858E1CC9-30A7-3DC7-B924-B154F21F4F12}.MinSizeRel|Win32.ActiveCfg = MinSizeRel|Win32
		{858E1CC9-30A7-3DC7-B924-B154F21F4F12}.MinSizeRel|Win32.Build.0 = MinSizeRel|Win32
		{858E1CC9-30A7-3DC7-B924-B154F21F4F12}.RelWithDebInfo|Win32.ActiveCfg = RelWithDebInfo|Win32
		{858E1CC9-30A7-3DC7-B924-B154F21F4F12}.RelWithDebInfo|Win32.Build.0 = RelWithDebInfo|Win32
		{C5183DE5-2D96-3FD7-9128-A13CCC6E7BB5}.Debug|Win32.ActiveCfg = Debug|Win32
		{C5183DE5-2D96-3FD7-9128-A13CCC6E7BB5}.Release|Win32.ActiveCfg = Release|Win32
		{C5183DE5-2D96-3FD7-9128-A13CCC6E7BB5}.MinSizeRel|Win32.ActiveCfg = MinSizeRel|Win32
		{C5183DE5-2D96-3FD7-9128-A13CCC6E7BB5}.RelWithDebInfo|Win32.ActiveCfg = RelWithDebInfo|Win32
		{7E94A9FE-E92F-32D4-9303-81CF45325ECA}.Debug|Win32.ActiveCfg = Debug|Win32
		{7E94A9FE-E92F-32D4-9303-81CF45325ECA}.Debug|Win32.Build.0 = Debug|Win32
		{7E94A9FE-E92F-32D4-9303-81CF45325ECA}.Release|Win32.ActiveCfg = Release|Win32
		{7E94A9FE-E92F-32D4-9303-81CF45325ECA}.Release|Win32.Build.0 = Release|Win32
		{7E94A9FE-E92F-32D4-9303-81CF45325ECA}.MinSizeRel|Win32.ActiveCfg = MinSizeRel|Win32
		{7E94A9FE-E92F-32D4-9303-81CF45325ECA}.MinSizeRel|Win32.Build.0 = MinSizeRel|Win32
		{7E94A9FE-E92F-32D4-9303-81CF45325ECA}.RelWithDebInfo|Win32.ActiveCfg = RelWithDebInfo|Win32
		{7E94A9FE-E92F-32D4-9303-81CF45325ECA}.RelWithDebInfo|Win32.Build.0 = RelWithDebInfo|Win32
		{FAF64E48-7161-3B9C-9414-661E13D93C3F}.Debug|Win32.ActiveCfg = Debug|Win32
		{FAF64E48-7161-3B9C-9414-661E13D93C3F}.Debug|Win32.Build.0 = Debug|Win32
		{FAF64E48-7161-3B9C-9414-661E13D93C3F}.Release|Win32.ActiveCfg = Release|Win32
		{FAF64E48-7161-3B9C-9414-661E13D93C3F}.Release|Win32.Build.0 = Release|Win32
		{FAF64E48-7161-3B9C-9414-661E13D93C3F}.MinSizeRel|Win32.ActiveCfg = MinSizeRel|Win32
		{FAF64E48-7161-3B9C-9414-661E13D93C3F}.MinSizeRel|Win32.Build.0 = MinSizeRel|Win32
		{FAF64E48-7161-3B9C-9414-661E13D93C3F}.RelWithDebInfo|Win32.ActiveCfg = RelWithDebInfo|Win32
		{FAF64E48-7161-3B9C-9414-661E13D93C3F}.RelWithDebInfo|Win32.Build.0 = RelWithDebInfo|Win32
		{96F85081-AC95-35AD-9193-4A7BA05AD8AC}.Debug|Win32.ActiveCfg = Debug|Win32
		{96F85081-AC95-35AD-9193-4A7BA05AD8AC}.Debug|Win32.Build.0 = Debug|Win32
		{96F85081-AC95-35AD-9193-4A7BA05AD8AC}.Release|Win32.ActiveCfg = Release|Win32
		{96F85081-AC95-35AD-9193-4A7BA05AD8AC}.Release|Win32.Build.0 = Release|Win32
		{96F85081-AC95-35AD-9193-4A7BA05AD8AC}.MinSizeRel|Win32.ActiveCfg = MinSizeRel|Win32
		{96F85081-AC95-35AD-9193-4A7BA05AD8AC}.MinSizeRel|Win32.Build.0 = MinSizeRel|Win32
		{96F85081-AC95-35AD-9193-4A7BA05AD8AC}.RelWithDebInfo|Win32.ActiveCfg = RelWithDebInfo|Win32
		{96F85081-AC95-35AD-9193-4A7BA05AD8AC}.RelWithDebInfo|Win32.Build.0 = RelWithDebInfo|Win32
	EndGlobalSection
	GlobalSection(NestedProjects) = preSolution
		{ECF9CA9A-50F6-3C81-9F17-B6870BE07EC6} = {AFDA57C7-B852-32B8-8C92-46F3CF24748B}
		{250C54A1-C31D-315E-A394-630D87A77F98} = {AFDA57C7-B852-32B8-8C92-46F3CF24748B}
		{5C5CE1BA-260E-387B-8D38-928F482DCE16} = {AFDA57C7-B852-32B8-8C92-46F3CF24748B}
		{AE121550-1FB2-33E5-B83A-16D9245BCF06} = {CC6B0A31-1852-3EE0-9495-17F0A7860BB2}
		{08FCF0E1-3440-39EB-9D71-9492753A13E9} = {CC6B0A31-1852-3EE0-9495-17F0A7860BB2}
		{B0273981-855B-3670-9F3D-29B4756D1E16} = {CC6B0A31-1852-3EE0-9495-17F0A7860BB2}
		{143B3964-DE9A-3EF5-87D9-DEB53BB82768} = {AE121550-1FB2-33E5-B83A-16D9245BCF06}
		{30FAAD16-66BA-3811-A8C2-0E5F407EA0AC} = {AE121550-1FB2-33E5-B83A-16D9245BCF06}
		{CEC0E842-94FC-3D95-96D8-A1CC5C85C72D} = {AE121550-1FB2-33E5-B83A-16D9245BCF06}
		{C5F056FC-A2C3-3840-8D4A-DD6AE75B92C9} = {AE121550-1FB2-33E5-B83A-16D9245BCF06}
		{71E77209-2CF9-36FF-9895-A472C114020A} = {AE121550-1FB2-33E5-B83A-16D9245BCF06}
		{9D1C1C5C-2405-3F40-9F65-08189FB700D4} = {AE121550-1FB2-33E5-B83A-16D9245BCF06}
		{7E94A9FE-E92F-32D4-9303-81CF45325ECA} = {AE121550-1FB2-33E5-B83A-16D9245BCF06}
		{67D2BF86-79E6-30B5-A847-51ED284DD090} = {08FCF0E1-3440-39EB-9D71-9492753A13E9}
		{03F48A45-65E0-3B5C-AD12-6E7920A11AA9} = {08FCF0E1-3440-39EB-9D71-9492753A13E9}
		{D9E9A0EE-11D7-36EF-99EB-CECFD7CD9F3C} = {08FCF0E1-3440-39EB-9D71-9492753A13E9}
		{B9DCF72B-EE9F-3296-9CEE-D6A720E62760} = {08FCF0E1-3440-39EB-9D71-9492753A13E9}
		{09E8FC14-1E72-369B-9ED0-861062092D3A} = {08FCF0E1-3440-39EB-9D71-9492753A13E9}
		{6B0E6EFB-4882-3829-AA72-7CDCBD833865} = {08FCF0E1-3440-39EB-9D71-9492753A13E9}
		{4E00D4D1-6275-32B5-9269-B0E1A7AA2B4D} = {08FCF0E1-3440-39EB-9D71-9492753A13E9}
		{C4FF54F1-2C56-3067-A6D9-A880069E9130} = {08FCF0E1-3440-39EB-9D71-9492753A13E9}
		{B02517D5-1B63-34D2-8673-AC25384A18AB} = {08FCF0E1-3440-39EB-9D71-9492753A13E9}
		{EBDF2EB0-36E6-3DB2-A5B0-7F268234855D} = {08FCF0E1-3440-39EB-9D71-9492753A13E9}
		{B542B802-85A4-38F2-ADC2-5974F51FEC02} = {08FCF0E1-3440-39EB-9D71-9492753A13E9}
		{BA1DA36F-CDD5-33ED-BF1C-9F4229132C04} = {08FCF0E1-3440-39EB-9D71-9492753A13E9}
		{4E180878-E837-346A-8789-867A255B4BAF} = {08FCF0E1-3440-39EB-9D71-9492753A13E9}
		{011469B2-2CC9-3E92-BAB5-9B58972990DF} = {08FCF0E1-3440-39EB-9D71-9492753A13E9}
		{858E1CC9-30A7-3DC7-B924-B154F21F4F12} = {08FCF0E1-3440-39EB-9D71-9492753A13E9}
		{FAF64E48-7161-3B9C-9414-661E13D93C3F} = {08FCF0E1-3440-39EB-9D71-9492753A13E9}
	EndGlobalSection
	GlobalSection(ExtensibilityGlobals) = postSolution
		SolutionGuid = {E1443257-87CA-37C3-A3BB-02A4B14BB4BB}
	EndGlobalSection
	GlobalSection(ExtensibilityAddIns) = postSolution
	EndGlobalSection
EndGlobal
